{
  "version": 4,
  "terraform_version": "1.6.2",
  "serial": 282,
  "lineage": "d6949aae-ca40-afa4-8d0e-e66bc332cf75",
  "outputs": {
    "control_plane_ip": {
      "value": "",
      "type": "string"
    },
    "worker_nodes_ip": {
      "value": "",
      "type": "string"
    }
  },
  "resources": [
    {
      "mode": "data",
      "type": "aws_ami",
      "name": "latest_ubuntu",
      "provider": "provider[\"registry.terraform.io/hashicorp/aws\"]",
      "instances": [
        {
          "schema_version": 0,
          "attributes": {
            "architecture": "x86_64",
            "arn": "arn:aws:ec2:ap-south-1::image/ami-05e00961530ae1b55",
            "block_device_mappings": [
              {
                "device_name": "/dev/sda1",
                "ebs": {
                  "delete_on_termination": "true",
                  "encrypted": "false",
                  "iops": "0",
                  "snapshot_id": "snap-052e167cf0d542b21",
                  "throughput": "0",
                  "volume_size": "8",
                  "volume_type": "gp2"
                },
                "no_device": "",
                "virtual_name": ""
              },
              {
                "device_name": "/dev/sdb",
                "ebs": {},
                "no_device": "",
                "virtual_name": "ephemeral0"
              },
              {
                "device_name": "/dev/sdc",
                "ebs": {},
                "no_device": "",
                "virtual_name": "ephemeral1"
              }
            ],
            "boot_mode": "uefi-preferred",
            "creation_date": "2024-04-11T02:43:57.000Z",
            "deprecation_time": "2026-04-11T02:43:57.000Z",
            "description": "Canonical, Ubuntu, 22.04 LTS, amd64 jammy image build on 2024-04-11",
            "ena_support": true,
            "executable_users": null,
            "filter": [
              {
                "name": "name",
                "values": [
                  "ubuntu/images/hvm-ssd/ubuntu-jammy-22.04-amd64-server-*"
                ]
              },
              {
                "name": "virtualization-type",
                "values": [
                  "hvm"
                ]
              }
            ],
            "hypervisor": "xen",
            "id": "ami-05e00961530ae1b55",
            "image_id": "ami-05e00961530ae1b55",
            "image_location": "amazon/ubuntu/images/hvm-ssd/ubuntu-jammy-22.04-amd64-server-20240411",
            "image_owner_alias": "amazon",
            "image_type": "machine",
            "imds_support": "",
            "include_deprecated": false,
            "kernel_id": "",
            "most_recent": true,
            "name": "ubuntu/images/hvm-ssd/ubuntu-jammy-22.04-amd64-server-20240411",
            "name_regex": null,
            "owner_id": "099720109477",
            "owners": [
              "099720109477"
            ],
            "platform": "",
            "platform_details": "Linux/UNIX",
            "product_codes": [],
            "public": true,
            "ramdisk_id": "",
            "root_device_name": "/dev/sda1",
            "root_device_type": "ebs",
            "root_snapshot_id": "snap-052e167cf0d542b21",
            "sriov_net_support": "simple",
            "state": "available",
            "state_reason": {
              "code": "UNSET",
              "message": "UNSET"
            },
            "tags": {},
            "timeouts": null,
            "tpm_support": "",
            "usage_operation": "RunInstances",
            "virtualization_type": "hvm"
          },
          "sensitive_attributes": []
        }
      ]
    },
    {
      "mode": "managed",
      "type": "ansible_host",
      "name": "kubadm_demo_control_plane_host",
      "provider": "provider[\"registry.terraform.io/ansible/ansible\"]",
      "instances": [
        {
          "schema_version": 0,
          "attributes": {
            "groups": [
              "master"
            ],
            "id": "control_plane",
            "name": "control_plane",
            "variables": {
              "ansible_host": "",
              "ansible_ssh_private_key_file": "./private-key.pem",
              "ansible_user": "ubuntu",
              "node_hostname": "master"
            }
          },
          "sensitive_attributes": [],
          "private": "bnVsbA==",
          "dependencies": [
            "aws_instance.kubeadm_demo_control_plane",
            "aws_key_pair.kubeadm_demo_key_pair",
            "aws_security_group.db-sg",
            "aws_security_group.kubadm_demo_sg_common",
            "aws_security_group.kubeadm_demo_sg_control_plane",
            "aws_security_group.kubeadm_demo_sg_flannel",
            "aws_subnet.kubeadm_demo_subnet",
            "aws_vpc.kubeadm_demo_vpc",
            "data.aws_ami.latest_ubuntu",
            "tls_private_key.kubadm_demo_private_key"
          ]
        }
      ]
    },
    {
      "mode": "managed",
      "type": "ansible_host",
      "name": "kubadm_demo_worker_nodes_host",
      "provider": "provider[\"registry.terraform.io/ansible/ansible\"]",
      "instances": [
        {
          "index_key": 0,
          "schema_version": 0,
          "attributes": {
            "groups": [
              "workers"
            ],
            "id": "worker-0",
            "name": "worker-0",
            "variables": {
              "ansible_host": "",
              "ansible_ssh_private_key_file": "./private-key.pem",
              "ansible_user": "ubuntu",
              "node_hostname": "worker-0"
            }
          },
          "sensitive_attributes": [],
          "private": "bnVsbA==",
          "dependencies": [
            "aws_instance.kubeadm_demo_worker_nodes",
            "aws_key_pair.kubeadm_demo_key_pair",
            "aws_security_group.db-sg",
            "aws_security_group.kubadm_demo_sg_common",
            "aws_security_group.kubeadm_demo_sg_control_plane",
            "aws_security_group.kubeadm_demo_sg_flannel",
            "aws_security_group.kubeadm_demo_sg_worker_nodes",
            "aws_subnet.kubeadm_demo_subnet",
            "aws_subnet.kubeadm_demo_subnet2",
            "aws_vpc.kubeadm_demo_vpc",
            "data.aws_ami.latest_ubuntu",
            "tls_private_key.kubadm_demo_private_key"
          ]
        },
        {
          "index_key": 1,
          "schema_version": 0,
          "attributes": {
            "groups": [
              "workers"
            ],
            "id": "worker-1",
            "name": "worker-1",
            "variables": {
              "ansible_host": "",
              "ansible_ssh_private_key_file": "./private-key.pem",
              "ansible_user": "ubuntu",
              "node_hostname": "worker-1"
            }
          },
          "sensitive_attributes": [],
          "private": "bnVsbA==",
          "dependencies": [
            "aws_instance.kubeadm_demo_worker_nodes",
            "aws_key_pair.kubeadm_demo_key_pair",
            "aws_security_group.db-sg",
            "aws_security_group.kubadm_demo_sg_common",
            "aws_security_group.kubeadm_demo_sg_control_plane",
            "aws_security_group.kubeadm_demo_sg_flannel",
            "aws_security_group.kubeadm_demo_sg_worker_nodes",
            "aws_subnet.kubeadm_demo_subnet",
            "aws_subnet.kubeadm_demo_subnet2",
            "aws_vpc.kubeadm_demo_vpc",
            "data.aws_ami.latest_ubuntu",
            "tls_private_key.kubadm_demo_private_key"
          ]
        }
      ]
    },
    {
      "mode": "managed",
      "type": "aws_db_instance",
      "name": "rds-1",
      "provider": "provider[\"registry.terraform.io/hashicorp/aws\"]",
      "instances": [
        {
          "schema_version": 2,
          "attributes": {
            "address": "terraform-20240427052556021900000004.clccccw86w4i.ap-south-1.rds.amazonaws.com",
            "allocated_storage": 10,
            "allow_major_version_upgrade": null,
            "apply_immediately": false,
            "arn": "arn:aws:rds:ap-south-1:106415312828:db:terraform-20240427052556021900000004",
            "auto_minor_version_upgrade": true,
            "availability_zone": "ap-south-1b",
            "backup_retention_period": 0,
            "backup_window": "19:41-20:11",
            "blue_green_update": [],
            "ca_cert_identifier": "rds-ca-rsa2048-g1",
            "character_set_name": "",
            "copy_tags_to_snapshot": false,
            "custom_iam_instance_profile": "",
            "customer_owned_ip_enabled": false,
            "db_name": "mydb",
            "db_subnet_group_name": "cg-4-db-sub-grp",
            "delete_automated_backups": true,
            "deletion_protection": false,
            "domain": "",
            "domain_iam_role_name": "",
            "enabled_cloudwatch_logs_exports": [],
            "endpoint": "terraform-20240427052556021900000004.clccccw86w4i.ap-south-1.rds.amazonaws.com:3306",
            "engine": "mysql",
            "engine_version": "5.7",
            "engine_version_actual": "5.7.44",
            "final_snapshot_identifier": null,
            "hosted_zone_id": "Z2VFMSZA74J7XZ",
            "iam_database_authentication_enabled": false,
            "id": "db-7EMNOLG7UMJ5LKKOVUT2KVPQYY",
            "identifier": "terraform-20240427052556021900000004",
            "identifier_prefix": "terraform-",
            "instance_class": "db.t3.micro",
            "iops": 0,
            "kms_key_id": "",
            "latest_restorable_time": "",
            "license_model": "general-public-license",
            "listener_endpoint": [],
            "maintenance_window": "sat:11:23-sat:11:53",
            "manage_master_user_password": null,
            "master_user_secret": [],
            "master_user_secret_kms_key_id": null,
            "max_allocated_storage": 0,
            "monitoring_interval": 0,
            "monitoring_role_arn": "",
            "multi_az": false,
            "nchar_character_set_name": "",
            "network_type": "IPV4",
            "option_group_name": "default:mysql-5-7",
            "parameter_group_name": "default.mysql5.7",
            "password": "admin123",
            "performance_insights_enabled": false,
            "performance_insights_kms_key_id": "",
            "performance_insights_retention_period": 0,
            "port": 3306,
            "publicly_accessible": false,
            "replica_mode": "",
            "replicas": [],
            "replicate_source_db": "",
            "resource_id": "db-7EMNOLG7UMJ5LKKOVUT2KVPQYY",
            "restore_to_point_in_time": [],
            "s3_import": [],
            "skip_final_snapshot": true,
            "snapshot_identifier": null,
            "status": "available",
            "storage_encrypted": false,
            "storage_throughput": 0,
            "storage_type": "gp2",
            "tags": {},
            "tags_all": {},
            "timeouts": null,
            "timezone": "",
            "username": "admin",
            "vpc_security_group_ids": [
              "sg-0e1d6029583adbbd8"
            ]
          },
          "sensitive_attributes": [
            [
              {
                "type": "get_attr",
                "value": "username"
              }
            ],
            [
              {
                "type": "get_attr",
                "value": "password"
              }
            ]
          ],
          "private": "eyJlMmJmYjczMC1lY2FhLTExZTYtOGY4OC0zNDM2M2JjN2M0YzAiOnsiY3JlYXRlIjoyNDAwMDAwMDAwMDAwLCJkZWxldGUiOjM2MDAwMDAwMDAwMDAsInVwZGF0ZSI6NDgwMDAwMDAwMDAwMH0sInNjaGVtYV92ZXJzaW9uIjoiMiJ9",
          "dependencies": [
            "aws_db_subnet_group.subnet-grp",
            "aws_security_group.db-sg",
            "aws_security_group.kubadm_demo_sg_common",
            "aws_security_group.kubeadm_demo_sg_control_plane",
            "aws_subnet.kubeadm_demo_subnet",
            "aws_subnet.kubeadm_demo_subnet2",
            "aws_vpc.kubeadm_demo_vpc"
          ]
        }
      ]
    },
    {
      "mode": "managed",
      "type": "aws_db_subnet_group",
      "name": "subnet-grp",
      "provider": "provider[\"registry.terraform.io/hashicorp/aws\"]",
      "instances": [
        {
          "schema_version": 0,
          "attributes": {
            "arn": "arn:aws:rds:ap-south-1:106415312828:subgrp:cg-4-db-sub-grp",
            "description": "Managed by Terraform",
            "id": "cg-4-db-sub-grp",
            "name": "cg-4-db-sub-grp",
            "name_prefix": "",
            "subnet_ids": [
              "subnet-011bd8960cf938f4e",
              "subnet-0705d5743785cdd5f"
            ],
            "supported_network_types": [
              "IPV4"
            ],
            "tags": {},
            "tags_all": {},
            "vpc_id": "vpc-00431ba09731d5fe0"
          },
          "sensitive_attributes": [],
          "private": "bnVsbA==",
          "dependencies": [
            "aws_subnet.kubeadm_demo_subnet",
            "aws_subnet.kubeadm_demo_subnet2",
            "aws_vpc.kubeadm_demo_vpc"
          ]
        }
      ]
    },
    {
      "mode": "managed",
      "type": "aws_eip",
      "name": "control_plane_eip",
      "provider": "provider[\"registry.terraform.io/hashicorp/aws\"]",
      "instances": [
        {
          "schema_version": 0,
          "attributes": {
            "address": null,
            "allocation_id": "eipalloc-05589ebdcff0780db",
            "associate_with_private_ip": null,
            "association_id": "eipassoc-08674b4c4709bb480",
            "carrier_ip": "",
            "customer_owned_ip": "",
            "customer_owned_ipv4_pool": "",
            "domain": "vpc",
            "id": "eipalloc-05589ebdcff0780db",
            "instance": "i-00a9109d17d99b315",
            "network_border_group": "ap-south-1",
            "network_interface": "eni-0eee8af3e200fbab8",
            "private_dns": "ip-10-0-1-209.ap-south-1.compute.internal",
            "private_ip": "10.0.1.209",
            "public_dns": "ec2-13-201-235-202.ap-south-1.compute.amazonaws.com",
            "public_ip": "13.201.235.202",
            "public_ipv4_pool": "amazon",
            "tags": {},
            "tags_all": {},
            "timeouts": null,
            "vpc": true
          },
          "sensitive_attributes": [],
          "private": "eyJlMmJmYjczMC1lY2FhLTExZTYtOGY4OC0zNDM2M2JjN2M0YzAiOnsiZGVsZXRlIjoxODAwMDAwMDAwMDAsInJlYWQiOjkwMDAwMDAwMDAwMCwidXBkYXRlIjozMDAwMDAwMDAwMDB9fQ==",
          "dependencies": [
            "aws_instance.kubeadm_demo_control_plane",
            "aws_key_pair.kubeadm_demo_key_pair",
            "aws_security_group.db-sg",
            "aws_security_group.kubadm_demo_sg_common",
            "aws_security_group.kubeadm_demo_sg_control_plane",
            "aws_security_group.kubeadm_demo_sg_flannel",
            "aws_subnet.kubeadm_demo_subnet",
            "aws_vpc.kubeadm_demo_vpc",
            "data.aws_ami.latest_ubuntu",
            "tls_private_key.kubadm_demo_private_key"
          ]
        }
      ]
    },
    {
      "mode": "managed",
      "type": "aws_eip",
      "name": "worker_nodes_eip",
      "provider": "provider[\"registry.terraform.io/hashicorp/aws\"]",
      "instances": [
        {
          "index_key": 0,
          "schema_version": 0,
          "attributes": {
            "address": null,
            "allocation_id": "eipalloc-05d5d5e1c809b8cb0",
            "associate_with_private_ip": null,
            "association_id": "eipassoc-0cb14d48e0bdc78eb",
            "carrier_ip": "",
            "customer_owned_ip": "",
            "customer_owned_ipv4_pool": "",
            "domain": "vpc",
            "id": "eipalloc-05d5d5e1c809b8cb0",
            "instance": "i-0efb18f32c0326c21",
            "network_border_group": "ap-south-1",
            "network_interface": "eni-0199517336e0716d6",
            "private_dns": "ip-10-0-1-200.ap-south-1.compute.internal",
            "private_ip": "10.0.1.200",
            "public_dns": "ec2-3-111-75-249.ap-south-1.compute.amazonaws.com",
            "public_ip": "3.111.75.249",
            "public_ipv4_pool": "amazon",
            "tags": {},
            "tags_all": {},
            "timeouts": null,
            "vpc": true
          },
          "sensitive_attributes": [],
          "private": "eyJlMmJmYjczMC1lY2FhLTExZTYtOGY4OC0zNDM2M2JjN2M0YzAiOnsiZGVsZXRlIjoxODAwMDAwMDAwMDAsInJlYWQiOjkwMDAwMDAwMDAwMCwidXBkYXRlIjozMDAwMDAwMDAwMDB9fQ==",
          "dependencies": [
            "aws_instance.kubeadm_demo_worker_nodes",
            "aws_key_pair.kubeadm_demo_key_pair",
            "aws_security_group.db-sg",
            "aws_security_group.kubadm_demo_sg_common",
            "aws_security_group.kubeadm_demo_sg_control_plane",
            "aws_security_group.kubeadm_demo_sg_flannel",
            "aws_security_group.kubeadm_demo_sg_worker_nodes",
            "aws_subnet.kubeadm_demo_subnet",
            "aws_subnet.kubeadm_demo_subnet2",
            "aws_vpc.kubeadm_demo_vpc",
            "data.aws_ami.latest_ubuntu",
            "tls_private_key.kubadm_demo_private_key"
          ]
        },
        {
          "index_key": 1,
          "schema_version": 0,
          "attributes": {
            "address": null,
            "allocation_id": "eipalloc-07978a7d453e13b4d",
            "associate_with_private_ip": null,
            "association_id": "eipassoc-03016208b4497afa8",
            "carrier_ip": "",
            "customer_owned_ip": "",
            "customer_owned_ipv4_pool": "",
            "domain": "vpc",
            "id": "eipalloc-07978a7d453e13b4d",
            "instance": "i-088a97d22901c56fb",
            "network_border_group": "ap-south-1",
            "network_interface": "eni-0f02539153e798ff7",
            "private_dns": "ip-10-0-2-181.ap-south-1.compute.internal",
            "private_ip": "10.0.2.181",
            "public_dns": "ec2-13-200-157-36.ap-south-1.compute.amazonaws.com",
            "public_ip": "13.200.157.36",
            "public_ipv4_pool": "amazon",
            "tags": {},
            "tags_all": {},
            "timeouts": null,
            "vpc": true
          },
          "sensitive_attributes": [],
          "private": "eyJlMmJmYjczMC1lY2FhLTExZTYtOGY4OC0zNDM2M2JjN2M0YzAiOnsiZGVsZXRlIjoxODAwMDAwMDAwMDAsInJlYWQiOjkwMDAwMDAwMDAwMCwidXBkYXRlIjozMDAwMDAwMDAwMDB9fQ==",
          "dependencies": [
            "aws_instance.kubeadm_demo_worker_nodes",
            "aws_key_pair.kubeadm_demo_key_pair",
            "aws_security_group.db-sg",
            "aws_security_group.kubadm_demo_sg_common",
            "aws_security_group.kubeadm_demo_sg_control_plane",
            "aws_security_group.kubeadm_demo_sg_flannel",
            "aws_security_group.kubeadm_demo_sg_worker_nodes",
            "aws_subnet.kubeadm_demo_subnet",
            "aws_subnet.kubeadm_demo_subnet2",
            "aws_vpc.kubeadm_demo_vpc",
            "data.aws_ami.latest_ubuntu",
            "tls_private_key.kubadm_demo_private_key"
          ]
        }
      ]
    },
    {
      "mode": "managed",
      "type": "aws_eip_association",
      "name": "control_plane_eip_association",
      "provider": "provider[\"registry.terraform.io/hashicorp/aws\"]",
      "instances": [
        {
          "schema_version": 0,
          "attributes": {
            "allocation_id": "eipalloc-05589ebdcff0780db",
            "allow_reassociation": null,
            "id": "eipassoc-08674b4c4709bb480",
            "instance_id": "i-00a9109d17d99b315",
            "network_interface_id": "eni-0eee8af3e200fbab8",
            "private_ip_address": "10.0.1.209",
            "public_ip": "13.201.235.202"
          },
          "sensitive_attributes": [],
          "private": "bnVsbA==",
          "dependencies": [
            "aws_eip.control_plane_eip",
            "aws_instance.kubeadm_demo_control_plane",
            "aws_key_pair.kubeadm_demo_key_pair",
            "aws_security_group.db-sg",
            "aws_security_group.kubadm_demo_sg_common",
            "aws_security_group.kubeadm_demo_sg_control_plane",
            "aws_security_group.kubeadm_demo_sg_flannel",
            "aws_subnet.kubeadm_demo_subnet",
            "aws_vpc.kubeadm_demo_vpc",
            "data.aws_ami.latest_ubuntu",
            "tls_private_key.kubadm_demo_private_key"
          ]
        }
      ]
    },
    {
      "mode": "managed",
      "type": "aws_eip_association",
      "name": "worker_nodes_eip_association",
      "provider": "provider[\"registry.terraform.io/hashicorp/aws\"]",
      "instances": [
        {
          "index_key": 0,
          "schema_version": 0,
          "attributes": {
            "allocation_id": "eipalloc-05d5d5e1c809b8cb0",
            "allow_reassociation": null,
            "id": "eipassoc-0cb14d48e0bdc78eb",
            "instance_id": "i-0efb18f32c0326c21",
            "network_interface_id": "eni-0199517336e0716d6",
            "private_ip_address": "10.0.1.200",
            "public_ip": "3.111.75.249"
          },
          "sensitive_attributes": [],
          "private": "bnVsbA==",
          "dependencies": [
            "aws_eip.worker_nodes_eip",
            "aws_instance.kubeadm_demo_worker_nodes",
            "aws_key_pair.kubeadm_demo_key_pair",
            "aws_security_group.db-sg",
            "aws_security_group.kubadm_demo_sg_common",
            "aws_security_group.kubeadm_demo_sg_control_plane",
            "aws_security_group.kubeadm_demo_sg_flannel",
            "aws_security_group.kubeadm_demo_sg_worker_nodes",
            "aws_subnet.kubeadm_demo_subnet",
            "aws_subnet.kubeadm_demo_subnet2",
            "aws_vpc.kubeadm_demo_vpc",
            "data.aws_ami.latest_ubuntu",
            "tls_private_key.kubadm_demo_private_key"
          ]
        },
        {
          "index_key": 1,
          "schema_version": 0,
          "attributes": {
            "allocation_id": "eipalloc-07978a7d453e13b4d",
            "allow_reassociation": null,
            "id": "eipassoc-03016208b4497afa8",
            "instance_id": "i-088a97d22901c56fb",
            "network_interface_id": "eni-0f02539153e798ff7",
            "private_ip_address": "10.0.2.181",
            "public_ip": "13.200.157.36"
          },
          "sensitive_attributes": [],
          "private": "bnVsbA==",
          "dependencies": [
            "aws_eip.worker_nodes_eip",
            "aws_instance.kubeadm_demo_worker_nodes",
            "aws_key_pair.kubeadm_demo_key_pair",
            "aws_security_group.db-sg",
            "aws_security_group.kubadm_demo_sg_common",
            "aws_security_group.kubeadm_demo_sg_control_plane",
            "aws_security_group.kubeadm_demo_sg_flannel",
            "aws_security_group.kubeadm_demo_sg_worker_nodes",
            "aws_subnet.kubeadm_demo_subnet",
            "aws_subnet.kubeadm_demo_subnet2",
            "aws_vpc.kubeadm_demo_vpc",
            "data.aws_ami.latest_ubuntu",
            "tls_private_key.kubadm_demo_private_key"
          ]
        }
      ]
    },
    {
      "mode": "managed",
      "type": "aws_instance",
      "name": "kubeadm_demo_control_plane",
      "provider": "provider[\"registry.terraform.io/hashicorp/aws\"]",
      "instances": [
        {
          "schema_version": 1,
          "attributes": {
            "ami": "ami-05e00961530ae1b55",
            "arn": "arn:aws:ec2:ap-south-1:106415312828:instance/i-00a9109d17d99b315",
            "associate_public_ip_address": false,
            "availability_zone": "ap-south-1a",
            "capacity_reservation_specification": [
              {
                "capacity_reservation_preference": "open",
                "capacity_reservation_target": []
              }
            ],
            "cpu_core_count": 1,
            "cpu_options": [
              {
                "amd_sev_snp": "",
                "core_count": 1,
                "threads_per_core": 2
              }
            ],
            "cpu_threads_per_core": 2,
            "credit_specification": [
              {
                "cpu_credits": "unlimited"
              }
            ],
            "disable_api_stop": false,
            "disable_api_termination": false,
            "ebs_block_device": [],
            "ebs_optimized": false,
            "enclave_options": [
              {
                "enabled": false
              }
            ],
            "ephemeral_block_device": [],
            "get_password_data": false,
            "hibernation": false,
            "host_id": "",
            "host_resource_group_arn": null,
            "iam_instance_profile": "",
            "id": "i-00a9109d17d99b315",
            "instance_initiated_shutdown_behavior": "stop",
            "instance_lifecycle": "",
            "instance_market_options": [],
            "instance_state": "running",
            "instance_type": "t3.large",
            "ipv6_address_count": 0,
            "ipv6_addresses": [],
            "key_name": "kubeadm_demo",
            "launch_template": [],
            "maintenance_options": [
              {
                "auto_recovery": "default"
              }
            ],
            "metadata_options": [
              {
                "http_endpoint": "enabled",
                "http_put_response_hop_limit": 1,
                "http_tokens": "optional",
                "instance_metadata_tags": "disabled"
              }
            ],
            "monitoring": false,
            "network_interface": [],
            "outpost_arn": "",
            "password_data": "",
            "placement_group": "",
            "placement_partition_number": 0,
            "primary_network_interface_id": "eni-0eee8af3e200fbab8",
            "private_dns": "ip-10-0-1-209.ap-south-1.compute.internal",
            "private_dns_name_options": [
              {
                "enable_resource_name_dns_a_record": false,
                "enable_resource_name_dns_aaaa_record": false,
                "hostname_type": "ip-name"
              }
            ],
            "private_ip": "10.0.1.209",
            "public_dns": "",
            "public_ip": "",
            "root_block_device": [
              {
                "delete_on_termination": true,
                "device_name": "/dev/sda1",
                "encrypted": false,
                "iops": 100,
                "kms_key_id": "",
                "tags": null,
                "throughput": 0,
                "volume_id": "vol-082049eaabe70fc00",
                "volume_size": 20,
                "volume_type": "gp2"
              }
            ],
            "secondary_private_ips": [],
            "security_groups": [
              "sg-05d214823c93df5ff",
              "sg-08d6cd9fd337b5e9c",
              "sg-0ae1ff342434065b5",
              "sg-0e1d6029583adbbd8"
            ],
            "source_dest_check": true,
            "spot_instance_request_id": "",
            "subnet_id": "subnet-011bd8960cf938f4e",
            "tags": {
              "Name": "Kubeadm Master",
              "Role": "Control plane node"
            },
            "tags_all": {
              "Name": "Kubeadm Master",
              "Role": "Control plane node"
            },
            "tenancy": "default",
            "timeouts": null,
            "user_data": null,
            "user_data_base64": null,
            "user_data_replace_on_change": false,
            "volume_tags": null,
            "vpc_security_group_ids": [
              "sg-05d214823c93df5ff",
              "sg-08d6cd9fd337b5e9c",
              "sg-0ae1ff342434065b5",
              "sg-0e1d6029583adbbd8"
            ]
          },
          "sensitive_attributes": [],
          "private": "eyJlMmJmYjczMC1lY2FhLTExZTYtOGY4OC0zNDM2M2JjN2M0YzAiOnsiY3JlYXRlIjo2MDAwMDAwMDAwMDAsImRlbGV0ZSI6MTIwMDAwMDAwMDAwMCwidXBkYXRlIjo2MDAwMDAwMDAwMDB9LCJzY2hlbWFfdmVyc2lvbiI6IjEifQ==",
          "dependencies": [
            "aws_key_pair.kubeadm_demo_key_pair",
            "aws_security_group.db-sg",
            "aws_security_group.kubadm_demo_sg_common",
            "aws_security_group.kubeadm_demo_sg_control_plane",
            "aws_security_group.kubeadm_demo_sg_flannel",
            "aws_subnet.kubeadm_demo_subnet",
            "aws_vpc.kubeadm_demo_vpc",
            "data.aws_ami.latest_ubuntu",
            "tls_private_key.kubadm_demo_private_key"
          ]
        }
      ]
    },
    {
      "mode": "managed",
      "type": "aws_instance",
      "name": "kubeadm_demo_worker_nodes",
      "provider": "provider[\"registry.terraform.io/hashicorp/aws\"]",
      "instances": [
        {
          "index_key": 0,
          "schema_version": 1,
          "attributes": {
            "ami": "ami-05e00961530ae1b55",
            "arn": "arn:aws:ec2:ap-south-1:106415312828:instance/i-0efb18f32c0326c21",
            "associate_public_ip_address": false,
            "availability_zone": "ap-south-1a",
            "capacity_reservation_specification": [
              {
                "capacity_reservation_preference": "open",
                "capacity_reservation_target": []
              }
            ],
            "cpu_core_count": 1,
            "cpu_options": [
              {
                "amd_sev_snp": "",
                "core_count": 1,
                "threads_per_core": 2
              }
            ],
            "cpu_threads_per_core": 2,
            "credit_specification": [
              {
                "cpu_credits": "unlimited"
              }
            ],
            "disable_api_stop": false,
            "disable_api_termination": false,
            "ebs_block_device": [],
            "ebs_optimized": false,
            "enclave_options": [
              {
                "enabled": false
              }
            ],
            "ephemeral_block_device": [],
            "get_password_data": false,
            "hibernation": false,
            "host_id": "",
            "host_resource_group_arn": null,
            "iam_instance_profile": "",
            "id": "i-0efb18f32c0326c21",
            "instance_initiated_shutdown_behavior": "stop",
            "instance_lifecycle": "",
            "instance_market_options": [],
            "instance_state": "running",
            "instance_type": "t3.large",
            "ipv6_address_count": 0,
            "ipv6_addresses": [],
            "key_name": "kubeadm_demo",
            "launch_template": [],
            "maintenance_options": [
              {
                "auto_recovery": "default"
              }
            ],
            "metadata_options": [
              {
                "http_endpoint": "enabled",
                "http_put_response_hop_limit": 1,
                "http_tokens": "optional",
                "instance_metadata_tags": "disabled"
              }
            ],
            "monitoring": false,
            "network_interface": [],
            "outpost_arn": "",
            "password_data": "",
            "placement_group": "",
            "placement_partition_number": 0,
            "primary_network_interface_id": "eni-0199517336e0716d6",
            "private_dns": "ip-10-0-1-200.ap-south-1.compute.internal",
            "private_dns_name_options": [
              {
                "enable_resource_name_dns_a_record": false,
                "enable_resource_name_dns_aaaa_record": false,
                "hostname_type": "ip-name"
              }
            ],
            "private_ip": "10.0.1.200",
            "public_dns": "",
            "public_ip": "",
            "root_block_device": [
              {
                "delete_on_termination": true,
                "device_name": "/dev/sda1",
                "encrypted": false,
                "iops": 100,
                "kms_key_id": "",
                "tags": null,
                "throughput": 0,
                "volume_id": "vol-0fd28b68e6e011445",
                "volume_size": 20,
                "volume_type": "gp2"
              }
            ],
            "secondary_private_ips": [],
            "security_groups": [
              "sg-05d214823c93df5ff",
              "sg-06baf98c0d311205f",
              "sg-0ae1ff342434065b5",
              "sg-0e1d6029583adbbd8"
            ],
            "source_dest_check": true,
            "spot_instance_request_id": "",
            "subnet_id": "subnet-011bd8960cf938f4e",
            "tags": {
              "Name": "Kubeadm Worker 0",
              "Role": "Worker node"
            },
            "tags_all": {
              "Name": "Kubeadm Worker 0",
              "Role": "Worker node"
            },
            "tenancy": "default",
            "timeouts": null,
            "user_data": null,
            "user_data_base64": null,
            "user_data_replace_on_change": false,
            "volume_tags": null,
            "vpc_security_group_ids": [
              "sg-05d214823c93df5ff",
              "sg-06baf98c0d311205f",
              "sg-0ae1ff342434065b5",
              "sg-0e1d6029583adbbd8"
            ]
          },
          "sensitive_attributes": [],
          "private": "eyJlMmJmYjczMC1lY2FhLTExZTYtOGY4OC0zNDM2M2JjN2M0YzAiOnsiY3JlYXRlIjo2MDAwMDAwMDAwMDAsImRlbGV0ZSI6MTIwMDAwMDAwMDAwMCwidXBkYXRlIjo2MDAwMDAwMDAwMDB9LCJzY2hlbWFfdmVyc2lvbiI6IjEifQ==",
          "dependencies": [
            "aws_key_pair.kubeadm_demo_key_pair",
            "aws_security_group.db-sg",
            "aws_security_group.kubadm_demo_sg_common",
            "aws_security_group.kubeadm_demo_sg_control_plane",
            "aws_security_group.kubeadm_demo_sg_flannel",
            "aws_security_group.kubeadm_demo_sg_worker_nodes",
            "aws_subnet.kubeadm_demo_subnet",
            "aws_subnet.kubeadm_demo_subnet2",
            "aws_vpc.kubeadm_demo_vpc",
            "data.aws_ami.latest_ubuntu",
            "tls_private_key.kubadm_demo_private_key"
          ]
        },
        {
          "index_key": 1,
          "schema_version": 1,
          "attributes": {
            "ami": "ami-05e00961530ae1b55",
            "arn": "arn:aws:ec2:ap-south-1:106415312828:instance/i-088a97d22901c56fb",
            "associate_public_ip_address": false,
            "availability_zone": "ap-south-1b",
            "capacity_reservation_specification": [
              {
                "capacity_reservation_preference": "open",
                "capacity_reservation_target": []
              }
            ],
            "cpu_core_count": 1,
            "cpu_options": [
              {
                "amd_sev_snp": "",
                "core_count": 1,
                "threads_per_core": 2
              }
            ],
            "cpu_threads_per_core": 2,
            "credit_specification": [
              {
                "cpu_credits": "unlimited"
              }
            ],
            "disable_api_stop": false,
            "disable_api_termination": false,
            "ebs_block_device": [],
            "ebs_optimized": false,
            "enclave_options": [
              {
                "enabled": false
              }
            ],
            "ephemeral_block_device": [],
            "get_password_data": false,
            "hibernation": false,
            "host_id": "",
            "host_resource_group_arn": null,
            "iam_instance_profile": "",
            "id": "i-088a97d22901c56fb",
            "instance_initiated_shutdown_behavior": "stop",
            "instance_lifecycle": "",
            "instance_market_options": [],
            "instance_state": "running",
            "instance_type": "t3.large",
            "ipv6_address_count": 0,
            "ipv6_addresses": [],
            "key_name": "kubeadm_demo",
            "launch_template": [],
            "maintenance_options": [
              {
                "auto_recovery": "default"
              }
            ],
            "metadata_options": [
              {
                "http_endpoint": "enabled",
                "http_put_response_hop_limit": 1,
                "http_tokens": "optional",
                "instance_metadata_tags": "disabled"
              }
            ],
            "monitoring": false,
            "network_interface": [],
            "outpost_arn": "",
            "password_data": "",
            "placement_group": "",
            "placement_partition_number": 0,
            "primary_network_interface_id": "eni-0f02539153e798ff7",
            "private_dns": "ip-10-0-2-181.ap-south-1.compute.internal",
            "private_dns_name_options": [
              {
                "enable_resource_name_dns_a_record": false,
                "enable_resource_name_dns_aaaa_record": false,
                "hostname_type": "ip-name"
              }
            ],
            "private_ip": "10.0.2.181",
            "public_dns": "",
            "public_ip": "",
            "root_block_device": [
              {
                "delete_on_termination": true,
                "device_name": "/dev/sda1",
                "encrypted": false,
                "iops": 100,
                "kms_key_id": "",
                "tags": null,
                "throughput": 0,
                "volume_id": "vol-0fc7c75d3f03d427d",
                "volume_size": 20,
                "volume_type": "gp2"
              }
            ],
            "secondary_private_ips": [],
            "security_groups": [
              "sg-05d214823c93df5ff",
              "sg-06baf98c0d311205f",
              "sg-0ae1ff342434065b5",
              "sg-0e1d6029583adbbd8"
            ],
            "source_dest_check": true,
            "spot_instance_request_id": "",
            "subnet_id": "subnet-0705d5743785cdd5f",
            "tags": {
              "Name": "Kubeadm Worker 1",
              "Role": "Worker node"
            },
            "tags_all": {
              "Name": "Kubeadm Worker 1",
              "Role": "Worker node"
            },
            "tenancy": "default",
            "timeouts": null,
            "user_data": null,
            "user_data_base64": null,
            "user_data_replace_on_change": false,
            "volume_tags": null,
            "vpc_security_group_ids": [
              "sg-05d214823c93df5ff",
              "sg-06baf98c0d311205f",
              "sg-0ae1ff342434065b5",
              "sg-0e1d6029583adbbd8"
            ]
          },
          "sensitive_attributes": [],
          "private": "eyJlMmJmYjczMC1lY2FhLTExZTYtOGY4OC0zNDM2M2JjN2M0YzAiOnsiY3JlYXRlIjo2MDAwMDAwMDAwMDAsImRlbGV0ZSI6MTIwMDAwMDAwMDAwMCwidXBkYXRlIjo2MDAwMDAwMDAwMDB9LCJzY2hlbWFfdmVyc2lvbiI6IjEifQ==",
          "dependencies": [
            "aws_key_pair.kubeadm_demo_key_pair",
            "aws_security_group.db-sg",
            "aws_security_group.kubadm_demo_sg_common",
            "aws_security_group.kubeadm_demo_sg_control_plane",
            "aws_security_group.kubeadm_demo_sg_flannel",
            "aws_security_group.kubeadm_demo_sg_worker_nodes",
            "aws_subnet.kubeadm_demo_subnet",
            "aws_subnet.kubeadm_demo_subnet2",
            "aws_vpc.kubeadm_demo_vpc",
            "data.aws_ami.latest_ubuntu",
            "tls_private_key.kubadm_demo_private_key"
          ]
        }
      ]
    },
    {
      "mode": "managed",
      "type": "aws_internet_gateway",
      "name": "kubeadm_demo_igw",
      "provider": "provider[\"registry.terraform.io/hashicorp/aws\"]",
      "instances": [
        {
          "schema_version": 0,
          "attributes": {
            "arn": "arn:aws:ec2:ap-south-1:106415312828:internet-gateway/igw-03c571d1cd22d2fa6",
            "id": "igw-03c571d1cd22d2fa6",
            "owner_id": "106415312828",
            "tags": {
              "Name": "Kubeadm Demo Internet GW"
            },
            "tags_all": {
              "Name": "Kubeadm Demo Internet GW"
            },
            "timeouts": null,
            "vpc_id": "vpc-00431ba09731d5fe0"
          },
          "sensitive_attributes": [],
          "private": "eyJlMmJmYjczMC1lY2FhLTExZTYtOGY4OC0zNDM2M2JjN2M0YzAiOnsiY3JlYXRlIjoxMjAwMDAwMDAwMDAwLCJkZWxldGUiOjEyMDAwMDAwMDAwMDAsInVwZGF0ZSI6MTIwMDAwMDAwMDAwMH19",
          "dependencies": [
            "aws_vpc.kubeadm_demo_vpc"
          ]
        }
      ]
    },
    {
      "mode": "managed",
      "type": "aws_key_pair",
      "name": "kubeadm_demo_key_pair",
      "provider": "provider[\"registry.terraform.io/hashicorp/aws\"]",
      "instances": [
        {
          "schema_version": 1,
          "attributes": {
            "arn": "arn:aws:ec2:ap-south-1:106415312828:key-pair/kubeadm_demo",
            "fingerprint": "b6:fc:83:c6:49:16:f0:b2:43:a3:be:94:c1:ec:89:42",
            "id": "kubeadm_demo",
            "key_name": "kubeadm_demo",
            "key_name_prefix": "",
            "key_pair_id": "key-0bf2fc60418c4187c",
            "key_type": "rsa",
            "public_key": "ssh-rsa AAAAB3NzaC1yc2EAAAADAQABAAACAQDVp5UH+g03hxXh1VH0tprhkn0qW+Cay4SdcWQKsgJJO2Zc0y/neEIx4tUHCbm1g72T4l3Em/DP5thYBoOQorH1EW8Q+hbpzPBtXN2SKJhXhZwcBDuj0H2ZOqOnChylZd5rJ4YrM6p2kbbcyEUl83lkDtFZVlyohfbtlo+etfBYK4jHiiMu+/fzjRsLJGuzQ5vn1CtIfH72EisGzLBPbD31OZsq9iRrEqYP0kCvscib3GO6zZeIV2km+zAIzOz8v6+TGJfq4lVRKuGxGSfgZtWeZDgNfJWWfnKZqUovdzHlusf9yxGXrVMdY612nFHiGoR86ymKstwK9uesOV8PaekGK60JqliqMHKQVZsOyHCVrYveoZ49AmQMgW0yVL+CXUZUjhbKB2PoocU6jsXxeokOufhdSllHK3NsiskiUN8Ihxt9hLnZNocdvMIbdvasLGuq58tIHM8QskPDTd6ISm//71VDIw70viNSgJ/BBX1QkE1zJP7KwIX0AR27Se3K9bCwqz4GDVtXNTJmQ9xLr+sDTMjQ7R3XjQ7zOffzcwXuhIoU28Ga7ZHzt+wfH9j+8MmDMyKOhb3ch552m1mTORYiV365N+X53v6oTQFzLVwJA2mnYzO5j+jCgKEhGlbY6mJrFsDEV2OfTl0dagoB5ZbeAyodA6cTmXqdiYISUpymtw==",
            "tags": {},
            "tags_all": {}
          },
          "sensitive_attributes": [],
          "private": "eyJzY2hlbWFfdmVyc2lvbiI6IjEifQ==",
          "dependencies": [
            "tls_private_key.kubadm_demo_private_key"
          ]
        }
      ]
    },
    {
      "mode": "managed",
      "type": "aws_route_table",
      "name": "kubeadm_demo_routetable",
      "provider": "provider[\"registry.terraform.io/hashicorp/aws\"]",
      "instances": [
        {
          "schema_version": 0,
          "attributes": {
            "arn": "arn:aws:ec2:ap-south-1:106415312828:route-table/rtb-04b7133b8f7beadbe",
            "id": "rtb-04b7133b8f7beadbe",
            "owner_id": "106415312828",
            "propagating_vgws": [],
            "route": [
              {
                "carrier_gateway_id": "",
                "cidr_block": "0.0.0.0/0",
                "core_network_arn": "",
                "destination_prefix_list_id": "",
                "egress_only_gateway_id": "",
                "gateway_id": "igw-03c571d1cd22d2fa6",
                "ipv6_cidr_block": "",
                "local_gateway_id": "",
                "nat_gateway_id": "",
                "network_interface_id": "",
                "transit_gateway_id": "",
                "vpc_endpoint_id": "",
                "vpc_peering_connection_id": ""
              }
            ],
            "tags": {
              "Name": "kubeadm Demo IGW route table"
            },
            "tags_all": {
              "Name": "kubeadm Demo IGW route table"
            },
            "timeouts": null,
            "vpc_id": "vpc-00431ba09731d5fe0"
          },
          "sensitive_attributes": [],
          "private": "eyJlMmJmYjczMC1lY2FhLTExZTYtOGY4OC0zNDM2M2JjN2M0YzAiOnsiY3JlYXRlIjozMDAwMDAwMDAwMDAsImRlbGV0ZSI6MzAwMDAwMDAwMDAwLCJ1cGRhdGUiOjEyMDAwMDAwMDAwMH19",
          "dependencies": [
            "aws_internet_gateway.kubeadm_demo_igw",
            "aws_vpc.kubeadm_demo_vpc"
          ]
        }
      ]
    },
    {
      "mode": "managed",
      "type": "aws_route_table_association",
      "name": "kubeadm_demo_route_association",
      "provider": "provider[\"registry.terraform.io/hashicorp/aws\"]",
      "instances": [
        {
          "schema_version": 0,
          "attributes": {
            "gateway_id": "",
            "id": "rtbassoc-026ca8a4cdab731bd",
            "route_table_id": "rtb-04b7133b8f7beadbe",
            "subnet_id": "subnet-011bd8960cf938f4e",
            "timeouts": null
          },
          "sensitive_attributes": [],
          "private": "eyJlMmJmYjczMC1lY2FhLTExZTYtOGY4OC0zNDM2M2JjN2M0YzAiOnsiY3JlYXRlIjozMDAwMDAwMDAwMDAsImRlbGV0ZSI6MzAwMDAwMDAwMDAwLCJ1cGRhdGUiOjEyMDAwMDAwMDAwMH19",
          "dependencies": [
            "aws_internet_gateway.kubeadm_demo_igw",
            "aws_route_table.kubeadm_demo_routetable",
            "aws_subnet.kubeadm_demo_subnet",
            "aws_vpc.kubeadm_demo_vpc"
          ]
        }
      ]
    },
    {
      "mode": "managed",
      "type": "aws_route_table_association",
      "name": "kubeadm_demo_route_association2",
      "provider": "provider[\"registry.terraform.io/hashicorp/aws\"]",
      "instances": [
        {
          "schema_version": 0,
          "attributes": {
            "gateway_id": "",
            "id": "rtbassoc-0d99ca831d25e59a2",
            "route_table_id": "rtb-04b7133b8f7beadbe",
            "subnet_id": "subnet-0705d5743785cdd5f",
            "timeouts": null
          },
          "sensitive_attributes": [],
          "private": "eyJlMmJmYjczMC1lY2FhLTExZTYtOGY4OC0zNDM2M2JjN2M0YzAiOnsiY3JlYXRlIjozMDAwMDAwMDAwMDAsImRlbGV0ZSI6MzAwMDAwMDAwMDAwLCJ1cGRhdGUiOjEyMDAwMDAwMDAwMH19",
          "dependencies": [
            "aws_internet_gateway.kubeadm_demo_igw",
            "aws_route_table.kubeadm_demo_routetable",
            "aws_subnet.kubeadm_demo_subnet2",
            "aws_vpc.kubeadm_demo_vpc"
          ]
        }
      ]
    },
    {
      "mode": "managed",
      "type": "aws_security_group",
      "name": "db-sg",
      "provider": "provider[\"registry.terraform.io/hashicorp/aws\"]",
      "instances": [
        {
          "schema_version": 1,
          "attributes": {
            "arn": "arn:aws:ec2:ap-south-1:106415312828:security-group/sg-0e1d6029583adbbd8",
            "description": "Allow tls for inbound traffic",
            "egress": [
              {
                "cidr_blocks": [
                  "0.0.0.0/0"
                ],
                "description": "",
                "from_port": 0,
                "ipv6_cidr_blocks": [
                  "::/0"
                ],
                "prefix_list_ids": [],
                "protocol": "-1",
                "security_groups": [],
                "self": false,
                "to_port": 0
              }
            ],
            "id": "sg-0e1d6029583adbbd8",
            "ingress": [
              {
                "cidr_blocks": [],
                "description": "",
                "from_port": 3306,
                "ipv6_cidr_blocks": [],
                "prefix_list_ids": [],
                "protocol": "tcp",
                "security_groups": [
                  "sg-05d214823c93df5ff",
                  "sg-08d6cd9fd337b5e9c"
                ],
                "self": false,
                "to_port": 3306
              }
            ],
            "name": "cg-4-db-sg",
            "name_prefix": "",
            "owner_id": "106415312828",
            "revoke_rules_on_delete": false,
            "tags": {
              "Name": "cg-4-db-sg"
            },
            "tags_all": {
              "Name": "cg-4-db-sg"
            },
            "timeouts": null,
            "vpc_id": "vpc-00431ba09731d5fe0"
          },
          "sensitive_attributes": [],
          "private": "eyJlMmJmYjczMC1lY2FhLTExZTYtOGY4OC0zNDM2M2JjN2M0YzAiOnsiY3JlYXRlIjo2MDAwMDAwMDAwMDAsImRlbGV0ZSI6OTAwMDAwMDAwMDAwfSwic2NoZW1hX3ZlcnNpb24iOiIxIn0=",
          "dependencies": [
            "aws_security_group.kubadm_demo_sg_common",
            "aws_security_group.kubeadm_demo_sg_control_plane",
            "aws_vpc.kubeadm_demo_vpc"
          ]
        }
      ]
    },
    {
      "mode": "managed",
      "type": "aws_security_group",
      "name": "kubadm_demo_sg_common",
      "provider": "provider[\"registry.terraform.io/hashicorp/aws\"]",
      "instances": [
        {
          "schema_version": 1,
          "attributes": {
            "arn": "arn:aws:ec2:ap-south-1:106415312828:security-group/sg-05d214823c93df5ff",
            "description": "Managed by Terraform",
            "egress": [
              {
                "cidr_blocks": [
                  "0.0.0.0/0"
                ],
                "description": "",
                "from_port": 0,
                "ipv6_cidr_blocks": [],
                "prefix_list_ids": [],
                "protocol": "-1",
                "security_groups": [],
                "self": false,
                "to_port": 0
              }
            ],
            "id": "sg-05d214823c93df5ff",
            "ingress": [
              {
                "cidr_blocks": [
                  "0.0.0.0/0"
                ],
                "description": "Allow HTTP",
                "from_port": 80,
                "ipv6_cidr_blocks": [],
                "prefix_list_ids": [],
                "protocol": "tcp",
                "security_groups": [],
                "self": false,
                "to_port": 80
              },
              {
                "cidr_blocks": [
                  "0.0.0.0/0"
                ],
                "description": "Allow HTTPS",
                "from_port": 443,
                "ipv6_cidr_blocks": [],
                "prefix_list_ids": [],
                "protocol": "tcp",
                "security_groups": [],
                "self": false,
                "to_port": 443
              },
              {
                "cidr_blocks": [
                  "0.0.0.0/0"
                ],
                "description": "Allow SSH",
                "from_port": 22,
                "ipv6_cidr_blocks": [],
                "prefix_list_ids": [],
                "protocol": "tcp",
                "security_groups": [],
                "self": false,
                "to_port": 22
              }
            ],
            "name": "common-ports",
            "name_prefix": "",
            "owner_id": "106415312828",
            "revoke_rules_on_delete": false,
            "tags": {
              "Name": "common ports"
            },
            "tags_all": {
              "Name": "common ports"
            },
            "timeouts": null,
            "vpc_id": "vpc-00431ba09731d5fe0"
          },
          "sensitive_attributes": [],
          "private": "eyJlMmJmYjczMC1lY2FhLTExZTYtOGY4OC0zNDM2M2JjN2M0YzAiOnsiY3JlYXRlIjo2MDAwMDAwMDAwMDAsImRlbGV0ZSI6OTAwMDAwMDAwMDAwfSwic2NoZW1hX3ZlcnNpb24iOiIxIn0=",
          "dependencies": [
            "aws_vpc.kubeadm_demo_vpc"
          ]
        }
      ]
    },
    {
      "mode": "managed",
      "type": "aws_security_group",
      "name": "kubeadm_demo_sg_control_plane",
      "provider": "provider[\"registry.terraform.io/hashicorp/aws\"]",
      "instances": [
        {
          "schema_version": 1,
          "attributes": {
            "arn": "arn:aws:ec2:ap-south-1:106415312828:security-group/sg-08d6cd9fd337b5e9c",
            "description": "Managed by Terraform",
            "egress": [],
            "id": "sg-08d6cd9fd337b5e9c",
            "ingress": [
              {
                "cidr_blocks": [
                  "0.0.0.0/0"
                ],
                "description": "API Server",
                "from_port": 6443,
                "ipv6_cidr_blocks": [],
                "prefix_list_ids": [],
                "protocol": "tcp",
                "security_groups": [],
                "self": false,
                "to_port": 6443
              },
              {
                "cidr_blocks": [
                  "0.0.0.0/0"
                ],
                "description": "Kube Contoller Manager",
                "from_port": 10257,
                "ipv6_cidr_blocks": [],
                "prefix_list_ids": [],
                "protocol": "tcp",
                "security_groups": [],
                "self": false,
                "to_port": 10257
              },
              {
                "cidr_blocks": [
                  "0.0.0.0/0"
                ],
                "description": "Kube Scheduler",
                "from_port": 10259,
                "ipv6_cidr_blocks": [],
                "prefix_list_ids": [],
                "protocol": "tcp",
                "security_groups": [],
                "self": false,
                "to_port": 10259
              },
              {
                "cidr_blocks": [
                  "0.0.0.0/0"
                ],
                "description": "Kubelet API",
                "from_port": 2379,
                "ipv6_cidr_blocks": [],
                "prefix_list_ids": [],
                "protocol": "tcp",
                "security_groups": [],
                "self": false,
                "to_port": 2380
              },
              {
                "cidr_blocks": [
                  "0.0.0.0/0"
                ],
                "description": "etcd server client API",
                "from_port": 10250,
                "ipv6_cidr_blocks": [],
                "prefix_list_ids": [],
                "protocol": "tcp",
                "security_groups": [],
                "self": false,
                "to_port": 10250
              }
            ],
            "name": "kubeadm-control-plane security group",
            "name_prefix": "",
            "owner_id": "106415312828",
            "revoke_rules_on_delete": false,
            "tags": {
              "Name": "Control Plane SG"
            },
            "tags_all": {
              "Name": "Control Plane SG"
            },
            "timeouts": null,
            "vpc_id": "vpc-00431ba09731d5fe0"
          },
          "sensitive_attributes": [],
          "private": "eyJlMmJmYjczMC1lY2FhLTExZTYtOGY4OC0zNDM2M2JjN2M0YzAiOnsiY3JlYXRlIjo2MDAwMDAwMDAwMDAsImRlbGV0ZSI6OTAwMDAwMDAwMDAwfSwic2NoZW1hX3ZlcnNpb24iOiIxIn0=",
          "dependencies": [
            "aws_vpc.kubeadm_demo_vpc"
          ]
        }
      ]
    },
    {
      "mode": "managed",
      "type": "aws_security_group",
      "name": "kubeadm_demo_sg_flannel",
      "provider": "provider[\"registry.terraform.io/hashicorp/aws\"]",
      "instances": [
        {
          "schema_version": 1,
          "attributes": {
            "arn": "arn:aws:ec2:ap-south-1:106415312828:security-group/sg-0ae1ff342434065b5",
            "description": "Managed by Terraform",
            "egress": [],
            "id": "sg-0ae1ff342434065b5",
            "ingress": [
              {
                "cidr_blocks": [
                  "0.0.0.0/0"
                ],
                "description": "flannel overlay backend",
                "from_port": 8285,
                "ipv6_cidr_blocks": [],
                "prefix_list_ids": [],
                "protocol": "udp",
                "security_groups": [],
                "self": false,
                "to_port": 8285
              },
              {
                "cidr_blocks": [
                  "0.0.0.0/0"
                ],
                "description": "flannel vxlan backend",
                "from_port": 8472,
                "ipv6_cidr_blocks": [],
                "prefix_list_ids": [],
                "protocol": "udp",
                "security_groups": [],
                "self": false,
                "to_port": 8472
              }
            ],
            "name": "flannel-overlay-backend",
            "name_prefix": "",
            "owner_id": "106415312828",
            "revoke_rules_on_delete": false,
            "tags": {
              "Name": "Flannel Overlay backend"
            },
            "tags_all": {
              "Name": "Flannel Overlay backend"
            },
            "timeouts": null,
            "vpc_id": "vpc-00431ba09731d5fe0"
          },
          "sensitive_attributes": [],
          "private": "eyJlMmJmYjczMC1lY2FhLTExZTYtOGY4OC0zNDM2M2JjN2M0YzAiOnsiY3JlYXRlIjo2MDAwMDAwMDAwMDAsImRlbGV0ZSI6OTAwMDAwMDAwMDAwfSwic2NoZW1hX3ZlcnNpb24iOiIxIn0=",
          "dependencies": [
            "aws_vpc.kubeadm_demo_vpc"
          ]
        }
      ]
    },
    {
      "mode": "managed",
      "type": "aws_security_group",
      "name": "kubeadm_demo_sg_worker_nodes",
      "provider": "provider[\"registry.terraform.io/hashicorp/aws\"]",
      "instances": [
        {
          "schema_version": 1,
          "attributes": {
            "arn": "arn:aws:ec2:ap-south-1:106415312828:security-group/sg-06baf98c0d311205f",
            "description": "Managed by Terraform",
            "egress": [],
            "id": "sg-06baf98c0d311205f",
            "ingress": [
              {
                "cidr_blocks": [
                  "0.0.0.0/0"
                ],
                "description": "NodePort services",
                "from_port": 30000,
                "ipv6_cidr_blocks": [],
                "prefix_list_ids": [],
                "protocol": "tcp",
                "security_groups": [],
                "self": false,
                "to_port": 32767
              },
              {
                "cidr_blocks": [
                  "0.0.0.0/0"
                ],
                "description": "kubelet API",
                "from_port": 10250,
                "ipv6_cidr_blocks": [],
                "prefix_list_ids": [],
                "protocol": "tcp",
                "security_groups": [],
                "self": false,
                "to_port": 10250
              }
            ],
            "name": "kubeadm-worker-node security group",
            "name_prefix": "",
            "owner_id": "106415312828",
            "revoke_rules_on_delete": false,
            "tags": {
              "Name": "Worker Nodes SG"
            },
            "tags_all": {
              "Name": "Worker Nodes SG"
            },
            "timeouts": null,
            "vpc_id": "vpc-00431ba09731d5fe0"
          },
          "sensitive_attributes": [],
          "private": "eyJlMmJmYjczMC1lY2FhLTExZTYtOGY4OC0zNDM2M2JjN2M0YzAiOnsiY3JlYXRlIjo2MDAwMDAwMDAwMDAsImRlbGV0ZSI6OTAwMDAwMDAwMDAwfSwic2NoZW1hX3ZlcnNpb24iOiIxIn0=",
          "dependencies": [
            "aws_vpc.kubeadm_demo_vpc"
          ]
        }
      ]
    },
    {
      "mode": "managed",
      "type": "aws_subnet",
      "name": "kubeadm_demo_subnet",
      "provider": "provider[\"registry.terraform.io/hashicorp/aws\"]",
      "instances": [
        {
          "schema_version": 1,
          "attributes": {
            "arn": "arn:aws:ec2:ap-south-1:106415312828:subnet/subnet-011bd8960cf938f4e",
            "assign_ipv6_address_on_creation": false,
            "availability_zone": "ap-south-1a",
            "availability_zone_id": "aps1-az1",
            "cidr_block": "10.0.1.0/24",
            "customer_owned_ipv4_pool": "",
            "enable_dns64": false,
            "enable_lni_at_device_index": 0,
            "enable_resource_name_dns_a_record_on_launch": false,
            "enable_resource_name_dns_aaaa_record_on_launch": false,
            "id": "subnet-011bd8960cf938f4e",
            "ipv6_cidr_block": "",
            "ipv6_cidr_block_association_id": "",
            "ipv6_native": false,
            "map_customer_owned_ip_on_launch": false,
            "map_public_ip_on_launch": true,
            "outpost_arn": "",
            "owner_id": "106415312828",
            "private_dns_hostname_type_on_launch": "ip-name",
            "tags": {
              "Name": "kubadm_demo_public_subnet"
            },
            "tags_all": {
              "Name": "kubadm_demo_public_subnet"
            },
            "timeouts": null,
            "vpc_id": "vpc-00431ba09731d5fe0"
          },
          "sensitive_attributes": [],
          "private": "eyJlMmJmYjczMC1lY2FhLTExZTYtOGY4OC0zNDM2M2JjN2M0YzAiOnsiY3JlYXRlIjo2MDAwMDAwMDAwMDAsImRlbGV0ZSI6MTIwMDAwMDAwMDAwMH0sInNjaGVtYV92ZXJzaW9uIjoiMSJ9",
          "dependencies": [
            "aws_vpc.kubeadm_demo_vpc"
          ]
        }
      ]
    },
    {
      "mode": "managed",
      "type": "aws_subnet",
      "name": "kubeadm_demo_subnet2",
      "provider": "provider[\"registry.terraform.io/hashicorp/aws\"]",
      "instances": [
        {
          "schema_version": 1,
          "attributes": {
            "arn": "arn:aws:ec2:ap-south-1:106415312828:subnet/subnet-0705d5743785cdd5f",
            "assign_ipv6_address_on_creation": false,
            "availability_zone": "ap-south-1b",
            "availability_zone_id": "aps1-az3",
            "cidr_block": "10.0.2.0/24",
            "customer_owned_ipv4_pool": "",
            "enable_dns64": false,
            "enable_lni_at_device_index": 0,
            "enable_resource_name_dns_a_record_on_launch": false,
            "enable_resource_name_dns_aaaa_record_on_launch": false,
            "id": "subnet-0705d5743785cdd5f",
            "ipv6_cidr_block": "",
            "ipv6_cidr_block_association_id": "",
            "ipv6_native": false,
            "map_customer_owned_ip_on_launch": false,
            "map_public_ip_on_launch": true,
            "outpost_arn": "",
            "owner_id": "106415312828",
            "private_dns_hostname_type_on_launch": "ip-name",
            "tags": {
              "Name": "Subnet in AZ 2"
            },
            "tags_all": {
              "Name": "Subnet in AZ 2"
            },
            "timeouts": null,
            "vpc_id": "vpc-00431ba09731d5fe0"
          },
          "sensitive_attributes": [],
          "private": "eyJlMmJmYjczMC1lY2FhLTExZTYtOGY4OC0zNDM2M2JjN2M0YzAiOnsiY3JlYXRlIjo2MDAwMDAwMDAwMDAsImRlbGV0ZSI6MTIwMDAwMDAwMDAwMH0sInNjaGVtYV92ZXJzaW9uIjoiMSJ9",
          "dependencies": [
            "aws_vpc.kubeadm_demo_vpc"
          ]
        }
      ]
    },
    {
      "mode": "managed",
      "type": "aws_vpc",
      "name": "kubeadm_demo_vpc",
      "provider": "provider[\"registry.terraform.io/hashicorp/aws\"]",
      "instances": [
        {
          "schema_version": 1,
          "attributes": {
            "arn": "arn:aws:ec2:ap-south-1:106415312828:vpc/vpc-00431ba09731d5fe0",
            "assign_generated_ipv6_cidr_block": false,
            "cidr_block": "10.0.0.0/16",
            "default_network_acl_id": "acl-0be08c27bf98f1d39",
            "default_route_table_id": "rtb-00d536445898a2933",
            "default_security_group_id": "sg-060dd53babb3b7acc",
            "dhcp_options_id": "dopt-03d37568",
            "enable_dns_hostnames": true,
            "enable_dns_support": true,
            "enable_network_address_usage_metrics": false,
            "id": "vpc-00431ba09731d5fe0",
            "instance_tenancy": "default",
            "ipv4_ipam_pool_id": null,
            "ipv4_netmask_length": null,
            "ipv6_association_id": "",
            "ipv6_cidr_block": "",
            "ipv6_cidr_block_network_border_group": "",
            "ipv6_ipam_pool_id": "",
            "ipv6_netmask_length": 0,
            "main_route_table_id": "rtb-00d536445898a2933",
            "owner_id": "106415312828",
            "tags": {
              "Name": "kubeadm_demo_vpc",
              "kubernetes.io/cluster/kubernetes": "owned"
            },
            "tags_all": {
              "Name": "kubeadm_demo_vpc",
              "kubernetes.io/cluster/kubernetes": "owned"
            }
          },
          "sensitive_attributes": [],
          "private": "eyJzY2hlbWFfdmVyc2lvbiI6IjEifQ=="
        }
      ]
    },
    {
      "mode": "managed",
      "type": "tls_private_key",
      "name": "kubadm_demo_private_key",
      "provider": "provider[\"registry.terraform.io/hashicorp/tls\"]",
      "instances": [
        {
          "schema_version": 1,
          "attributes": {
            "algorithm": "RSA",
            "ecdsa_curve": "P224",
            "id": "45904fafa0114c4d67be507dc1e54c4e97ac5126",
            "private_key_openssh": "-----BEGIN OPENSSH PRIVATE KEY-----\nb3BlbnNzaC1rZXktdjEAAAAABG5vbmUAAAAEbm9uZQAAAAAAAAABAAACFwAAAAdz\nc2gtcnNhAAAAAwEAAQAAAgEA1aeVB/oNN4cV4dVR9Laa4ZJ9KlvgmsuEnXFkCrIC\nSTtmXNMv53hCMeLVBwm5tYO9k+JdxJvwz+bYWAaDkKKx9RFvEPoW6czwbVzdkiiY\nV4WcHAQ7o9B9mTqjpwocpWXeayeGKzOqdpG23MhFJfN5ZA7RWVZcqIX27ZaPnrXw\nWCuIx4ojLvv3840bCyRrs0Ob59QrSHx+9hIrBsywT2w99TmbKvYkaxKmD9JAr7HI\nm9xjus2XiFdpJvswCMzs/L+vkxiX6uJVUSrhsRkn4GbVnmQ4DXyVln5ymalKL3cx\n5brH/csRl61THWOtdpxR4hqEfOspirLcCvbnrDlfD2npBiutCapYqjBykFWbDshw\nla2L3qGePQJkDIFtMlS/gl1GVI4Wygdj6KHFOo7F8XqJDrn4XUpZRytzbIrJIlDf\nCIcbfYS52TaHHbzCG3b2rCxrqufLSBzPELJDw03eiEpv/+9VQyMO9L4jUoCfwQV9\nUJBNcyT+ysCF9AEdu0ntyvWwsKs+Bg1bVzUyZkPcS6/rA0zI0O0d140O8zn383MF\n7oSKFNvBmu2R87fsHx/Y/vDJgzMijoW93IeedptZkzkWIld+uTfl+d7+qE0Bcy1c\nCQNpp2MzuY/owoChIRpW2OpiaxbAxFdjn05dHWoKAeWW3gMqHQOnE5l6nYmCElKc\nprcAAAc4yXqorcl6qK0AAAAHc3NoLXJzYQAAAgEA1aeVB/oNN4cV4dVR9Laa4ZJ9\nKlvgmsuEnXFkCrICSTtmXNMv53hCMeLVBwm5tYO9k+JdxJvwz+bYWAaDkKKx9RFv\nEPoW6czwbVzdkiiYV4WcHAQ7o9B9mTqjpwocpWXeayeGKzOqdpG23MhFJfN5ZA7R\nWVZcqIX27ZaPnrXwWCuIx4ojLvv3840bCyRrs0Ob59QrSHx+9hIrBsywT2w99Tmb\nKvYkaxKmD9JAr7HIm9xjus2XiFdpJvswCMzs/L+vkxiX6uJVUSrhsRkn4GbVnmQ4\nDXyVln5ymalKL3cx5brH/csRl61THWOtdpxR4hqEfOspirLcCvbnrDlfD2npBiut\nCapYqjBykFWbDshwla2L3qGePQJkDIFtMlS/gl1GVI4Wygdj6KHFOo7F8XqJDrn4\nXUpZRytzbIrJIlDfCIcbfYS52TaHHbzCG3b2rCxrqufLSBzPELJDw03eiEpv/+9V\nQyMO9L4jUoCfwQV9UJBNcyT+ysCF9AEdu0ntyvWwsKs+Bg1bVzUyZkPcS6/rA0zI\n0O0d140O8zn383MF7oSKFNvBmu2R87fsHx/Y/vDJgzMijoW93IeedptZkzkWIld+\nuTfl+d7+qE0Bcy1cCQNpp2MzuY/owoChIRpW2OpiaxbAxFdjn05dHWoKAeWW3gMq\nHQOnE5l6nYmCElKcprcAAAADAQABAAACAEt7w4ln7Jd7oF2DMktU4G9lg9cdUsMd\nuCKv1vp4XZpl5ApTio8qy6g4Ta8I3pWkj6vZw+scdP3evvyKgJzu/hRpLmY/FS1Q\n/HiG4LksonX5fGfhjviXRmiGcR8o0WoWDXiqJBrLTCRL4uEp2FRKKs8Q9SGtA1t+\nyPizwtX9zYY5C0AEK94Do1xms/FB0tMoxcIoEYqwgWKKlKz4UCofQdyLl6icAc3a\nbtUUIUpxc0CtooZy8GB5EWt2P0g8rlW1m2BKxhF0GVRt5ALfsljzu/ET00HgjDD5\nR5/GUbFnWTeiv9mIjxSZZc3yU2yeWceaOsivhKO+AUPWa49LTaxybKLeLMkX+d+s\n4EULxp6nwjAV4qQeKDNHc0ugCYmmFXeEtGDVjVrGwMxeEwIqm1xPkzGef14QFLWM\n0Z8U0yM4KEioflG8bugoBntAVVSIJGlSeE31CSnC27b5j9LDNhg8S7PGTBFZKtt7\ntSzXCgWcSM3wNe5tXTU1gGbo1AsVkL2PmS0TyLr7C7AJq2qmgMCYpPBVRhu2d6AW\nI3nte3rLyQBxd2TDBQhnO9hTanLA+zF1ECmPcLtYH9WMl0RXbWzqXziegAuwvuF0\nCpUM7t4yxQ0byqDAaHGj4NdX5FmfmvjMTESylMainjypbpmryMmSsOPrYsSUjszD\nghOeJD9mNXgxAAABAQC/2VCj3BY1NIntwy4O0Vgq9eRY88+VFbY8oHi1T+lyBTXE\nuKUHMjfi6NgFkyRcLV2Kh4IJ9It9RRNXNZG+/08OQ5PQVu3lQBIn5TdjRC/0ump9\nU6fB6w3M55O35ih5npc4rtAXE7w9ABFoOkbiniQUgLXLR+yiT5g1JTIfgQEV9/yX\ncKnVH0G8NRpJj961eivB/+aEk1dGUFzj3MJ1OXdZMcdsJuGXyXWGtQtxz7yY4T3X\npWCL33/2wNX9fqJ1YfUJizJJngqdBhhaGefKwEEmWtRYCDdvcthZSjcOkXEWJWQB\nrCg4R7knM7AOk08y/6ykTczyKg+msCIrGRrUBwpwAAABAQDk8iCJ6EyMt0mxfo1C\n11g7Kyl7J/54mupOOv5TSJoU87ra4zD689lVH7HLkYy3n5jepY501ZufZf322SQk\nJJuONJ4sAIO1jthongwbgvJ4OaRybD+o53s8Us9iJdng3nklOHQon+I+4wLFlNXG\nwDcSlx3LzuKHXRdXoGrfv3NsM53czUHz8FQRq8ze0t60sLHjuFWf9obVAjrjmI3b\nFPnzb7Q7VAxGg4Bp7iynGNNVt4egIL4z9CZN+XPtsvoPaarpEW1tlocQjJi0VC2a\n+Ipvifiah6vI1oglYrCNg7/fWx9bk3ruL0wI/RAc0qq03GW6betxDO63u/3xC1Lj\nxwqNAAABAQDu5uEGZsXOAwhqRJd5x/GqVlYwYxQm3mTr9TgwcR5CCzQGrOIKsg3a\nOEAEABvYWEEkqSb7Vz/ikSMOxY7SiRrnLb3Qs3IKhsu+UfTk32uzx4Z0aHG7SmK9\n7oROVcbdZWN5sKL1ybSZjuTyDL9CYfhggK4/6o4VaFI45xSl7oi2U0Ar2N1axq4T\n8Tk/wt+qQX5uA0T2vnjsMk+lDnul6zQXfADDWKrBR4zxCxSNx9EHYgvaie54zdQS\noOjGy618mGCMNJ5qxtVUttHXNnggLy1IGJhZm7vplX+KD2OSA7gsyHCxwz4NOkJs\nuNhFVsUeb5x60CPIHzn5WhBj/dy0i+dTAAAAAAEC\n-----END OPENSSH PRIVATE KEY-----\n",
            "private_key_pem": "-----BEGIN RSA PRIVATE KEY-----\nMIIJKQIBAAKCAgEA1aeVB/oNN4cV4dVR9Laa4ZJ9KlvgmsuEnXFkCrICSTtmXNMv\n53hCMeLVBwm5tYO9k+JdxJvwz+bYWAaDkKKx9RFvEPoW6czwbVzdkiiYV4WcHAQ7\no9B9mTqjpwocpWXeayeGKzOqdpG23MhFJfN5ZA7RWVZcqIX27ZaPnrXwWCuIx4oj\nLvv3840bCyRrs0Ob59QrSHx+9hIrBsywT2w99TmbKvYkaxKmD9JAr7HIm9xjus2X\niFdpJvswCMzs/L+vkxiX6uJVUSrhsRkn4GbVnmQ4DXyVln5ymalKL3cx5brH/csR\nl61THWOtdpxR4hqEfOspirLcCvbnrDlfD2npBiutCapYqjBykFWbDshwla2L3qGe\nPQJkDIFtMlS/gl1GVI4Wygdj6KHFOo7F8XqJDrn4XUpZRytzbIrJIlDfCIcbfYS5\n2TaHHbzCG3b2rCxrqufLSBzPELJDw03eiEpv/+9VQyMO9L4jUoCfwQV9UJBNcyT+\nysCF9AEdu0ntyvWwsKs+Bg1bVzUyZkPcS6/rA0zI0O0d140O8zn383MF7oSKFNvB\nmu2R87fsHx/Y/vDJgzMijoW93IeedptZkzkWIld+uTfl+d7+qE0Bcy1cCQNpp2Mz\nuY/owoChIRpW2OpiaxbAxFdjn05dHWoKAeWW3gMqHQOnE5l6nYmCElKcprcCAwEA\nAQKCAgBLe8OJZ+yXe6BdgzJLVOBvZYPXHVLDHbgir9b6eF2aZeQKU4qPKsuoOE2v\nCN6VpI+r2cPrHHT93r78ioCc7v4UaS5mPxUtUPx4huC5LKJ1+Xxn4Y74l0ZohnEf\nKNFqFg14qiQay0wkS+LhKdhUSirPEPUhrQNbfsj4s8LV/c2GOQtABCveA6NcZrPx\nQdLTKMXCKBGKsIFiipSs+FAqH0Hci5eonAHN2m7VFCFKcXNAraKGcvBgeRFrdj9I\nPK5VtZtgSsYRdBlUbeQC37JY87vxE9NB4Iww+UefxlGxZ1k3or/ZiI8UmWXN8lNs\nnlnHmjrIr4SjvgFD1muPS02scmyi3izJF/nfrOBFC8aep8IwFeKkHigzR3NLoAmJ\nphV3hLRg1Y1axsDMXhMCKptcT5Mxnn9eEBS1jNGfFNMjOChIqH5RvG7oKAZ7QFVU\niCRpUnhN9Qkpwtu2+Y/SwzYYPEuzxkwRWSrbe7Us1woFnEjN8DXubV01NYBm6NQL\nFZC9j5ktE8i6+wuwCatqpoDAmKTwVUYbtnegFiN57Xt6y8kAcXdkwwUIZzvYU2py\nwPsxdRApj3C7WB/VjJdEV21s6l84noALsL7hdAqVDO7eMsUNG8qgwGhxo+DXV+RZ\nn5r4zExEspTGop48qW6Zq8jJkrDj62LElI7Mw4ITniQ/ZjV4MQKCAQEA5PIgiehM\njLdJsX6NQtdYOyspeyf+eJrqTjr+U0iaFPO62uMw+vPZVR+xy5GMt5+Y3qWOdNWb\nn2X99tkkJCSbjjSeLACDtY7YaJ4MG4LyeDmkcmw/qOd7PFLPYiXZ4N55JTh0KJ/i\nPuMCxZTVxsA3Epcdy87ih10XV6Bq379zbDOd3M1B8/BUEavM3tLetLCx47hVn/aG\n1QI645iN2xT582+0O1QMRoOAae4spxjTVbeHoCC+M/QmTflz7bL6D2mq6RFtbZaH\nEIyYtFQtmviKb4n4moeryNaIJWKwjYO/31sfW5N67i9MCP0QHNKqtNxlum3rcQzu\nt7v98QtS48cKjQKCAQEA7ubhBmbFzgMIakSXecfxqlZWMGMUJt5k6/U4MHEeQgs0\nBqziCrIN2jhABAAb2FhBJKkm+1c/4pEjDsWO0oka5y290LNyCobLvlH05N9rs8eG\ndGhxu0pive6ETlXG3WVjebCi9cm0mY7k8gy/QmH4YICuP+qOFWhSOOcUpe6ItlNA\nK9jdWsauE/E5P8LfqkF+bgNE9r547DJPpQ57pes0F3wAw1iqwUeM8QsUjcfRB2IL\n2onueM3UEqDoxsutfJhgjDSeasbVVLbR1zZ4IC8tSBiYWZu76ZV/ig9jkgO4LMhw\nscM+DTpCbLjYRVbFHm+cetAjyB85+VoQY/3ctIvnUwKCAQEA4gEfG+QkhRh+d+f8\nnMomACrIhRni+725pMZZv29BI4PCpkd2V5UWqxBhnBovdijnaIq4CR/Aw2aUgPSz\n17YHlSbeKYPMgRLlEMlMHHB02TfV3Vp8sUjpf5Ajxrikz3Xu005aZKwIVJoWZ2NY\ncR3Yf9KLiGDPgF7mJwtl1UCSOXLu2EQLYjqRUuxsjl5NmMOAp9KVPBbJ3UaZSYmU\nJ3wajjRsD9EVWRqBTpDepYk9PjWxfeI0wOa4VWr2BOUUMtjV7cPVaUQaSrzwFbuv\nVXcaeacSscFSVC1rMrSsotY3N88lMmpxBOXNwmXGXR2dhHK5PYM601u338qFkUjj\nZ5VaFQKCAQAeLP+DZXvat7taYOuZME4wK9ObLQigmDq7KzA7vi4KPYwGw9ORckgZ\npj0/xBvASfWAgfUwjia9oYOCHCYcJcFGLhrpv6DJ/5jAo22Bc08RWER9c6vZ8l1i\njDweAOurj2DvQAZ1cVLkio4UnNOTuPg8iER6QlBMF+86zMVo6CZQkVdrsmrTSoE2\nd6O5kA3cXYVws+0EFa8Edp5kxN2NaZYc2UbnZc27uCPvVmz0M6cNfa7tnbqHe8gr\nyjNc2OFC+aRIUWUpK5BKsQT0YCbwOcVIdALaXrdvm7iOYb879EhRL8g8S+MMnK1D\nOl3m9DzVyVdElAHRB1C1VFD5sFkuXPWNAoIBAQC/2VCj3BY1NIntwy4O0Vgq9eRY\n88+VFbY8oHi1T+lyBTXEuKUHMjfi6NgFkyRcLV2Kh4IJ9It9RRNXNZG+/08OQ5PQ\nVu3lQBIn5TdjRC/0ump9U6fB6w3M55O35ih5npc4rtAXE7w9ABFoOkbiniQUgLXL\nR+yiT5g1JTIfgQEV9/yXcKnVH0G8NRpJj961eivB/+aEk1dGUFzj3MJ1OXdZMcds\nJuGXyXWGtQtxz7yY4T3XpWCL33/2wNX9fqJ1YfUJizJJngqdBhhaGefKwEEmWtRY\nCDdvcthZSjcOkXEWJWQBrCg4R7knM7AOk08y/6ykTczyKg+msCIrGRrUBwpw\n-----END RSA PRIVATE KEY-----\n",
            "private_key_pem_pkcs8": "-----BEGIN PRIVATE KEY-----\nMIIJQwIBADANBgkqhkiG9w0BAQEFAASCCS0wggkpAgEAAoICAQDVp5UH+g03hxXh\n1VH0tprhkn0qW+Cay4SdcWQKsgJJO2Zc0y/neEIx4tUHCbm1g72T4l3Em/DP5thY\nBoOQorH1EW8Q+hbpzPBtXN2SKJhXhZwcBDuj0H2ZOqOnChylZd5rJ4YrM6p2kbbc\nyEUl83lkDtFZVlyohfbtlo+etfBYK4jHiiMu+/fzjRsLJGuzQ5vn1CtIfH72EisG\nzLBPbD31OZsq9iRrEqYP0kCvscib3GO6zZeIV2km+zAIzOz8v6+TGJfq4lVRKuGx\nGSfgZtWeZDgNfJWWfnKZqUovdzHlusf9yxGXrVMdY612nFHiGoR86ymKstwK9ues\nOV8PaekGK60JqliqMHKQVZsOyHCVrYveoZ49AmQMgW0yVL+CXUZUjhbKB2PoocU6\njsXxeokOufhdSllHK3NsiskiUN8Ihxt9hLnZNocdvMIbdvasLGuq58tIHM8QskPD\nTd6ISm//71VDIw70viNSgJ/BBX1QkE1zJP7KwIX0AR27Se3K9bCwqz4GDVtXNTJm\nQ9xLr+sDTMjQ7R3XjQ7zOffzcwXuhIoU28Ga7ZHzt+wfH9j+8MmDMyKOhb3ch552\nm1mTORYiV365N+X53v6oTQFzLVwJA2mnYzO5j+jCgKEhGlbY6mJrFsDEV2OfTl0d\nagoB5ZbeAyodA6cTmXqdiYISUpymtwIDAQABAoICAEt7w4ln7Jd7oF2DMktU4G9l\ng9cdUsMduCKv1vp4XZpl5ApTio8qy6g4Ta8I3pWkj6vZw+scdP3evvyKgJzu/hRp\nLmY/FS1Q/HiG4LksonX5fGfhjviXRmiGcR8o0WoWDXiqJBrLTCRL4uEp2FRKKs8Q\n9SGtA1t+yPizwtX9zYY5C0AEK94Do1xms/FB0tMoxcIoEYqwgWKKlKz4UCofQdyL\nl6icAc3abtUUIUpxc0CtooZy8GB5EWt2P0g8rlW1m2BKxhF0GVRt5ALfsljzu/ET\n00HgjDD5R5/GUbFnWTeiv9mIjxSZZc3yU2yeWceaOsivhKO+AUPWa49LTaxybKLe\nLMkX+d+s4EULxp6nwjAV4qQeKDNHc0ugCYmmFXeEtGDVjVrGwMxeEwIqm1xPkzGe\nf14QFLWM0Z8U0yM4KEioflG8bugoBntAVVSIJGlSeE31CSnC27b5j9LDNhg8S7PG\nTBFZKtt7tSzXCgWcSM3wNe5tXTU1gGbo1AsVkL2PmS0TyLr7C7AJq2qmgMCYpPBV\nRhu2d6AWI3nte3rLyQBxd2TDBQhnO9hTanLA+zF1ECmPcLtYH9WMl0RXbWzqXzie\ngAuwvuF0CpUM7t4yxQ0byqDAaHGj4NdX5FmfmvjMTESylMainjypbpmryMmSsOPr\nYsSUjszDghOeJD9mNXgxAoIBAQDk8iCJ6EyMt0mxfo1C11g7Kyl7J/54mupOOv5T\nSJoU87ra4zD689lVH7HLkYy3n5jepY501ZufZf322SQkJJuONJ4sAIO1jthongwb\ngvJ4OaRybD+o53s8Us9iJdng3nklOHQon+I+4wLFlNXGwDcSlx3LzuKHXRdXoGrf\nv3NsM53czUHz8FQRq8ze0t60sLHjuFWf9obVAjrjmI3bFPnzb7Q7VAxGg4Bp7iyn\nGNNVt4egIL4z9CZN+XPtsvoPaarpEW1tlocQjJi0VC2a+Ipvifiah6vI1oglYrCN\ng7/fWx9bk3ruL0wI/RAc0qq03GW6betxDO63u/3xC1LjxwqNAoIBAQDu5uEGZsXO\nAwhqRJd5x/GqVlYwYxQm3mTr9TgwcR5CCzQGrOIKsg3aOEAEABvYWEEkqSb7Vz/i\nkSMOxY7SiRrnLb3Qs3IKhsu+UfTk32uzx4Z0aHG7SmK97oROVcbdZWN5sKL1ybSZ\njuTyDL9CYfhggK4/6o4VaFI45xSl7oi2U0Ar2N1axq4T8Tk/wt+qQX5uA0T2vnjs\nMk+lDnul6zQXfADDWKrBR4zxCxSNx9EHYgvaie54zdQSoOjGy618mGCMNJ5qxtVU\nttHXNnggLy1IGJhZm7vplX+KD2OSA7gsyHCxwz4NOkJsuNhFVsUeb5x60CPIHzn5\nWhBj/dy0i+dTAoIBAQDiAR8b5CSFGH535/ycyiYAKsiFGeL7vbmkxlm/b0Ejg8Km\nR3ZXlRarEGGcGi92KOdoirgJH8DDZpSA9LPXtgeVJt4pg8yBEuUQyUwccHTZN9Xd\nWnyxSOl/kCPGuKTPde7TTlpkrAhUmhZnY1hxHdh/0ouIYM+AXuYnC2XVQJI5cu7Y\nRAtiOpFS7GyOXk2Yw4Cn0pU8FsndRplJiZQnfBqONGwP0RVZGoFOkN6liT0+NbF9\n4jTA5rhVavYE5RQy2NXtw9VpRBpKvPAVu69Vdxp5pxKxwVJULWsytKyi1jc3zyUy\nanEE5c3CZcZdHZ2Ecrk9gzrTW7ffyoWRSONnlVoVAoIBAB4s/4Nle9q3u1pg65kw\nTjAr05stCKCYOrsrMDu+Lgo9jAbD05FySBmmPT/EG8BJ9YCB9TCOJr2hg4IcJhwl\nwUYuGum/oMn/mMCjbYFzTxFYRH1zq9nyXWKMPB4A66uPYO9ABnVxUuSKjhSc05O4\n+DyIRHpCUEwX7zrMxWjoJlCRV2uyatNKgTZ3o7mQDdxdhXCz7QQVrwR2nmTE3Y1p\nlhzZRudlzbu4I+9WbPQzpw19ru2duod7yCvKM1zY4UL5pEhRZSkrkEqxBPRgJvA5\nxUh0Atpet2+buI5hvzv0SFEvyDxL4wycrUM6Xeb0PNXJV0SUAdEHULVUUPmwWS5c\n9Y0CggEBAL/ZUKPcFjU0ie3DLg7RWCr15Fjzz5UVtjygeLVP6XIFNcS4pQcyN+Lo\n2AWTJFwtXYqHggn0i31FE1c1kb7/Tw5Dk9BW7eVAEiflN2NEL/S6an1Tp8HrDczn\nk7fmKHmelziu0BcTvD0AEWg6RuKeJBSAtctH7KJPmDUlMh+BARX3/JdwqdUfQbw1\nGkmP3rV6K8H/5oSTV0ZQXOPcwnU5d1kxx2wm4ZfJdYa1C3HPvJjhPdelYIvff/bA\n1f1+onVh9QmLMkmeCp0GGFoZ58rAQSZa1FgIN29y2FlKNw6RcRYlZAGsKDhHuScz\nsA6TTzL/rKRNzPIqD6awIisZGtQHCnA=\n-----END PRIVATE KEY-----\n",
            "public_key_fingerprint_md5": "a8:6d:98:57:42:6b:4c:67:68:12:79:fb:0d:01:27:de",
            "public_key_fingerprint_sha256": "SHA256:N5LTg/07lXgivbG7xdzGQ+1/clmEKjEp6Rhq+NpZcEQ",
            "public_key_openssh": "ssh-rsa AAAAB3NzaC1yc2EAAAADAQABAAACAQDVp5UH+g03hxXh1VH0tprhkn0qW+Cay4SdcWQKsgJJO2Zc0y/neEIx4tUHCbm1g72T4l3Em/DP5thYBoOQorH1EW8Q+hbpzPBtXN2SKJhXhZwcBDuj0H2ZOqOnChylZd5rJ4YrM6p2kbbcyEUl83lkDtFZVlyohfbtlo+etfBYK4jHiiMu+/fzjRsLJGuzQ5vn1CtIfH72EisGzLBPbD31OZsq9iRrEqYP0kCvscib3GO6zZeIV2km+zAIzOz8v6+TGJfq4lVRKuGxGSfgZtWeZDgNfJWWfnKZqUovdzHlusf9yxGXrVMdY612nFHiGoR86ymKstwK9uesOV8PaekGK60JqliqMHKQVZsOyHCVrYveoZ49AmQMgW0yVL+CXUZUjhbKB2PoocU6jsXxeokOufhdSllHK3NsiskiUN8Ihxt9hLnZNocdvMIbdvasLGuq58tIHM8QskPDTd6ISm//71VDIw70viNSgJ/BBX1QkE1zJP7KwIX0AR27Se3K9bCwqz4GDVtXNTJmQ9xLr+sDTMjQ7R3XjQ7zOffzcwXuhIoU28Ga7ZHzt+wfH9j+8MmDMyKOhb3ch552m1mTORYiV365N+X53v6oTQFzLVwJA2mnYzO5j+jCgKEhGlbY6mJrFsDEV2OfTl0dagoB5ZbeAyodA6cTmXqdiYISUpymtw==\n",
            "public_key_pem": "-----BEGIN PUBLIC KEY-----\nMIICIjANBgkqhkiG9w0BAQEFAAOCAg8AMIICCgKCAgEA1aeVB/oNN4cV4dVR9Laa\n4ZJ9KlvgmsuEnXFkCrICSTtmXNMv53hCMeLVBwm5tYO9k+JdxJvwz+bYWAaDkKKx\n9RFvEPoW6czwbVzdkiiYV4WcHAQ7o9B9mTqjpwocpWXeayeGKzOqdpG23MhFJfN5\nZA7RWVZcqIX27ZaPnrXwWCuIx4ojLvv3840bCyRrs0Ob59QrSHx+9hIrBsywT2w9\n9TmbKvYkaxKmD9JAr7HIm9xjus2XiFdpJvswCMzs/L+vkxiX6uJVUSrhsRkn4GbV\nnmQ4DXyVln5ymalKL3cx5brH/csRl61THWOtdpxR4hqEfOspirLcCvbnrDlfD2np\nBiutCapYqjBykFWbDshwla2L3qGePQJkDIFtMlS/gl1GVI4Wygdj6KHFOo7F8XqJ\nDrn4XUpZRytzbIrJIlDfCIcbfYS52TaHHbzCG3b2rCxrqufLSBzPELJDw03eiEpv\n/+9VQyMO9L4jUoCfwQV9UJBNcyT+ysCF9AEdu0ntyvWwsKs+Bg1bVzUyZkPcS6/r\nA0zI0O0d140O8zn383MF7oSKFNvBmu2R87fsHx/Y/vDJgzMijoW93IeedptZkzkW\nIld+uTfl+d7+qE0Bcy1cCQNpp2MzuY/owoChIRpW2OpiaxbAxFdjn05dHWoKAeWW\n3gMqHQOnE5l6nYmCElKcprcCAwEAAQ==\n-----END PUBLIC KEY-----\n",
            "rsa_bits": 4096
          },
          "sensitive_attributes": []
        }
      ]
    }
  ],
  "check_results": null
}
