{
  "version": 4,
  "terraform_version": "1.8.2",
  "serial": 2881,
  "lineage": "ad0a05df-82b4-d7c2-43ba-a2b6e2aeb888",
  "outputs": {
    "control_plane_ip": {
      "value": "13.202.38.216",
      "type": "string"
    },
    "worker_nodes_ip": {
      "value": [
        "13.202.8.68",
        "15.206.54.35"
      ],
      "type": [
        "tuple",
        [
          "string",
          "string"
        ]
      ]
    }
  },
  "resources": [
    {
      "mode": "data",
      "type": "aws_ami",
      "name": "latest_ubuntu",
      "provider": "provider[\"registry.terraform.io/hashicorp/aws\"]",
      "instances": [
        {
          "schema_version": 0,
          "attributes": {
            "architecture": "x86_64",
            "arn": "arn:aws:ec2:ap-south-1::image/ami-0f16c6c3de733b474",
            "block_device_mappings": [
              {
                "device_name": "/dev/sda1",
                "ebs": {
                  "delete_on_termination": "true",
                  "encrypted": "false",
                  "iops": "0",
                  "snapshot_id": "snap-0f8b1559f99976cd3",
                  "throughput": "0",
                  "volume_size": "8",
                  "volume_type": "gp2"
                },
                "no_device": "",
                "virtual_name": ""
              },
              {
                "device_name": "/dev/sdb",
                "ebs": {},
                "no_device": "",
                "virtual_name": "ephemeral0"
              },
              {
                "device_name": "/dev/sdc",
                "ebs": {},
                "no_device": "",
                "virtual_name": "ephemeral1"
              }
            ],
            "boot_mode": "uefi-preferred",
            "creation_date": "2024-05-01T02:42:49.000Z",
            "deprecation_time": "2026-05-01T02:42:49.000Z",
            "description": "Canonical, Ubuntu, 22.04 LTS, amd64 jammy image build on 2024-05-01",
            "ena_support": true,
            "executable_users": null,
            "filter": [
              {
                "name": "name",
                "values": [
                  "ubuntu/images/hvm-ssd/ubuntu-jammy-22.04-amd64-server-*"
                ]
              },
              {
                "name": "virtualization-type",
                "values": [
                  "hvm"
                ]
              }
            ],
            "hypervisor": "xen",
            "id": "ami-0f16c6c3de733b474",
            "image_id": "ami-0f16c6c3de733b474",
            "image_location": "amazon/ubuntu/images/hvm-ssd/ubuntu-jammy-22.04-amd64-server-20240501",
            "image_owner_alias": "amazon",
            "image_type": "machine",
            "imds_support": "",
            "include_deprecated": false,
            "kernel_id": "",
            "most_recent": true,
            "name": "ubuntu/images/hvm-ssd/ubuntu-jammy-22.04-amd64-server-20240501",
            "name_regex": null,
            "owner_id": "099720109477",
            "owners": [
              "099720109477"
            ],
            "platform": "",
            "platform_details": "Linux/UNIX",
            "product_codes": [],
            "public": true,
            "ramdisk_id": "",
            "root_device_name": "/dev/sda1",
            "root_device_type": "ebs",
            "root_snapshot_id": "snap-0f8b1559f99976cd3",
            "sriov_net_support": "simple",
            "state": "available",
            "state_reason": {
              "code": "UNSET",
              "message": "UNSET"
            },
            "tags": {},
            "timeouts": null,
            "tpm_support": "",
            "usage_operation": "RunInstances",
            "virtualization_type": "hvm"
          },
          "sensitive_attributes": []
        }
      ]
    },
    {
      "mode": "data",
      "type": "aws_eip",
      "name": "control_plane_eip",
      "provider": "provider[\"registry.terraform.io/hashicorp/aws\"]",
      "instances": [
        {
          "schema_version": 0,
          "attributes": {
            "association_id": "",
            "carrier_ip": "",
            "customer_owned_ip": "",
            "customer_owned_ipv4_pool": "",
            "domain": "vpc",
            "filter": [
              {
                "name": "tag:Environment",
                "values": [
                  "control_plane_eip"
                ]
              }
            ],
            "id": "eipalloc-0d9d725cb9e348b86",
            "instance_id": "",
            "network_interface_id": "",
            "network_interface_owner_id": "",
            "private_dns": null,
            "private_ip": "",
            "public_dns": "ec2-13-202-38-216.ap-south-1.compute.amazonaws.com",
            "public_ip": "13.202.38.216",
            "public_ipv4_pool": "amazon",
            "tags": {
              "Environment": "control_plane_eip",
              "Name": "CONTROL_PLANE_EIP"
            },
            "timeouts": null
          },
          "sensitive_attributes": []
        }
      ]
    },
    {
      "mode": "data",
      "type": "aws_eip",
      "name": "worker_node_eips",
      "provider": "provider[\"registry.terraform.io/hashicorp/aws\"]",
      "instances": [
        {
          "index_key": 0,
          "schema_version": 0,
          "attributes": {
            "association_id": "",
            "carrier_ip": "",
            "customer_owned_ip": "",
            "customer_owned_ipv4_pool": "",
            "domain": "vpc",
            "filter": [
              {
                "name": "tag:Environment",
                "values": [
                  "worker_node_eip_1"
                ]
              }
            ],
            "id": "eipalloc-0a54744a07b3f6c62",
            "instance_id": "",
            "network_interface_id": "",
            "network_interface_owner_id": "",
            "private_dns": null,
            "private_ip": "",
            "public_dns": "ec2-13-202-8-68.ap-south-1.compute.amazonaws.com",
            "public_ip": "13.202.8.68",
            "public_ipv4_pool": "amazon",
            "tags": {
              "Environment": "worker_node_eip_1",
              "Name": "WORKER_NODE_EIP"
            },
            "timeouts": null
          },
          "sensitive_attributes": []
        },
        {
          "index_key": 1,
          "schema_version": 0,
          "attributes": {
            "association_id": "",
            "carrier_ip": "",
            "customer_owned_ip": "",
            "customer_owned_ipv4_pool": "",
            "domain": "vpc",
            "filter": [
              {
                "name": "tag:Environment",
                "values": [
                  "worker_node_eip_2"
                ]
              }
            ],
            "id": "eipalloc-0fff95625905468e1",
            "instance_id": "",
            "network_interface_id": "",
            "network_interface_owner_id": "",
            "private_dns": null,
            "private_ip": "",
            "public_dns": "ec2-15-206-54-35.ap-south-1.compute.amazonaws.com",
            "public_ip": "15.206.54.35",
            "public_ipv4_pool": "amazon",
            "tags": {
              "Environment": "worker_node_eip_2",
              "Name": "WORKER_NODE_EIP"
            },
            "timeouts": null
          },
          "sensitive_attributes": []
        }
      ]
    },
    {
      "mode": "managed",
      "type": "ansible_host",
      "name": "kubadm_demo_control_plane_host",
      "provider": "provider[\"registry.terraform.io/ansible/ansible\"]",
      "instances": [
        {
          "schema_version": 0,
          "attributes": {
            "groups": [
              "master"
            ],
            "id": "control_plane",
            "name": "control_plane",
            "variables": {
              "ansible_host": "13.202.38.216",
              "ansible_ssh_private_key_file": "./private-key.pem",
              "ansible_user": "ubuntu",
              "node_hostname": "master"
            }
          },
          "sensitive_attributes": [],
          "private": "bnVsbA==",
          "dependencies": [
            "aws_instance.kubeadm_demo_control_plane",
            "aws_key_pair.kubeadm_demo_key_pair",
            "aws_security_group.db-sg",
            "aws_security_group.kubadm_demo_sg_common",
            "aws_security_group.kubeadm_demo_sg_control_plane",
            "aws_security_group.kubeadm_demo_sg_flannel",
            "aws_subnet.kubeadm_demo_subnet",
            "aws_vpc.kubeadm_demo_vpc",
            "data.aws_ami.latest_ubuntu",
            "data.aws_eip.control_plane_eip",
            "tls_private_key.kubadm_demo_private_key"
          ]
        }
      ]
    },
    {
      "mode": "managed",
      "type": "ansible_host",
      "name": "kubadm_demo_worker_nodes_host",
      "provider": "provider[\"registry.terraform.io/ansible/ansible\"]",
      "instances": [
        {
          "index_key": 0,
          "schema_version": 0,
          "attributes": {
            "groups": [
              "workers"
            ],
            "id": "worker-0",
            "name": "worker-0",
            "variables": {
              "ansible_host": "13.202.8.68",
              "ansible_ssh_private_key_file": "./private-key.pem",
              "ansible_user": "ubuntu",
              "node_hostname": "worker-0"
            }
          },
          "sensitive_attributes": [],
          "private": "bnVsbA==",
          "dependencies": [
            "aws_instance.kubeadm_demo_worker_nodes",
            "aws_key_pair.kubeadm_demo_key_pair",
            "aws_security_group.db-sg",
            "aws_security_group.kubadm_demo_sg_common",
            "aws_security_group.kubeadm_demo_sg_flannel",
            "aws_security_group.kubeadm_demo_sg_worker_nodes",
            "aws_subnet.kubeadm_demo_subnet",
            "aws_subnet.kubeadm_demo_subnet2",
            "aws_vpc.kubeadm_demo_vpc",
            "data.aws_ami.latest_ubuntu",
            "data.aws_eip.worker_node_eips",
            "tls_private_key.kubadm_demo_private_key"
          ]
        },
        {
          "index_key": 1,
          "schema_version": 0,
          "attributes": {
            "groups": [
              "workers"
            ],
            "id": "worker-1",
            "name": "worker-1",
            "variables": {
              "ansible_host": "15.206.54.35",
              "ansible_ssh_private_key_file": "./private-key.pem",
              "ansible_user": "ubuntu",
              "node_hostname": "worker-1"
            }
          },
          "sensitive_attributes": [],
          "private": "bnVsbA==",
          "dependencies": [
            "aws_instance.kubeadm_demo_worker_nodes",
            "aws_key_pair.kubeadm_demo_key_pair",
            "aws_security_group.db-sg",
            "aws_security_group.kubadm_demo_sg_common",
            "aws_security_group.kubeadm_demo_sg_flannel",
            "aws_security_group.kubeadm_demo_sg_worker_nodes",
            "aws_subnet.kubeadm_demo_subnet",
            "aws_subnet.kubeadm_demo_subnet2",
            "aws_vpc.kubeadm_demo_vpc",
            "data.aws_ami.latest_ubuntu",
            "data.aws_eip.worker_node_eips",
            "tls_private_key.kubadm_demo_private_key"
          ]
        }
      ]
    },
    {
      "mode": "managed",
      "type": "aws_db_instance",
      "name": "rds-1",
      "provider": "provider[\"registry.terraform.io/hashicorp/aws\"]",
      "instances": [
        {
          "schema_version": 2,
          "attributes": {
            "address": "terraform-20240503063139187300000004.cvs4iqugy8m9.ap-south-1.rds.amazonaws.com",
            "allocated_storage": 10,
            "allow_major_version_upgrade": null,
            "apply_immediately": false,
            "arn": "arn:aws:rds:ap-south-1:590184017959:db:terraform-20240503063139187300000004",
            "auto_minor_version_upgrade": true,
            "availability_zone": "ap-south-1a",
            "backup_retention_period": 0,
            "backup_window": "21:35-22:05",
            "blue_green_update": [],
            "ca_cert_identifier": "rds-ca-rsa2048-g1",
            "character_set_name": "",
            "copy_tags_to_snapshot": false,
            "custom_iam_instance_profile": "",
            "customer_owned_ip_enabled": false,
            "db_name": "mydb",
            "db_subnet_group_name": "cg-4-db-sub-grp",
            "delete_automated_backups": true,
            "deletion_protection": false,
            "domain": "",
            "domain_iam_role_name": "",
            "enabled_cloudwatch_logs_exports": null,
            "endpoint": "terraform-20240503063139187300000004.cvs4iqugy8m9.ap-south-1.rds.amazonaws.com:3306",
            "engine": "mysql",
            "engine_version": "5.7",
            "engine_version_actual": "5.7.44",
            "final_snapshot_identifier": null,
            "hosted_zone_id": "Z2VFMSZA74J7XZ",
            "iam_database_authentication_enabled": false,
            "id": "db-JCVVOU6L4SZY3UU5UEFYCEWONA",
            "identifier": "terraform-20240503063139187300000004",
            "identifier_prefix": "terraform-",
            "instance_class": "db.t3.micro",
            "iops": 0,
            "kms_key_id": "",
            "latest_restorable_time": "",
            "license_model": "general-public-license",
            "listener_endpoint": [],
            "maintenance_window": "sun:12:19-sun:12:49",
            "manage_master_user_password": null,
            "master_user_secret": [],
            "master_user_secret_kms_key_id": null,
            "max_allocated_storage": 0,
            "monitoring_interval": 0,
            "monitoring_role_arn": "",
            "multi_az": false,
            "nchar_character_set_name": "",
            "network_type": "IPV4",
            "option_group_name": "default:mysql-5-7",
            "parameter_group_name": "default.mysql5.7",
            "password": "admin123",
            "performance_insights_enabled": false,
            "performance_insights_kms_key_id": "",
            "performance_insights_retention_period": 0,
            "port": 3306,
            "publicly_accessible": true,
            "replica_mode": "",
            "replicas": [],
            "replicate_source_db": "",
            "resource_id": "db-JCVVOU6L4SZY3UU5UEFYCEWONA",
            "restore_to_point_in_time": [],
            "s3_import": [],
            "skip_final_snapshot": true,
            "snapshot_identifier": null,
            "status": "available",
            "storage_encrypted": false,
            "storage_throughput": 0,
            "storage_type": "gp2",
            "tags": null,
            "tags_all": {},
            "timeouts": null,
            "timezone": "",
            "username": "admin",
            "vpc_security_group_ids": [
              "sg-07489f40594eec3cb"
            ]
          },
          "sensitive_attributes": [
            [
              {
                "type": "get_attr",
                "value": "username"
              }
            ],
            [
              {
                "type": "get_attr",
                "value": "password"
              }
            ]
          ],
          "private": "eyJlMmJmYjczMC1lY2FhLTExZTYtOGY4OC0zNDM2M2JjN2M0YzAiOnsiY3JlYXRlIjoyNDAwMDAwMDAwMDAwLCJkZWxldGUiOjM2MDAwMDAwMDAwMDAsInVwZGF0ZSI6NDgwMDAwMDAwMDAwMH0sInNjaGVtYV92ZXJzaW9uIjoiMiJ9",
          "dependencies": [
            "aws_db_subnet_group.subnet-grp",
            "aws_security_group.db-sg",
            "aws_subnet.kubeadm_demo_subnet",
            "aws_subnet.kubeadm_demo_subnet2",
            "aws_vpc.kubeadm_demo_vpc"
          ]
        }
      ]
    },
    {
      "mode": "managed",
      "type": "aws_db_subnet_group",
      "name": "subnet-grp",
      "provider": "provider[\"registry.terraform.io/hashicorp/aws\"]",
      "instances": [
        {
          "schema_version": 0,
          "attributes": {
            "arn": "arn:aws:rds:ap-south-1:590184017959:subgrp:cg-4-db-sub-grp",
            "description": "Managed by Terraform",
            "id": "cg-4-db-sub-grp",
            "name": "cg-4-db-sub-grp",
            "name_prefix": "",
            "subnet_ids": [
              "subnet-05e4302ff0fc24ee0",
              "subnet-0f9b1b688f2be4407"
            ],
            "supported_network_types": [
              "IPV4"
            ],
            "tags": null,
            "tags_all": {},
            "vpc_id": "vpc-0dd8e083d3ecd4dcb"
          },
          "sensitive_attributes": [],
          "private": "bnVsbA==",
          "dependencies": [
            "aws_subnet.kubeadm_demo_subnet",
            "aws_subnet.kubeadm_demo_subnet2",
            "aws_vpc.kubeadm_demo_vpc"
          ]
        }
      ]
    },
    {
      "mode": "managed",
      "type": "aws_eip_association",
      "name": "control_plane_eip_association",
      "provider": "provider[\"registry.terraform.io/hashicorp/aws\"]",
      "instances": [
        {
          "schema_version": 0,
          "attributes": {
            "allocation_id": "eipalloc-0d9d725cb9e348b86",
            "allow_reassociation": null,
            "id": "eipassoc-0ab726e98be479759",
            "instance_id": "i-07fc8d9acf602e2e1",
            "network_interface_id": "eni-08933f8c48a4ff0de",
            "private_ip_address": "10.0.1.96",
            "public_ip": "13.202.38.216"
          },
          "sensitive_attributes": [],
          "private": "bnVsbA==",
          "dependencies": [
            "aws_instance.kubeadm_demo_control_plane",
            "aws_key_pair.kubeadm_demo_key_pair",
            "aws_security_group.db-sg",
            "aws_security_group.kubadm_demo_sg_common",
            "aws_security_group.kubeadm_demo_sg_control_plane",
            "aws_security_group.kubeadm_demo_sg_flannel",
            "aws_subnet.kubeadm_demo_subnet",
            "aws_vpc.kubeadm_demo_vpc",
            "data.aws_ami.latest_ubuntu",
            "data.aws_eip.control_plane_eip",
            "tls_private_key.kubadm_demo_private_key"
          ]
        }
      ]
    },
    {
      "mode": "managed",
      "type": "aws_eip_association",
      "name": "worker_nodes_eip_association",
      "provider": "provider[\"registry.terraform.io/hashicorp/aws\"]",
      "instances": [
        {
          "index_key": 0,
          "schema_version": 0,
          "attributes": {
            "allocation_id": "eipalloc-0a54744a07b3f6c62",
            "allow_reassociation": null,
            "id": "eipassoc-0d38c9c47e0db5a5b",
            "instance_id": "i-0adeddd325aa01a0d",
            "network_interface_id": "eni-0994a77d228771bbb",
            "private_ip_address": "10.0.1.25",
            "public_ip": "13.202.8.68"
          },
          "sensitive_attributes": [],
          "private": "bnVsbA==",
          "dependencies": [
            "aws_instance.kubeadm_demo_worker_nodes",
            "aws_key_pair.kubeadm_demo_key_pair",
            "aws_security_group.db-sg",
            "aws_security_group.kubadm_demo_sg_common",
            "aws_security_group.kubeadm_demo_sg_flannel",
            "aws_security_group.kubeadm_demo_sg_worker_nodes",
            "aws_subnet.kubeadm_demo_subnet",
            "aws_subnet.kubeadm_demo_subnet2",
            "aws_vpc.kubeadm_demo_vpc",
            "data.aws_ami.latest_ubuntu",
            "data.aws_eip.worker_node_eips",
            "tls_private_key.kubadm_demo_private_key"
          ]
        },
        {
          "index_key": 1,
          "schema_version": 0,
          "attributes": {
            "allocation_id": "eipalloc-0fff95625905468e1",
            "allow_reassociation": null,
            "id": "eipassoc-09ac3bbb957a48314",
            "instance_id": "i-0c93ba7f75eb48036",
            "network_interface_id": "eni-05e537905afcd390e",
            "private_ip_address": "10.0.2.42",
            "public_ip": "15.206.54.35"
          },
          "sensitive_attributes": [],
          "private": "bnVsbA==",
          "dependencies": [
            "aws_instance.kubeadm_demo_worker_nodes",
            "aws_key_pair.kubeadm_demo_key_pair",
            "aws_security_group.db-sg",
            "aws_security_group.kubadm_demo_sg_common",
            "aws_security_group.kubeadm_demo_sg_flannel",
            "aws_security_group.kubeadm_demo_sg_worker_nodes",
            "aws_subnet.kubeadm_demo_subnet",
            "aws_subnet.kubeadm_demo_subnet2",
            "aws_vpc.kubeadm_demo_vpc",
            "data.aws_ami.latest_ubuntu",
            "data.aws_eip.worker_node_eips",
            "tls_private_key.kubadm_demo_private_key"
          ]
        }
      ]
    },
    {
      "mode": "managed",
      "type": "aws_instance",
      "name": "kubeadm_demo_control_plane",
      "provider": "provider[\"registry.terraform.io/hashicorp/aws\"]",
      "instances": [
        {
          "schema_version": 1,
          "attributes": {
            "ami": "ami-0f16c6c3de733b474",
            "arn": "arn:aws:ec2:ap-south-1:590184017959:instance/i-07fc8d9acf602e2e1",
            "associate_public_ip_address": true,
            "availability_zone": "ap-south-1a",
            "capacity_reservation_specification": [
              {
                "capacity_reservation_preference": "open",
                "capacity_reservation_target": []
              }
            ],
            "cpu_core_count": 1,
            "cpu_options": [
              {
                "amd_sev_snp": "",
                "core_count": 1,
                "threads_per_core": 2
              }
            ],
            "cpu_threads_per_core": 2,
            "credit_specification": [
              {
                "cpu_credits": "unlimited"
              }
            ],
            "disable_api_stop": false,
            "disable_api_termination": false,
            "ebs_block_device": [],
            "ebs_optimized": false,
            "enclave_options": [
              {
                "enabled": false
              }
            ],
            "ephemeral_block_device": [],
            "get_password_data": false,
            "hibernation": false,
            "host_id": "",
            "host_resource_group_arn": null,
            "iam_instance_profile": "",
            "id": "i-07fc8d9acf602e2e1",
            "instance_initiated_shutdown_behavior": "stop",
            "instance_lifecycle": "",
            "instance_market_options": [],
            "instance_state": "running",
            "instance_type": "t3.large",
            "ipv6_address_count": 0,
            "ipv6_addresses": [],
            "key_name": "kubeadm_demo",
            "launch_template": [],
            "maintenance_options": [
              {
                "auto_recovery": "default"
              }
            ],
            "metadata_options": [
              {
                "http_endpoint": "enabled",
                "http_put_response_hop_limit": 1,
                "http_tokens": "optional",
                "instance_metadata_tags": "disabled"
              }
            ],
            "monitoring": false,
            "network_interface": [],
            "outpost_arn": "",
            "password_data": "",
            "placement_group": "",
            "placement_partition_number": 0,
            "primary_network_interface_id": "eni-08933f8c48a4ff0de",
            "private_dns": "ip-10-0-1-96.ap-south-1.compute.internal",
            "private_dns_name_options": [
              {
                "enable_resource_name_dns_a_record": false,
                "enable_resource_name_dns_aaaa_record": false,
                "hostname_type": "ip-name"
              }
            ],
            "private_ip": "10.0.1.96",
            "public_dns": "ec2-35-154-207-161.ap-south-1.compute.amazonaws.com",
            "public_ip": "35.154.207.161",
            "root_block_device": [
              {
                "delete_on_termination": true,
                "device_name": "/dev/sda1",
                "encrypted": false,
                "iops": 100,
                "kms_key_id": "",
                "tags": null,
                "throughput": 0,
                "volume_id": "vol-09301ca40205300d5",
                "volume_size": 20,
                "volume_type": "gp2"
              }
            ],
            "secondary_private_ips": [],
            "security_groups": [
              "sg-00be4b50dbea71010",
              "sg-06fc5518e98f7694e",
              "sg-07489f40594eec3cb",
              "sg-0a78e638eeb7e8aa7"
            ],
            "source_dest_check": true,
            "spot_instance_request_id": "",
            "subnet_id": "subnet-05e4302ff0fc24ee0",
            "tags": {
              "Name": "Kubeadm Master",
              "Role": "Control plane node"
            },
            "tags_all": {
              "Name": "Kubeadm Master",
              "Role": "Control plane node"
            },
            "tenancy": "default",
            "timeouts": null,
            "user_data": null,
            "user_data_base64": null,
            "user_data_replace_on_change": false,
            "volume_tags": null,
            "vpc_security_group_ids": [
              "sg-00be4b50dbea71010",
              "sg-06fc5518e98f7694e",
              "sg-07489f40594eec3cb",
              "sg-0a78e638eeb7e8aa7"
            ]
          },
          "sensitive_attributes": [],
          "private": "eyJlMmJmYjczMC1lY2FhLTExZTYtOGY4OC0zNDM2M2JjN2M0YzAiOnsiY3JlYXRlIjo2MDAwMDAwMDAwMDAsImRlbGV0ZSI6MTIwMDAwMDAwMDAwMCwidXBkYXRlIjo2MDAwMDAwMDAwMDB9LCJzY2hlbWFfdmVyc2lvbiI6IjEifQ==",
          "dependencies": [
            "aws_key_pair.kubeadm_demo_key_pair",
            "aws_security_group.db-sg",
            "aws_security_group.kubadm_demo_sg_common",
            "aws_security_group.kubeadm_demo_sg_control_plane",
            "aws_security_group.kubeadm_demo_sg_flannel",
            "aws_subnet.kubeadm_demo_subnet",
            "aws_vpc.kubeadm_demo_vpc",
            "data.aws_ami.latest_ubuntu",
            "data.aws_eip.control_plane_eip",
            "tls_private_key.kubadm_demo_private_key"
          ]
        }
      ]
    },
    {
      "mode": "managed",
      "type": "aws_instance",
      "name": "kubeadm_demo_worker_nodes",
      "provider": "provider[\"registry.terraform.io/hashicorp/aws\"]",
      "instances": [
        {
          "index_key": 0,
          "schema_version": 1,
          "attributes": {
            "ami": "ami-0f16c6c3de733b474",
            "arn": "arn:aws:ec2:ap-south-1:590184017959:instance/i-0adeddd325aa01a0d",
            "associate_public_ip_address": true,
            "availability_zone": "ap-south-1a",
            "capacity_reservation_specification": [
              {
                "capacity_reservation_preference": "open",
                "capacity_reservation_target": []
              }
            ],
            "cpu_core_count": 1,
            "cpu_options": [
              {
                "amd_sev_snp": "",
                "core_count": 1,
                "threads_per_core": 2
              }
            ],
            "cpu_threads_per_core": 2,
            "credit_specification": [
              {
                "cpu_credits": "unlimited"
              }
            ],
            "disable_api_stop": false,
            "disable_api_termination": false,
            "ebs_block_device": [],
            "ebs_optimized": false,
            "enclave_options": [
              {
                "enabled": false
              }
            ],
            "ephemeral_block_device": [],
            "get_password_data": false,
            "hibernation": false,
            "host_id": "",
            "host_resource_group_arn": null,
            "iam_instance_profile": "",
            "id": "i-0adeddd325aa01a0d",
            "instance_initiated_shutdown_behavior": "stop",
            "instance_lifecycle": "",
            "instance_market_options": [],
            "instance_state": "running",
            "instance_type": "t3.large",
            "ipv6_address_count": 0,
            "ipv6_addresses": [],
            "key_name": "kubeadm_demo",
            "launch_template": [],
            "maintenance_options": [
              {
                "auto_recovery": "default"
              }
            ],
            "metadata_options": [
              {
                "http_endpoint": "enabled",
                "http_put_response_hop_limit": 1,
                "http_tokens": "optional",
                "instance_metadata_tags": "disabled"
              }
            ],
            "monitoring": false,
            "network_interface": [],
            "outpost_arn": "",
            "password_data": "",
            "placement_group": "",
            "placement_partition_number": 0,
            "primary_network_interface_id": "eni-0994a77d228771bbb",
            "private_dns": "ip-10-0-1-25.ap-south-1.compute.internal",
            "private_dns_name_options": [
              {
                "enable_resource_name_dns_a_record": false,
                "enable_resource_name_dns_aaaa_record": false,
                "hostname_type": "ip-name"
              }
            ],
            "private_ip": "10.0.1.25",
            "public_dns": "ec2-3-110-128-34.ap-south-1.compute.amazonaws.com",
            "public_ip": "3.110.128.34",
            "root_block_device": [
              {
                "delete_on_termination": true,
                "device_name": "/dev/sda1",
                "encrypted": false,
                "iops": 100,
                "kms_key_id": "",
                "tags": null,
                "throughput": 0,
                "volume_id": "vol-07454f836452d2f8f",
                "volume_size": 20,
                "volume_type": "gp2"
              }
            ],
            "secondary_private_ips": [],
            "security_groups": [
              "sg-059c9e4c111e0cd5b",
              "sg-06fc5518e98f7694e",
              "sg-07489f40594eec3cb",
              "sg-0a78e638eeb7e8aa7"
            ],
            "source_dest_check": true,
            "spot_instance_request_id": "",
            "subnet_id": "subnet-05e4302ff0fc24ee0",
            "tags": {
              "Name": "Kubeadm Worker 0",
              "Role": "Worker node"
            },
            "tags_all": {
              "Name": "Kubeadm Worker 0",
              "Role": "Worker node"
            },
            "tenancy": "default",
            "timeouts": null,
            "user_data": null,
            "user_data_base64": null,
            "user_data_replace_on_change": false,
            "volume_tags": null,
            "vpc_security_group_ids": [
              "sg-059c9e4c111e0cd5b",
              "sg-06fc5518e98f7694e",
              "sg-07489f40594eec3cb",
              "sg-0a78e638eeb7e8aa7"
            ]
          },
          "sensitive_attributes": [],
          "private": "eyJlMmJmYjczMC1lY2FhLTExZTYtOGY4OC0zNDM2M2JjN2M0YzAiOnsiY3JlYXRlIjo2MDAwMDAwMDAwMDAsImRlbGV0ZSI6MTIwMDAwMDAwMDAwMCwidXBkYXRlIjo2MDAwMDAwMDAwMDB9LCJzY2hlbWFfdmVyc2lvbiI6IjEifQ==",
          "dependencies": [
            "aws_key_pair.kubeadm_demo_key_pair",
            "aws_security_group.db-sg",
            "aws_security_group.kubadm_demo_sg_common",
            "aws_security_group.kubeadm_demo_sg_flannel",
            "aws_security_group.kubeadm_demo_sg_worker_nodes",
            "aws_subnet.kubeadm_demo_subnet",
            "aws_subnet.kubeadm_demo_subnet2",
            "aws_vpc.kubeadm_demo_vpc",
            "data.aws_ami.latest_ubuntu",
            "data.aws_eip.worker_node_eips",
            "tls_private_key.kubadm_demo_private_key"
          ]
        },
        {
          "index_key": 1,
          "schema_version": 1,
          "attributes": {
            "ami": "ami-0f16c6c3de733b474",
            "arn": "arn:aws:ec2:ap-south-1:590184017959:instance/i-0c93ba7f75eb48036",
            "associate_public_ip_address": true,
            "availability_zone": "ap-south-1b",
            "capacity_reservation_specification": [
              {
                "capacity_reservation_preference": "open",
                "capacity_reservation_target": []
              }
            ],
            "cpu_core_count": 1,
            "cpu_options": [
              {
                "amd_sev_snp": "",
                "core_count": 1,
                "threads_per_core": 2
              }
            ],
            "cpu_threads_per_core": 2,
            "credit_specification": [
              {
                "cpu_credits": "unlimited"
              }
            ],
            "disable_api_stop": false,
            "disable_api_termination": false,
            "ebs_block_device": [],
            "ebs_optimized": false,
            "enclave_options": [
              {
                "enabled": false
              }
            ],
            "ephemeral_block_device": [],
            "get_password_data": false,
            "hibernation": false,
            "host_id": "",
            "host_resource_group_arn": null,
            "iam_instance_profile": "",
            "id": "i-0c93ba7f75eb48036",
            "instance_initiated_shutdown_behavior": "stop",
            "instance_lifecycle": "",
            "instance_market_options": [],
            "instance_state": "running",
            "instance_type": "t3.large",
            "ipv6_address_count": 0,
            "ipv6_addresses": [],
            "key_name": "kubeadm_demo",
            "launch_template": [],
            "maintenance_options": [
              {
                "auto_recovery": "default"
              }
            ],
            "metadata_options": [
              {
                "http_endpoint": "enabled",
                "http_put_response_hop_limit": 1,
                "http_tokens": "optional",
                "instance_metadata_tags": "disabled"
              }
            ],
            "monitoring": false,
            "network_interface": [],
            "outpost_arn": "",
            "password_data": "",
            "placement_group": "",
            "placement_partition_number": 0,
            "primary_network_interface_id": "eni-05e537905afcd390e",
            "private_dns": "ip-10-0-2-42.ap-south-1.compute.internal",
            "private_dns_name_options": [
              {
                "enable_resource_name_dns_a_record": false,
                "enable_resource_name_dns_aaaa_record": false,
                "hostname_type": "ip-name"
              }
            ],
            "private_ip": "10.0.2.42",
            "public_dns": "ec2-43-204-220-46.ap-south-1.compute.amazonaws.com",
            "public_ip": "43.204.220.46",
            "root_block_device": [
              {
                "delete_on_termination": true,
                "device_name": "/dev/sda1",
                "encrypted": false,
                "iops": 100,
                "kms_key_id": "",
                "tags": null,
                "throughput": 0,
                "volume_id": "vol-06de3a41767418a05",
                "volume_size": 20,
                "volume_type": "gp2"
              }
            ],
            "secondary_private_ips": [],
            "security_groups": [
              "sg-059c9e4c111e0cd5b",
              "sg-06fc5518e98f7694e",
              "sg-07489f40594eec3cb",
              "sg-0a78e638eeb7e8aa7"
            ],
            "source_dest_check": true,
            "spot_instance_request_id": "",
            "subnet_id": "subnet-0f9b1b688f2be4407",
            "tags": {
              "Name": "Kubeadm Worker 1",
              "Role": "Worker node"
            },
            "tags_all": {
              "Name": "Kubeadm Worker 1",
              "Role": "Worker node"
            },
            "tenancy": "default",
            "timeouts": null,
            "user_data": null,
            "user_data_base64": null,
            "user_data_replace_on_change": false,
            "volume_tags": null,
            "vpc_security_group_ids": [
              "sg-059c9e4c111e0cd5b",
              "sg-06fc5518e98f7694e",
              "sg-07489f40594eec3cb",
              "sg-0a78e638eeb7e8aa7"
            ]
          },
          "sensitive_attributes": [],
          "private": "eyJlMmJmYjczMC1lY2FhLTExZTYtOGY4OC0zNDM2M2JjN2M0YzAiOnsiY3JlYXRlIjo2MDAwMDAwMDAwMDAsImRlbGV0ZSI6MTIwMDAwMDAwMDAwMCwidXBkYXRlIjo2MDAwMDAwMDAwMDB9LCJzY2hlbWFfdmVyc2lvbiI6IjEifQ==",
          "dependencies": [
            "aws_key_pair.kubeadm_demo_key_pair",
            "aws_security_group.db-sg",
            "aws_security_group.kubadm_demo_sg_common",
            "aws_security_group.kubeadm_demo_sg_flannel",
            "aws_security_group.kubeadm_demo_sg_worker_nodes",
            "aws_subnet.kubeadm_demo_subnet",
            "aws_subnet.kubeadm_demo_subnet2",
            "aws_vpc.kubeadm_demo_vpc",
            "data.aws_ami.latest_ubuntu",
            "data.aws_eip.worker_node_eips",
            "tls_private_key.kubadm_demo_private_key"
          ]
        }
      ]
    },
    {
      "mode": "managed",
      "type": "aws_internet_gateway",
      "name": "kubeadm_demo_igw",
      "provider": "provider[\"registry.terraform.io/hashicorp/aws\"]",
      "instances": [
        {
          "schema_version": 0,
          "attributes": {
            "arn": "arn:aws:ec2:ap-south-1:590184017959:internet-gateway/igw-08689cd5cd9f07647",
            "id": "igw-08689cd5cd9f07647",
            "owner_id": "590184017959",
            "tags": {
              "Name": "Kubeadm Demo Internet GW"
            },
            "tags_all": {
              "Name": "Kubeadm Demo Internet GW"
            },
            "timeouts": null,
            "vpc_id": "vpc-0dd8e083d3ecd4dcb"
          },
          "sensitive_attributes": [],
          "private": "eyJlMmJmYjczMC1lY2FhLTExZTYtOGY4OC0zNDM2M2JjN2M0YzAiOnsiY3JlYXRlIjoxMjAwMDAwMDAwMDAwLCJkZWxldGUiOjEyMDAwMDAwMDAwMDAsInVwZGF0ZSI6MTIwMDAwMDAwMDAwMH19",
          "dependencies": [
            "aws_vpc.kubeadm_demo_vpc"
          ]
        }
      ]
    },
    {
      "mode": "managed",
      "type": "aws_key_pair",
      "name": "kubeadm_demo_key_pair",
      "provider": "provider[\"registry.terraform.io/hashicorp/aws\"]",
      "instances": [
        {
          "schema_version": 1,
          "attributes": {
            "arn": "arn:aws:ec2:ap-south-1:590184017959:key-pair/kubeadm_demo",
            "fingerprint": "01:0b:56:62:73:f6:5a:2c:dd:be:9c:b7:f1:05:09:7a",
            "id": "kubeadm_demo",
            "key_name": "kubeadm_demo",
            "key_name_prefix": "",
            "key_pair_id": "key-03322f15533062816",
            "key_type": "rsa",
            "public_key": "ssh-rsa AAAAB3NzaC1yc2EAAAADAQABAAACAQDYjI5k4OImegH13iAbxatkV1gmA1dBy/mHXfPr+TVCYe920xT3hSJ4Rnj+N9xycmC7Aslgv+1lkgm7wuw5auUsGBPprocodUjg0QT9SRe8IO5TyuOLI5Yn1YRJfw5LSeRyJ8GbFhQ+lBu5jk14lRl8pkjyZS3y8vkADgiBs5awDTbf+3fAVRhucfzCyE0kbfiYOS3GOz25e9q0Na1aLoaMLF/wKmj6Uq8q9c8QV1Hjc8hq28pdYca+gOOfhRLoeSCcupTkQiZle0DNYpZjdKEMY9g3h3H+nf/34PN/T9sinhE2cMpo9z58A8gZTVlJdV2LeMSxDk0evwwUWghqfDryeP0V414tcx08WLlBktTTpUlFXzamCYb8IfE7ZWfQmm5IS5ugXtTZWMYb51J82a+kWGR942epqdI/WZuHTkoYXKd+nKgO33tY60veeCigdzQotH8A7EN343YKqj0hEjjJlO7nXonyvjwaEbVgWqXl4hF3m71CQdUfoOdqXihGCbf2VMtvNZrD5XbyQ9WFXT+PZgFKfcKMsMtgtYQc1iU7BwvYzRvwzCbxDqTVm7DB/MYg3LwSWcUT7iudPyCw7wnfbdTHiS8Uds4XYs37QeEI4JZn6EPmHkvLKUkNQIiKF1Aao2nWS6tfClUYtQd4VUTr0imMYBV/IjpyTraw9b4CqQ==",
            "tags": null,
            "tags_all": {}
          },
          "sensitive_attributes": [],
          "private": "eyJzY2hlbWFfdmVyc2lvbiI6IjEifQ==",
          "dependencies": [
            "tls_private_key.kubadm_demo_private_key"
          ]
        }
      ]
    },
    {
      "mode": "managed",
      "type": "aws_route_table",
      "name": "kubeadm_demo_routetable",
      "provider": "provider[\"registry.terraform.io/hashicorp/aws\"]",
      "instances": [
        {
          "schema_version": 0,
          "attributes": {
            "arn": "arn:aws:ec2:ap-south-1:590184017959:route-table/rtb-05b953ec51379ad37",
            "id": "rtb-05b953ec51379ad37",
            "owner_id": "590184017959",
            "propagating_vgws": [],
            "route": [
              {
                "carrier_gateway_id": "",
                "cidr_block": "0.0.0.0/0",
                "core_network_arn": "",
                "destination_prefix_list_id": "",
                "egress_only_gateway_id": "",
                "gateway_id": "igw-08689cd5cd9f07647",
                "ipv6_cidr_block": "",
                "local_gateway_id": "",
                "nat_gateway_id": "",
                "network_interface_id": "",
                "transit_gateway_id": "",
                "vpc_endpoint_id": "",
                "vpc_peering_connection_id": ""
              }
            ],
            "tags": {
              "Name": "kubeadm Demo IGW route table"
            },
            "tags_all": {
              "Name": "kubeadm Demo IGW route table"
            },
            "timeouts": null,
            "vpc_id": "vpc-0dd8e083d3ecd4dcb"
          },
          "sensitive_attributes": [],
          "private": "eyJlMmJmYjczMC1lY2FhLTExZTYtOGY4OC0zNDM2M2JjN2M0YzAiOnsiY3JlYXRlIjozMDAwMDAwMDAwMDAsImRlbGV0ZSI6MzAwMDAwMDAwMDAwLCJ1cGRhdGUiOjEyMDAwMDAwMDAwMH19",
          "dependencies": [
            "aws_internet_gateway.kubeadm_demo_igw",
            "aws_vpc.kubeadm_demo_vpc"
          ]
        }
      ]
    },
    {
      "mode": "managed",
      "type": "aws_route_table_association",
      "name": "kubeadm_demo_route_association",
      "provider": "provider[\"registry.terraform.io/hashicorp/aws\"]",
      "instances": [
        {
          "schema_version": 0,
          "attributes": {
            "gateway_id": "",
            "id": "rtbassoc-0fecf99c732c59e8a",
            "route_table_id": "rtb-05b953ec51379ad37",
            "subnet_id": "subnet-05e4302ff0fc24ee0",
            "timeouts": null
          },
          "sensitive_attributes": [],
          "private": "eyJlMmJmYjczMC1lY2FhLTExZTYtOGY4OC0zNDM2M2JjN2M0YzAiOnsiY3JlYXRlIjozMDAwMDAwMDAwMDAsImRlbGV0ZSI6MzAwMDAwMDAwMDAwLCJ1cGRhdGUiOjEyMDAwMDAwMDAwMH19",
          "dependencies": [
            "aws_internet_gateway.kubeadm_demo_igw",
            "aws_route_table.kubeadm_demo_routetable",
            "aws_subnet.kubeadm_demo_subnet",
            "aws_vpc.kubeadm_demo_vpc"
          ]
        }
      ]
    },
    {
      "mode": "managed",
      "type": "aws_route_table_association",
      "name": "kubeadm_demo_route_association2",
      "provider": "provider[\"registry.terraform.io/hashicorp/aws\"]",
      "instances": [
        {
          "schema_version": 0,
          "attributes": {
            "gateway_id": "",
            "id": "rtbassoc-0a8fa2366730eb4c0",
            "route_table_id": "rtb-05b953ec51379ad37",
            "subnet_id": "subnet-0f9b1b688f2be4407",
            "timeouts": null
          },
          "sensitive_attributes": [],
          "private": "eyJlMmJmYjczMC1lY2FhLTExZTYtOGY4OC0zNDM2M2JjN2M0YzAiOnsiY3JlYXRlIjozMDAwMDAwMDAwMDAsImRlbGV0ZSI6MzAwMDAwMDAwMDAwLCJ1cGRhdGUiOjEyMDAwMDAwMDAwMH19",
          "dependencies": [
            "aws_internet_gateway.kubeadm_demo_igw",
            "aws_route_table.kubeadm_demo_routetable",
            "aws_subnet.kubeadm_demo_subnet2",
            "aws_vpc.kubeadm_demo_vpc"
          ]
        }
      ]
    },
    {
      "mode": "managed",
      "type": "aws_security_group",
      "name": "db-sg",
      "provider": "provider[\"registry.terraform.io/hashicorp/aws\"]",
      "instances": [
        {
          "schema_version": 1,
          "attributes": {
            "arn": "arn:aws:ec2:ap-south-1:590184017959:security-group/sg-07489f40594eec3cb",
            "description": "Allow tls for inbound traffic",
            "egress": [
              {
                "cidr_blocks": [
                  "0.0.0.0/0"
                ],
                "description": "",
                "from_port": 0,
                "ipv6_cidr_blocks": [
                  "::/0"
                ],
                "prefix_list_ids": [],
                "protocol": "-1",
                "security_groups": [],
                "self": false,
                "to_port": 0
              }
            ],
            "id": "sg-07489f40594eec3cb",
            "ingress": [
              {
                "cidr_blocks": [
                  "0.0.0.0/0"
                ],
                "description": "",
                "from_port": 3306,
                "ipv6_cidr_blocks": [],
                "prefix_list_ids": [],
                "protocol": "tcp",
                "security_groups": [],
                "self": false,
                "to_port": 3306
              }
            ],
            "name": "cg-4-db-sg",
            "name_prefix": "",
            "owner_id": "590184017959",
            "revoke_rules_on_delete": false,
            "tags": {
              "Name": "cg-4-db-sg"
            },
            "tags_all": {
              "Name": "cg-4-db-sg"
            },
            "timeouts": null,
            "vpc_id": "vpc-0dd8e083d3ecd4dcb"
          },
          "sensitive_attributes": [],
          "private": "eyJlMmJmYjczMC1lY2FhLTExZTYtOGY4OC0zNDM2M2JjN2M0YzAiOnsiY3JlYXRlIjo2MDAwMDAwMDAwMDAsImRlbGV0ZSI6OTAwMDAwMDAwMDAwfSwic2NoZW1hX3ZlcnNpb24iOiIxIn0=",
          "dependencies": [
            "aws_vpc.kubeadm_demo_vpc"
          ]
        }
      ]
    },
    {
      "mode": "managed",
      "type": "aws_security_group",
      "name": "kubadm_demo_sg_common",
      "provider": "provider[\"registry.terraform.io/hashicorp/aws\"]",
      "instances": [
        {
          "schema_version": 1,
          "attributes": {
            "arn": "arn:aws:ec2:ap-south-1:590184017959:security-group/sg-0a78e638eeb7e8aa7",
            "description": "Managed by Terraform",
            "egress": [
              {
                "cidr_blocks": [
                  "0.0.0.0/0"
                ],
                "description": "",
                "from_port": 0,
                "ipv6_cidr_blocks": [],
                "prefix_list_ids": [],
                "protocol": "-1",
                "security_groups": [],
                "self": false,
                "to_port": 0
              }
            ],
            "id": "sg-0a78e638eeb7e8aa7",
            "ingress": [
              {
                "cidr_blocks": [
                  "0.0.0.0/0"
                ],
                "description": "Allow HTTP",
                "from_port": 80,
                "ipv6_cidr_blocks": [],
                "prefix_list_ids": [],
                "protocol": "tcp",
                "security_groups": [],
                "self": false,
                "to_port": 80
              },
              {
                "cidr_blocks": [
                  "0.0.0.0/0"
                ],
                "description": "Allow HTTPS",
                "from_port": 443,
                "ipv6_cidr_blocks": [],
                "prefix_list_ids": [],
                "protocol": "tcp",
                "security_groups": [],
                "self": false,
                "to_port": 443
              },
              {
                "cidr_blocks": [
                  "0.0.0.0/0"
                ],
                "description": "Allow SSH",
                "from_port": 22,
                "ipv6_cidr_blocks": [],
                "prefix_list_ids": [],
                "protocol": "tcp",
                "security_groups": [],
                "self": false,
                "to_port": 22
              }
            ],
            "name": "common-ports",
            "name_prefix": "",
            "owner_id": "590184017959",
            "revoke_rules_on_delete": false,
            "tags": {
              "Name": "common ports"
            },
            "tags_all": {
              "Name": "common ports"
            },
            "timeouts": null,
            "vpc_id": "vpc-0dd8e083d3ecd4dcb"
          },
          "sensitive_attributes": [],
          "private": "eyJlMmJmYjczMC1lY2FhLTExZTYtOGY4OC0zNDM2M2JjN2M0YzAiOnsiY3JlYXRlIjo2MDAwMDAwMDAwMDAsImRlbGV0ZSI6OTAwMDAwMDAwMDAwfSwic2NoZW1hX3ZlcnNpb24iOiIxIn0=",
          "dependencies": [
            "aws_vpc.kubeadm_demo_vpc"
          ]
        }
      ]
    },
    {
      "mode": "managed",
      "type": "aws_security_group",
      "name": "kubeadm_demo_sg_control_plane",
      "provider": "provider[\"registry.terraform.io/hashicorp/aws\"]",
      "instances": [
        {
          "schema_version": 1,
          "attributes": {
            "arn": "arn:aws:ec2:ap-south-1:590184017959:security-group/sg-00be4b50dbea71010",
            "description": "Managed by Terraform",
            "egress": [],
            "id": "sg-00be4b50dbea71010",
            "ingress": [
              {
                "cidr_blocks": [
                  "0.0.0.0/0"
                ],
                "description": "API Server",
                "from_port": 6443,
                "ipv6_cidr_blocks": [],
                "prefix_list_ids": [],
                "protocol": "tcp",
                "security_groups": [],
                "self": false,
                "to_port": 6443
              },
              {
                "cidr_blocks": [
                  "0.0.0.0/0"
                ],
                "description": "Kube Contoller Manager",
                "from_port": 10257,
                "ipv6_cidr_blocks": [],
                "prefix_list_ids": [],
                "protocol": "tcp",
                "security_groups": [],
                "self": false,
                "to_port": 10257
              },
              {
                "cidr_blocks": [
                  "0.0.0.0/0"
                ],
                "description": "Kube Scheduler",
                "from_port": 10259,
                "ipv6_cidr_blocks": [],
                "prefix_list_ids": [],
                "protocol": "tcp",
                "security_groups": [],
                "self": false,
                "to_port": 10259
              },
              {
                "cidr_blocks": [
                  "0.0.0.0/0"
                ],
                "description": "Kubelet API",
                "from_port": 2379,
                "ipv6_cidr_blocks": [],
                "prefix_list_ids": [],
                "protocol": "tcp",
                "security_groups": [],
                "self": false,
                "to_port": 2380
              },
              {
                "cidr_blocks": [
                  "0.0.0.0/0"
                ],
                "description": "etcd server client API",
                "from_port": 10250,
                "ipv6_cidr_blocks": [],
                "prefix_list_ids": [],
                "protocol": "tcp",
                "security_groups": [],
                "self": false,
                "to_port": 10250
              }
            ],
            "name": "kubeadm-control-plane security group",
            "name_prefix": "",
            "owner_id": "590184017959",
            "revoke_rules_on_delete": false,
            "tags": {
              "Name": "Control Plane SG"
            },
            "tags_all": {
              "Name": "Control Plane SG"
            },
            "timeouts": null,
            "vpc_id": "vpc-0dd8e083d3ecd4dcb"
          },
          "sensitive_attributes": [],
          "private": "eyJlMmJmYjczMC1lY2FhLTExZTYtOGY4OC0zNDM2M2JjN2M0YzAiOnsiY3JlYXRlIjo2MDAwMDAwMDAwMDAsImRlbGV0ZSI6OTAwMDAwMDAwMDAwfSwic2NoZW1hX3ZlcnNpb24iOiIxIn0=",
          "dependencies": [
            "aws_vpc.kubeadm_demo_vpc"
          ]
        }
      ]
    },
    {
      "mode": "managed",
      "type": "aws_security_group",
      "name": "kubeadm_demo_sg_flannel",
      "provider": "provider[\"registry.terraform.io/hashicorp/aws\"]",
      "instances": [
        {
          "schema_version": 1,
          "attributes": {
            "arn": "arn:aws:ec2:ap-south-1:590184017959:security-group/sg-06fc5518e98f7694e",
            "description": "Managed by Terraform",
            "egress": [],
            "id": "sg-06fc5518e98f7694e",
            "ingress": [
              {
                "cidr_blocks": [
                  "0.0.0.0/0"
                ],
                "description": "flannel overlay backend",
                "from_port": 8285,
                "ipv6_cidr_blocks": [],
                "prefix_list_ids": [],
                "protocol": "udp",
                "security_groups": [],
                "self": false,
                "to_port": 8285
              },
              {
                "cidr_blocks": [
                  "0.0.0.0/0"
                ],
                "description": "flannel vxlan backend",
                "from_port": 8472,
                "ipv6_cidr_blocks": [],
                "prefix_list_ids": [],
                "protocol": "udp",
                "security_groups": [],
                "self": false,
                "to_port": 8472
              }
            ],
            "name": "flannel-overlay-backend",
            "name_prefix": "",
            "owner_id": "590184017959",
            "revoke_rules_on_delete": false,
            "tags": {
              "Name": "Flannel Overlay backend"
            },
            "tags_all": {
              "Name": "Flannel Overlay backend"
            },
            "timeouts": null,
            "vpc_id": "vpc-0dd8e083d3ecd4dcb"
          },
          "sensitive_attributes": [],
          "private": "eyJlMmJmYjczMC1lY2FhLTExZTYtOGY4OC0zNDM2M2JjN2M0YzAiOnsiY3JlYXRlIjo2MDAwMDAwMDAwMDAsImRlbGV0ZSI6OTAwMDAwMDAwMDAwfSwic2NoZW1hX3ZlcnNpb24iOiIxIn0=",
          "dependencies": [
            "aws_vpc.kubeadm_demo_vpc"
          ]
        }
      ]
    },
    {
      "mode": "managed",
      "type": "aws_security_group",
      "name": "kubeadm_demo_sg_worker_nodes",
      "provider": "provider[\"registry.terraform.io/hashicorp/aws\"]",
      "instances": [
        {
          "schema_version": 1,
          "attributes": {
            "arn": "arn:aws:ec2:ap-south-1:590184017959:security-group/sg-059c9e4c111e0cd5b",
            "description": "Managed by Terraform",
            "egress": [],
            "id": "sg-059c9e4c111e0cd5b",
            "ingress": [
              {
                "cidr_blocks": [
                  "0.0.0.0/0"
                ],
                "description": "NodePort services",
                "from_port": 30000,
                "ipv6_cidr_blocks": [],
                "prefix_list_ids": [],
                "protocol": "tcp",
                "security_groups": [],
                "self": false,
                "to_port": 32767
              },
              {
                "cidr_blocks": [
                  "0.0.0.0/0"
                ],
                "description": "kubelet API",
                "from_port": 10250,
                "ipv6_cidr_blocks": [],
                "prefix_list_ids": [],
                "protocol": "tcp",
                "security_groups": [],
                "self": false,
                "to_port": 10250
              }
            ],
            "name": "kubeadm-worker-node security group",
            "name_prefix": "",
            "owner_id": "590184017959",
            "revoke_rules_on_delete": false,
            "tags": {
              "Name": "Worker Nodes SG"
            },
            "tags_all": {
              "Name": "Worker Nodes SG"
            },
            "timeouts": null,
            "vpc_id": "vpc-0dd8e083d3ecd4dcb"
          },
          "sensitive_attributes": [],
          "private": "eyJlMmJmYjczMC1lY2FhLTExZTYtOGY4OC0zNDM2M2JjN2M0YzAiOnsiY3JlYXRlIjo2MDAwMDAwMDAwMDAsImRlbGV0ZSI6OTAwMDAwMDAwMDAwfSwic2NoZW1hX3ZlcnNpb24iOiIxIn0=",
          "dependencies": [
            "aws_vpc.kubeadm_demo_vpc"
          ]
        }
      ]
    },
    {
      "mode": "managed",
      "type": "aws_subnet",
      "name": "kubeadm_demo_subnet",
      "provider": "provider[\"registry.terraform.io/hashicorp/aws\"]",
      "instances": [
        {
          "schema_version": 1,
          "attributes": {
            "arn": "arn:aws:ec2:ap-south-1:590184017959:subnet/subnet-05e4302ff0fc24ee0",
            "assign_ipv6_address_on_creation": false,
            "availability_zone": "ap-south-1a",
            "availability_zone_id": "aps1-az1",
            "cidr_block": "10.0.1.0/24",
            "customer_owned_ipv4_pool": "",
            "enable_dns64": false,
            "enable_lni_at_device_index": 0,
            "enable_resource_name_dns_a_record_on_launch": false,
            "enable_resource_name_dns_aaaa_record_on_launch": false,
            "id": "subnet-05e4302ff0fc24ee0",
            "ipv6_cidr_block": "",
            "ipv6_cidr_block_association_id": "",
            "ipv6_native": false,
            "map_customer_owned_ip_on_launch": false,
            "map_public_ip_on_launch": true,
            "outpost_arn": "",
            "owner_id": "590184017959",
            "private_dns_hostname_type_on_launch": "ip-name",
            "tags": {
              "Name": "kubadm_demo_public_subnet"
            },
            "tags_all": {
              "Name": "kubadm_demo_public_subnet"
            },
            "timeouts": null,
            "vpc_id": "vpc-0dd8e083d3ecd4dcb"
          },
          "sensitive_attributes": [],
          "private": "eyJlMmJmYjczMC1lY2FhLTExZTYtOGY4OC0zNDM2M2JjN2M0YzAiOnsiY3JlYXRlIjo2MDAwMDAwMDAwMDAsImRlbGV0ZSI6MTIwMDAwMDAwMDAwMH0sInNjaGVtYV92ZXJzaW9uIjoiMSJ9",
          "dependencies": [
            "aws_vpc.kubeadm_demo_vpc"
          ]
        }
      ]
    },
    {
      "mode": "managed",
      "type": "aws_subnet",
      "name": "kubeadm_demo_subnet2",
      "provider": "provider[\"registry.terraform.io/hashicorp/aws\"]",
      "instances": [
        {
          "schema_version": 1,
          "attributes": {
            "arn": "arn:aws:ec2:ap-south-1:590184017959:subnet/subnet-0f9b1b688f2be4407",
            "assign_ipv6_address_on_creation": false,
            "availability_zone": "ap-south-1b",
            "availability_zone_id": "aps1-az3",
            "cidr_block": "10.0.2.0/24",
            "customer_owned_ipv4_pool": "",
            "enable_dns64": false,
            "enable_lni_at_device_index": 0,
            "enable_resource_name_dns_a_record_on_launch": false,
            "enable_resource_name_dns_aaaa_record_on_launch": false,
            "id": "subnet-0f9b1b688f2be4407",
            "ipv6_cidr_block": "",
            "ipv6_cidr_block_association_id": "",
            "ipv6_native": false,
            "map_customer_owned_ip_on_launch": false,
            "map_public_ip_on_launch": true,
            "outpost_arn": "",
            "owner_id": "590184017959",
            "private_dns_hostname_type_on_launch": "ip-name",
            "tags": {
              "Name": "Subnet in AZ 2"
            },
            "tags_all": {
              "Name": "Subnet in AZ 2"
            },
            "timeouts": null,
            "vpc_id": "vpc-0dd8e083d3ecd4dcb"
          },
          "sensitive_attributes": [],
          "private": "eyJlMmJmYjczMC1lY2FhLTExZTYtOGY4OC0zNDM2M2JjN2M0YzAiOnsiY3JlYXRlIjo2MDAwMDAwMDAwMDAsImRlbGV0ZSI6MTIwMDAwMDAwMDAwMH0sInNjaGVtYV92ZXJzaW9uIjoiMSJ9",
          "dependencies": [
            "aws_vpc.kubeadm_demo_vpc"
          ]
        }
      ]
    },
    {
      "mode": "managed",
      "type": "aws_vpc",
      "name": "kubeadm_demo_vpc",
      "provider": "provider[\"registry.terraform.io/hashicorp/aws\"]",
      "instances": [
        {
          "schema_version": 1,
          "attributes": {
            "arn": "arn:aws:ec2:ap-south-1:590184017959:vpc/vpc-0dd8e083d3ecd4dcb",
            "assign_generated_ipv6_cidr_block": false,
            "cidr_block": "10.0.0.0/16",
            "default_network_acl_id": "acl-0340b36c1661a9f6c",
            "default_route_table_id": "rtb-02840dd91ca0104ea",
            "default_security_group_id": "sg-0ad71b9547424692e",
            "dhcp_options_id": "dopt-08800c99d978870e7",
            "enable_dns_hostnames": true,
            "enable_dns_support": true,
            "enable_network_address_usage_metrics": false,
            "id": "vpc-0dd8e083d3ecd4dcb",
            "instance_tenancy": "default",
            "ipv4_ipam_pool_id": null,
            "ipv4_netmask_length": null,
            "ipv6_association_id": "",
            "ipv6_cidr_block": "",
            "ipv6_cidr_block_network_border_group": "",
            "ipv6_ipam_pool_id": "",
            "ipv6_netmask_length": 0,
            "main_route_table_id": "rtb-02840dd91ca0104ea",
            "owner_id": "590184017959",
            "tags": {
              "Name": "kubeadm_demo_vpc",
              "kubernetes.io/cluster/kubernetes": "owned"
            },
            "tags_all": {
              "Name": "kubeadm_demo_vpc",
              "kubernetes.io/cluster/kubernetes": "owned"
            }
          },
          "sensitive_attributes": [],
          "private": "eyJzY2hlbWFfdmVyc2lvbiI6IjEifQ=="
        }
      ]
    },
    {
      "mode": "managed",
      "type": "null_resource",
      "name": "example",
      "provider": "provider[\"registry.terraform.io/hashicorp/null\"]",
      "instances": [
        {
          "schema_version": 0,
          "attributes": {
            "id": "4543273173834647393",
            "triggers": null
          },
          "sensitive_attributes": [],
          "dependencies": [
            "aws_db_instance.rds-1",
            "aws_db_subnet_group.subnet-grp",
            "aws_security_group.db-sg",
            "aws_subnet.kubeadm_demo_subnet",
            "aws_subnet.kubeadm_demo_subnet2",
            "aws_vpc.kubeadm_demo_vpc"
          ]
        }
      ]
    },
    {
      "mode": "managed",
      "type": "tls_private_key",
      "name": "kubadm_demo_private_key",
      "provider": "provider[\"registry.terraform.io/hashicorp/tls\"]",
      "instances": [
        {
          "schema_version": 1,
          "attributes": {
            "algorithm": "RSA",
            "ecdsa_curve": "P224",
            "id": "50bd379b18e767cc26d54d58cf769ec0a69dcc3c",
            "private_key_openssh": "-----BEGIN OPENSSH PRIVATE KEY-----\nb3BlbnNzaC1rZXktdjEAAAAABG5vbmUAAAAEbm9uZQAAAAAAAAABAAACFwAAAAdz\nc2gtcnNhAAAAAwEAAQAAAgEA2IyOZODiJnoB9d4gG8WrZFdYJgNXQcv5h13z6/k1\nQmHvdtMU94UieEZ4/jfccnJguwLJYL/tZZIJu8LsOWrlLBgT6a6HKHVI4NEE/UkX\nvCDuU8rjiyOWJ9WESX8OS0nkcifBmxYUPpQbuY5NeJUZfKZI8mUt8vL5AA4IgbOW\nsA023/t3wFUYbnH8wshNJG34mDktxjs9uXvatDWtWi6GjCxf8Cpo+lKvKvXPEFdR\n43PIatvKXWHGvoDjn4US6HkgnLqU5EImZXtAzWKWY3ShDGPYN4dx/p3/9+Dzf0/b\nIp4RNnDKaPc+fAPIGU1ZSXVdi3jEsQ5NHr8MFFoIanw68nj9FeNeLXMdPFi5QZLU\n06VJRV82pgmG/CHxO2Vn0JpuSEuboF7U2VjGG+dSfNmvpFhkfeNnqanSP1mbh05K\nGFynfpyoDt97WOtL3ngooHc0KLR/AOxDd+N2Cqo9IRI4yZTu516J8r48GhG1YFql\n5eIRd5u9QkHVH6Dnal4oRgm39lTLbzWaw+V28kPVhV0/j2YBSn3CjLDLYLWEHNYl\nOwcL2M0b8Mwm8Q6k1ZuwwfzGINy8ElnFE+4rnT8gsO8J323Ux4kvFHbOF2LN+0Hh\nCOCWZ+hD5h5LyylJDUCIihdQGqNp1kurXwpVGLUHeFVE69IpjGAVfyI6ck62sPW+\nAqkAAAc46T1a4ek9WuEAAAAHc3NoLXJzYQAAAgEA2IyOZODiJnoB9d4gG8WrZFdY\nJgNXQcv5h13z6/k1QmHvdtMU94UieEZ4/jfccnJguwLJYL/tZZIJu8LsOWrlLBgT\n6a6HKHVI4NEE/UkXvCDuU8rjiyOWJ9WESX8OS0nkcifBmxYUPpQbuY5NeJUZfKZI\n8mUt8vL5AA4IgbOWsA023/t3wFUYbnH8wshNJG34mDktxjs9uXvatDWtWi6GjCxf\n8Cpo+lKvKvXPEFdR43PIatvKXWHGvoDjn4US6HkgnLqU5EImZXtAzWKWY3ShDGPY\nN4dx/p3/9+Dzf0/bIp4RNnDKaPc+fAPIGU1ZSXVdi3jEsQ5NHr8MFFoIanw68nj9\nFeNeLXMdPFi5QZLU06VJRV82pgmG/CHxO2Vn0JpuSEuboF7U2VjGG+dSfNmvpFhk\nfeNnqanSP1mbh05KGFynfpyoDt97WOtL3ngooHc0KLR/AOxDd+N2Cqo9IRI4yZTu\n516J8r48GhG1YFql5eIRd5u9QkHVH6Dnal4oRgm39lTLbzWaw+V28kPVhV0/j2YB\nSn3CjLDLYLWEHNYlOwcL2M0b8Mwm8Q6k1ZuwwfzGINy8ElnFE+4rnT8gsO8J323U\nx4kvFHbOF2LN+0HhCOCWZ+hD5h5LyylJDUCIihdQGqNp1kurXwpVGLUHeFVE69Ip\njGAVfyI6ck62sPW+AqkAAAADAQABAAACAQCPUUcUgLlr2afef2okt0hdmmkej2t6\ngnLdIlNDQ6X6DzMbI0xnHNfZXlrJdVMS85wNaSS6QYvugx6qA7Gvto2CB1V2fSm6\nnxTipbN1pqBsxCa3kjnSZnUEXA23Tr25Gmh1HNbHu28ek4td3U5sldFObAcvVcN5\nXVFqtd7vaFo8niJJTvbMdgU7Y3lzuHlFuPqkVIN1BNQvJEd0qWnXm580ulGsc4US\n1xJTjmfCWug5bvGft2NRNlsAzfDYLIx9C12IHPxZrWYYF+CljbAWlqPXvWTmK2BI\nsW0tMtY01jcjzBV8QF3V5nyWOzJ9fHGxalnE6uLSg7KKvMpT1dpoD1w60TwesiJV\nDSS1QhpEN+Hl8DpBZH3hM67jEuzanFmY99zahfI+ZSfKAy/RmsP8413pfkMxgL3W\nZZcLJKS2aH77Hh+VI96gYc6NpmbzKQHQMHnALTB6Nxk8MUXce2qFgLUitomwI+e1\nRv1zRI912Z2HVONd+Utw+Y8nJEInjDhGBd9Otz+m7WMi0sAEgezA6mG1nCBqLnvL\nLTYCv1ba19Yq2JGXfJvefpWbufvBg8W17aTz9Z6YPete4msL8L7ri5CW6VJ9Qnt8\n7dNFLQxduUYOTCtDdGSCCQp3gAZEYrctrBd5ZoLPQ2TutmhApgQh07bEEK85lTgt\nHfbiNy81AelJuQAAAQAevH44mmU65UNaf69oG1QO31xbKCnNK9ej7XrelhVQSm7i\n73+zhRZTCWIuxT1tf5wXP6vTelDyGHq5tR0cU0xwIgVESFqyiACi1WsLefYBjJqP\n1kalplTg3nBa0dEydPze7oqEfUMhE4z4f7zog/7097Iexv/WkxjGgmuaFlx85IXf\no/OFCnfBWrZY3OKY6ouO5sR/lIyHr4Jn4X2tvJCBZLog6qiE2kV6rme8zNOhEGcp\nzYeUYOfLvdvkkJyPoZ0IVjhJLitdJ1LaTJH0M2HkyspxQeblfvTXnS9cTIkpdNvM\ndUcw6muXM4W1L7yIVUJzKHfrVDZ1rm6MGe8G2/cfAAABAQD+bPO/yj/075vFzGHN\niqW4h/jPuJO36mk3KwgPLhgBJZhbv/UjG9VF5gDGeElvBJAgiZ6yT0KV+5tBlX4o\nvkA77JaaoldOG5nfdANxJnucseBb87/m5VV8pGGOw0tdDUXhRntUK7rhshM0zxRq\nrDWspDgmvI60F1arC0zv66f02AWHyisOyUfJIJMvb7guXdVA+0alwEuwbvjKbTpD\ngi0nfDRBO8IT+jstCyRCJlLFH4zbvLxRFZ0yoTOQj3nUQXHDL+3JwFS+c80Tgzd8\n7CvpEuFdcRk0zlahsS9QyWUJNLOoJUWRWsv9wsoDoPAdxgpuPJesMXBX74oldT2h\nA/ubAAABAQDZ45odz6+YHRxTU5TcEkZ3GbQpmhvM3B+yRHZOrmkiptYMX20xgsq1\n+fz3AiwaEFHG0BiMnjWk+ccwnOBzOOLH1uwYbaQEctxTvVuEe385whrJmgxdTR3j\nr0OnUMwvqNUYK1Dkm2GS40cUCIDKbfSEjAE7jfxMNwLXIyqOBt7+GK4ylzQXdeTZ\n2b70YH8UQmSEY+2ic+tqDLojn2COW5lEGIZxuJ6oMOYv16UNbmCbgoq78F54kaQx\nNNdeZizO84Xpw95tqOaAVw/RSKWuq9ggMao3iFAPgj6azNqjJq2TgzZcEt7b+r6i\nbux0uMYMdCDFWco9b6FB2LwMTZiUKUkLAAAAAAEC\n-----END OPENSSH PRIVATE KEY-----\n",
            "private_key_pem": "-----BEGIN RSA PRIVATE KEY-----\nMIIJKgIBAAKCAgEA2IyOZODiJnoB9d4gG8WrZFdYJgNXQcv5h13z6/k1QmHvdtMU\n94UieEZ4/jfccnJguwLJYL/tZZIJu8LsOWrlLBgT6a6HKHVI4NEE/UkXvCDuU8rj\niyOWJ9WESX8OS0nkcifBmxYUPpQbuY5NeJUZfKZI8mUt8vL5AA4IgbOWsA023/t3\nwFUYbnH8wshNJG34mDktxjs9uXvatDWtWi6GjCxf8Cpo+lKvKvXPEFdR43PIatvK\nXWHGvoDjn4US6HkgnLqU5EImZXtAzWKWY3ShDGPYN4dx/p3/9+Dzf0/bIp4RNnDK\naPc+fAPIGU1ZSXVdi3jEsQ5NHr8MFFoIanw68nj9FeNeLXMdPFi5QZLU06VJRV82\npgmG/CHxO2Vn0JpuSEuboF7U2VjGG+dSfNmvpFhkfeNnqanSP1mbh05KGFynfpyo\nDt97WOtL3ngooHc0KLR/AOxDd+N2Cqo9IRI4yZTu516J8r48GhG1YFql5eIRd5u9\nQkHVH6Dnal4oRgm39lTLbzWaw+V28kPVhV0/j2YBSn3CjLDLYLWEHNYlOwcL2M0b\n8Mwm8Q6k1ZuwwfzGINy8ElnFE+4rnT8gsO8J323Ux4kvFHbOF2LN+0HhCOCWZ+hD\n5h5LyylJDUCIihdQGqNp1kurXwpVGLUHeFVE69IpjGAVfyI6ck62sPW+AqkCAwEA\nAQKCAgEAj1FHFIC5a9mn3n9qJLdIXZppHo9reoJy3SJTQ0Ol+g8zGyNMZxzX2V5a\nyXVTEvOcDWkkukGL7oMeqgOxr7aNggdVdn0pup8U4qWzdaagbMQmt5I50mZ1BFwN\nt069uRpodRzWx7tvHpOLXd1ObJXRTmwHL1XDeV1RarXe72haPJ4iSU72zHYFO2N5\nc7h5Rbj6pFSDdQTULyRHdKlp15ufNLpRrHOFEtcSU45nwlroOW7xn7djUTZbAM3w\n2CyMfQtdiBz8Wa1mGBfgpY2wFpaj171k5itgSLFtLTLWNNY3I8wVfEBd1eZ8ljsy\nfXxxsWpZxOri0oOyirzKU9XaaA9cOtE8HrIiVQ0ktUIaRDfh5fA6QWR94TOu4xLs\n2pxZmPfc2oXyPmUnygMv0ZrD/ONd6X5DMYC91mWXCySktmh++x4flSPeoGHOjaZm\n8ykB0DB5wC0wejcZPDFF3HtqhYC1IraJsCPntUb9c0SPddmdh1TjXflLcPmPJyRC\nJ4w4RgXfTrc/pu1jItLABIHswOphtZwgai57yy02Ar9W2tfWKtiRl3yb3n6Vm7n7\nwYPFte2k8/WemD3rXuJrC/C+64uQlulSfUJ7fO3TRS0MXblGDkwrQ3RkggkKd4AG\nRGK3LawXeWaCz0Nk7rZoQKYEIdO2xBCvOZU4LR324jcvNQHpSbkCggEBAP5s87/K\nP/Tvm8XMYc2KpbiH+M+4k7fqaTcrCA8uGAElmFu/9SMb1UXmAMZ4SW8EkCCJnrJP\nQpX7m0GVfii+QDvslpqiV04bmd90A3Eme5yx4Fvzv+blVXykYY7DS10NReFGe1Qr\nuuGyEzTPFGqsNaykOCa8jrQXVqsLTO/rp/TYBYfKKw7JR8kgky9vuC5d1UD7RqXA\nS7Bu+MptOkOCLSd8NEE7whP6Oy0LJEImUsUfjNu8vFEVnTKhM5CPedRBccMv7cnA\nVL5zzRODN3zsK+kS4V1xGTTOVqGxL1DJZQk0s6glRZFay/3CygOg8B3GCm48l6wx\ncFfviiV1PaED+5sCggEBANnjmh3Pr5gdHFNTlNwSRncZtCmaG8zcH7JEdk6uaSKm\n1gxfbTGCyrX5/PcCLBoQUcbQGIyeNaT5xzCc4HM44sfW7BhtpARy3FO9W4R7fznC\nGsmaDF1NHeOvQ6dQzC+o1RgrUOSbYZLjRxQIgMpt9ISMATuN/Ew3AtcjKo4G3v4Y\nrjKXNBd15NnZvvRgfxRCZIRj7aJz62oMuiOfYI5bmUQYhnG4nqgw5i/XpQ1uYJuC\nirvwXniRpDE0115mLM7zhenD3m2o5oBXD9FIpa6r2CAxqjeIUA+CPprM2qMmrZOD\nNlwS3tv6vqJu7HS4xgx0IMVZyj1voUHYvAxNmJQpSQsCggEBAOBwknHM47CZsqvB\niUF9noVzhV0QsVbbtadSEZD6k3hnhsjhREmNYw1/QY3TTMxflRju7gzT+KRASYyI\naLteYWG7anvM3AFuPcYuHF8zmHX5QDc9hjsUcd47UEhVJWVXsR5yQ5dT4E76/RBn\n4NXdRpgeYd5iFezubakDlgJLu2U1L2PDR0qK6wWU8+IzxqE4a0ggogjT4rEoo9ZG\nltA4xMaBPcOSCLoA0zUAECM+lWOJWoP5MZLB42NnawqKVumUNdv+quCABwHfO7iL\n12YfHPlFi4MXoym/IBMRL/EvSC7fy+B3yK/aDfu0WurqjQdmzYrDbvUaw8T+7bnv\ne8dPsSMCggEBAJYmHAwzFIQ0e1KIpGpLRbfJRLfudP3lKwqD1ys9UUIJyjNYhzy5\nLsvca5AkNRP47wGcYW51j+4SGkvLr3h3WP/xgV0MIRzXsjEaqjhPikrZEfCfcanR\n/KjsHCjuquak58PyBZqj4MeCS3borSfSQdAdUrQhkh1LQ2/R0f9xiLV9eH1waPtJ\nyNy/CrII1Um2vuHkottyGmZIQvVNXRJ82M9uPyea2+p3WAjcB+eLipNfkA8XA2L+\nqjEmgsuQiYxLkJqY2WykGcOTO1kzQMlvrk3xK6V9D/6/+DhgtsH7Y13l683jSyQ4\nVKpG2jdNJV1roTGeQJm5lVx06JFp350qHiUCggEAHrx+OJplOuVDWn+vaBtUDt9c\nWygpzSvXo+163pYVUEpu4u9/s4UWUwliLsU9bX+cFz+r03pQ8hh6ubUdHFNMcCIF\nREhasogAotVrC3n2AYyaj9ZGpaZU4N5wWtHRMnT83u6KhH1DIROM+H+86IP+9Pey\nHsb/1pMYxoJrmhZcfOSF36PzhQp3wVq2WNzimOqLjubEf5SMh6+CZ+F9rbyQgWS6\nIOqohNpFeq5nvMzToRBnKc2HlGDny73b5JCcj6GdCFY4SS4rXSdS2kyR9DNh5MrK\ncUHm5X70150vXEyJKXTbzHVHMOprlzOFtS+8iFVCcyh361Q2da5ujBnvBtv3Hw==\n-----END RSA PRIVATE KEY-----\n",
            "private_key_pem_pkcs8": "-----BEGIN PRIVATE KEY-----\nMIIJRAIBADANBgkqhkiG9w0BAQEFAASCCS4wggkqAgEAAoICAQDYjI5k4OImegH1\n3iAbxatkV1gmA1dBy/mHXfPr+TVCYe920xT3hSJ4Rnj+N9xycmC7Aslgv+1lkgm7\nwuw5auUsGBPprocodUjg0QT9SRe8IO5TyuOLI5Yn1YRJfw5LSeRyJ8GbFhQ+lBu5\njk14lRl8pkjyZS3y8vkADgiBs5awDTbf+3fAVRhucfzCyE0kbfiYOS3GOz25e9q0\nNa1aLoaMLF/wKmj6Uq8q9c8QV1Hjc8hq28pdYca+gOOfhRLoeSCcupTkQiZle0DN\nYpZjdKEMY9g3h3H+nf/34PN/T9sinhE2cMpo9z58A8gZTVlJdV2LeMSxDk0evwwU\nWghqfDryeP0V414tcx08WLlBktTTpUlFXzamCYb8IfE7ZWfQmm5IS5ugXtTZWMYb\n51J82a+kWGR942epqdI/WZuHTkoYXKd+nKgO33tY60veeCigdzQotH8A7EN343YK\nqj0hEjjJlO7nXonyvjwaEbVgWqXl4hF3m71CQdUfoOdqXihGCbf2VMtvNZrD5Xby\nQ9WFXT+PZgFKfcKMsMtgtYQc1iU7BwvYzRvwzCbxDqTVm7DB/MYg3LwSWcUT7iud\nPyCw7wnfbdTHiS8Uds4XYs37QeEI4JZn6EPmHkvLKUkNQIiKF1Aao2nWS6tfClUY\ntQd4VUTr0imMYBV/IjpyTraw9b4CqQIDAQABAoICAQCPUUcUgLlr2afef2okt0hd\nmmkej2t6gnLdIlNDQ6X6DzMbI0xnHNfZXlrJdVMS85wNaSS6QYvugx6qA7Gvto2C\nB1V2fSm6nxTipbN1pqBsxCa3kjnSZnUEXA23Tr25Gmh1HNbHu28ek4td3U5sldFO\nbAcvVcN5XVFqtd7vaFo8niJJTvbMdgU7Y3lzuHlFuPqkVIN1BNQvJEd0qWnXm580\nulGsc4US1xJTjmfCWug5bvGft2NRNlsAzfDYLIx9C12IHPxZrWYYF+CljbAWlqPX\nvWTmK2BIsW0tMtY01jcjzBV8QF3V5nyWOzJ9fHGxalnE6uLSg7KKvMpT1dpoD1w6\n0TwesiJVDSS1QhpEN+Hl8DpBZH3hM67jEuzanFmY99zahfI+ZSfKAy/RmsP8413p\nfkMxgL3WZZcLJKS2aH77Hh+VI96gYc6NpmbzKQHQMHnALTB6Nxk8MUXce2qFgLUi\ntomwI+e1Rv1zRI912Z2HVONd+Utw+Y8nJEInjDhGBd9Otz+m7WMi0sAEgezA6mG1\nnCBqLnvLLTYCv1ba19Yq2JGXfJvefpWbufvBg8W17aTz9Z6YPete4msL8L7ri5CW\n6VJ9Qnt87dNFLQxduUYOTCtDdGSCCQp3gAZEYrctrBd5ZoLPQ2TutmhApgQh07bE\nEK85lTgtHfbiNy81AelJuQKCAQEA/mzzv8o/9O+bxcxhzYqluIf4z7iTt+ppNysI\nDy4YASWYW7/1IxvVReYAxnhJbwSQIImesk9ClfubQZV+KL5AO+yWmqJXThuZ33QD\ncSZ7nLHgW/O/5uVVfKRhjsNLXQ1F4UZ7VCu64bITNM8Uaqw1rKQ4JryOtBdWqwtM\n7+un9NgFh8orDslHySCTL2+4Ll3VQPtGpcBLsG74ym06Q4ItJ3w0QTvCE/o7LQsk\nQiZSxR+M27y8URWdMqEzkI951EFxwy/tycBUvnPNE4M3fOwr6RLhXXEZNM5WobEv\nUMllCTSzqCVFkVrL/cLKA6DwHcYKbjyXrDFwV++KJXU9oQP7mwKCAQEA2eOaHc+v\nmB0cU1OU3BJGdxm0KZobzNwfskR2Tq5pIqbWDF9tMYLKtfn89wIsGhBRxtAYjJ41\npPnHMJzgczjix9bsGG2kBHLcU71bhHt/OcIayZoMXU0d469Dp1DML6jVGCtQ5Jth\nkuNHFAiAym30hIwBO438TDcC1yMqjgbe/hiuMpc0F3Xk2dm+9GB/FEJkhGPtonPr\nagy6I59gjluZRBiGcbieqDDmL9elDW5gm4KKu/BeeJGkMTTXXmYszvOF6cPebajm\ngFcP0UilrqvYIDGqN4hQD4I+mszaoyatk4M2XBLe2/q+om7sdLjGDHQgxVnKPW+h\nQdi8DE2YlClJCwKCAQEA4HCScczjsJmyq8GJQX2ehXOFXRCxVtu1p1IRkPqTeGeG\nyOFESY1jDX9BjdNMzF+VGO7uDNP4pEBJjIhou15hYbtqe8zcAW49xi4cXzOYdflA\nNz2GOxRx3jtQSFUlZVexHnJDl1PgTvr9EGfg1d1GmB5h3mIV7O5tqQOWAku7ZTUv\nY8NHSorrBZTz4jPGoThrSCCiCNPisSij1kaW0DjExoE9w5IIugDTNQAQIz6VY4la\ng/kxksHjY2drCopW6ZQ12/6q4IAHAd87uIvXZh8c+UWLgxejKb8gExEv8S9ILt/L\n4HfIr9oN+7Ra6uqNB2bNisNu9RrDxP7tue97x0+xIwKCAQEAliYcDDMUhDR7Uoik\naktFt8lEt+50/eUrCoPXKz1RQgnKM1iHPLkuy9xrkCQ1E/jvAZxhbnWP7hIaS8uv\neHdY//GBXQwhHNeyMRqqOE+KStkR8J9xqdH8qOwcKO6q5qTnw/IFmqPgx4JLduit\nJ9JB0B1StCGSHUtDb9HR/3GItX14fXBo+0nI3L8KsgjVSba+4eSi23IaZkhC9U1d\nEnzYz24/J5rb6ndYCNwH54uKk1+QDxcDYv6qMSaCy5CJjEuQmpjZbKQZw5M7WTNA\nyW+uTfErpX0P/r/4OGC2wftjXeXrzeNLJDhUqkbaN00lXWuhMZ5AmbmVXHTokWnf\nnSoeJQKCAQAevH44mmU65UNaf69oG1QO31xbKCnNK9ej7XrelhVQSm7i73+zhRZT\nCWIuxT1tf5wXP6vTelDyGHq5tR0cU0xwIgVESFqyiACi1WsLefYBjJqP1kalplTg\n3nBa0dEydPze7oqEfUMhE4z4f7zog/7097Iexv/WkxjGgmuaFlx85IXfo/OFCnfB\nWrZY3OKY6ouO5sR/lIyHr4Jn4X2tvJCBZLog6qiE2kV6rme8zNOhEGcpzYeUYOfL\nvdvkkJyPoZ0IVjhJLitdJ1LaTJH0M2HkyspxQeblfvTXnS9cTIkpdNvMdUcw6muX\nM4W1L7yIVUJzKHfrVDZ1rm6MGe8G2/cf\n-----END PRIVATE KEY-----\n",
            "public_key_fingerprint_md5": "62:ee:32:75:9c:3b:75:e0:5d:5f:60:b6:e0:b5:5e:a5",
            "public_key_fingerprint_sha256": "SHA256:18tH6bdhFYIYgYjP8MVdYSelAUuawX0u3jwYUjxSK3I",
            "public_key_openssh": "ssh-rsa AAAAB3NzaC1yc2EAAAADAQABAAACAQDYjI5k4OImegH13iAbxatkV1gmA1dBy/mHXfPr+TVCYe920xT3hSJ4Rnj+N9xycmC7Aslgv+1lkgm7wuw5auUsGBPprocodUjg0QT9SRe8IO5TyuOLI5Yn1YRJfw5LSeRyJ8GbFhQ+lBu5jk14lRl8pkjyZS3y8vkADgiBs5awDTbf+3fAVRhucfzCyE0kbfiYOS3GOz25e9q0Na1aLoaMLF/wKmj6Uq8q9c8QV1Hjc8hq28pdYca+gOOfhRLoeSCcupTkQiZle0DNYpZjdKEMY9g3h3H+nf/34PN/T9sinhE2cMpo9z58A8gZTVlJdV2LeMSxDk0evwwUWghqfDryeP0V414tcx08WLlBktTTpUlFXzamCYb8IfE7ZWfQmm5IS5ugXtTZWMYb51J82a+kWGR942epqdI/WZuHTkoYXKd+nKgO33tY60veeCigdzQotH8A7EN343YKqj0hEjjJlO7nXonyvjwaEbVgWqXl4hF3m71CQdUfoOdqXihGCbf2VMtvNZrD5XbyQ9WFXT+PZgFKfcKMsMtgtYQc1iU7BwvYzRvwzCbxDqTVm7DB/MYg3LwSWcUT7iudPyCw7wnfbdTHiS8Uds4XYs37QeEI4JZn6EPmHkvLKUkNQIiKF1Aao2nWS6tfClUYtQd4VUTr0imMYBV/IjpyTraw9b4CqQ==\n",
            "public_key_pem": "-----BEGIN PUBLIC KEY-----\nMIICIjANBgkqhkiG9w0BAQEFAAOCAg8AMIICCgKCAgEA2IyOZODiJnoB9d4gG8Wr\nZFdYJgNXQcv5h13z6/k1QmHvdtMU94UieEZ4/jfccnJguwLJYL/tZZIJu8LsOWrl\nLBgT6a6HKHVI4NEE/UkXvCDuU8rjiyOWJ9WESX8OS0nkcifBmxYUPpQbuY5NeJUZ\nfKZI8mUt8vL5AA4IgbOWsA023/t3wFUYbnH8wshNJG34mDktxjs9uXvatDWtWi6G\njCxf8Cpo+lKvKvXPEFdR43PIatvKXWHGvoDjn4US6HkgnLqU5EImZXtAzWKWY3Sh\nDGPYN4dx/p3/9+Dzf0/bIp4RNnDKaPc+fAPIGU1ZSXVdi3jEsQ5NHr8MFFoIanw6\n8nj9FeNeLXMdPFi5QZLU06VJRV82pgmG/CHxO2Vn0JpuSEuboF7U2VjGG+dSfNmv\npFhkfeNnqanSP1mbh05KGFynfpyoDt97WOtL3ngooHc0KLR/AOxDd+N2Cqo9IRI4\nyZTu516J8r48GhG1YFql5eIRd5u9QkHVH6Dnal4oRgm39lTLbzWaw+V28kPVhV0/\nj2YBSn3CjLDLYLWEHNYlOwcL2M0b8Mwm8Q6k1ZuwwfzGINy8ElnFE+4rnT8gsO8J\n323Ux4kvFHbOF2LN+0HhCOCWZ+hD5h5LyylJDUCIihdQGqNp1kurXwpVGLUHeFVE\n69IpjGAVfyI6ck62sPW+AqkCAwEAAQ==\n-----END PUBLIC KEY-----\n",
            "rsa_bits": 4096
          },
          "sensitive_attributes": [
            [
              {
                "type": "get_attr",
                "value": "private_key_pem"
              }
            ],
            [
              {
                "type": "get_attr",
                "value": "private_key_openssh"
              }
            ],
            [
              {
                "type": "get_attr",
                "value": "private_key_pem_pkcs8"
              }
            ]
          ]
        }
      ]
    }
  ],
  "check_results": null
}
