{
  "version": 4,
  "terraform_version": "1.7.5",
  "serial": 123,
  "lineage": "ad0a05df-82b4-d7c2-43ba-a2b6e2aeb888",
  "outputs": {
    "control_plane_ip": {
      "value": "13.202.38.216",
      "type": "string"
    },
    "worker_nodes_ip": {
      "value": [
        "13.202.8.68",
        "15.206.54.35"
      ],
      "type": [
        "tuple",
        [
          "string",
          "string"
        ]
      ]
    }
  },
  "resources": [
    {
      "mode": "data",
      "type": "aws_ami",
      "name": "latest_ubuntu",
      "provider": "provider[\"registry.terraform.io/hashicorp/aws\"]",
      "instances": [
        {
          "schema_version": 0,
          "attributes": {
            "architecture": "x86_64",
            "arn": "arn:aws:ec2:ap-south-1::image/ami-05e00961530ae1b55",
            "block_device_mappings": [
              {
                "device_name": "/dev/sda1",
                "ebs": {
                  "delete_on_termination": "true",
                  "encrypted": "false",
                  "iops": "0",
                  "snapshot_id": "snap-052e167cf0d542b21",
                  "throughput": "0",
                  "volume_size": "8",
                  "volume_type": "gp2"
                },
                "no_device": "",
                "virtual_name": ""
              },
              {
                "device_name": "/dev/sdb",
                "ebs": {},
                "no_device": "",
                "virtual_name": "ephemeral0"
              },
              {
                "device_name": "/dev/sdc",
                "ebs": {},
                "no_device": "",
                "virtual_name": "ephemeral1"
              }
            ],
            "boot_mode": "uefi-preferred",
            "creation_date": "2024-04-11T02:43:57.000Z",
            "deprecation_time": "2026-04-11T02:43:57.000Z",
            "description": "Canonical, Ubuntu, 22.04 LTS, amd64 jammy image build on 2024-04-11",
            "ena_support": true,
            "executable_users": null,
            "filter": [
              {
                "name": "name",
                "values": [
                  "ubuntu/images/hvm-ssd/ubuntu-jammy-22.04-amd64-server-*"
                ]
              },
              {
                "name": "virtualization-type",
                "values": [
                  "hvm"
                ]
              }
            ],
            "hypervisor": "xen",
            "id": "ami-05e00961530ae1b55",
            "image_id": "ami-05e00961530ae1b55",
            "image_location": "amazon/ubuntu/images/hvm-ssd/ubuntu-jammy-22.04-amd64-server-20240411",
            "image_owner_alias": "amazon",
            "image_type": "machine",
            "imds_support": "",
            "include_deprecated": false,
            "kernel_id": "",
            "most_recent": true,
            "name": "ubuntu/images/hvm-ssd/ubuntu-jammy-22.04-amd64-server-20240411",
            "name_regex": null,
            "owner_id": "099720109477",
            "owners": [
              "099720109477"
            ],
            "platform": "",
            "platform_details": "Linux/UNIX",
            "product_codes": [],
            "public": true,
            "ramdisk_id": "",
            "root_device_name": "/dev/sda1",
            "root_device_type": "ebs",
            "root_snapshot_id": "snap-052e167cf0d542b21",
            "sriov_net_support": "simple",
            "state": "available",
            "state_reason": {
              "code": "UNSET",
              "message": "UNSET"
            },
            "tags": {},
            "timeouts": null,
            "tpm_support": "",
            "usage_operation": "RunInstances",
            "virtualization_type": "hvm"
          },
          "sensitive_attributes": []
        }
      ]
    },
    {
      "mode": "data",
      "type": "aws_eip",
      "name": "control_plane_eip",
      "provider": "provider[\"registry.terraform.io/hashicorp/aws\"]",
      "instances": [
        {
          "schema_version": 0,
          "attributes": {
            "association_id": "",
            "carrier_ip": "",
            "customer_owned_ip": "",
            "customer_owned_ipv4_pool": "",
            "domain": "vpc",
            "filter": [
              {
                "name": "tag:Environment",
                "values": [
                  "control_plane_eip"
                ]
              }
            ],
            "id": "eipalloc-0d9d725cb9e348b86",
            "instance_id": "",
            "network_interface_id": "",
            "network_interface_owner_id": "",
            "private_dns": null,
            "private_ip": "",
            "public_dns": "ec2-13-202-38-216.ap-south-1.compute.amazonaws.com",
            "public_ip": "13.202.38.216",
            "public_ipv4_pool": "amazon",
            "tags": {
              "Environment": "control_plane_eip",
              "Name": "CONTROL_PLANE_EIP"
            },
            "timeouts": null
          },
          "sensitive_attributes": []
        }
      ]
    },
    {
      "mode": "data",
      "type": "aws_eip",
      "name": "worker_node_eips",
      "provider": "provider[\"registry.terraform.io/hashicorp/aws\"]",
      "instances": [
        {
          "index_key": 0,
          "schema_version": 0,
          "attributes": {
            "association_id": "",
            "carrier_ip": "",
            "customer_owned_ip": "",
            "customer_owned_ipv4_pool": "",
            "domain": "vpc",
            "filter": [
              {
                "name": "tag:Environment",
                "values": [
                  "worker_node_eip_1"
                ]
              }
            ],
            "id": "eipalloc-0a54744a07b3f6c62",
            "instance_id": "",
            "network_interface_id": "",
            "network_interface_owner_id": "",
            "private_dns": null,
            "private_ip": "",
            "public_dns": "ec2-13-202-8-68.ap-south-1.compute.amazonaws.com",
            "public_ip": "13.202.8.68",
            "public_ipv4_pool": "amazon",
            "tags": {
              "Environment": "worker_node_eip_1",
              "Name": "WORKER_NODE_EIP"
            },
            "timeouts": null
          },
          "sensitive_attributes": []
        },
        {
          "index_key": 1,
          "schema_version": 0,
          "attributes": {
            "association_id": "",
            "carrier_ip": "",
            "customer_owned_ip": "",
            "customer_owned_ipv4_pool": "",
            "domain": "vpc",
            "filter": [
              {
                "name": "tag:Environment",
                "values": [
                  "worker_node_eip_2"
                ]
              }
            ],
            "id": "eipalloc-0fff95625905468e1",
            "instance_id": "",
            "network_interface_id": "",
            "network_interface_owner_id": "",
            "private_dns": null,
            "private_ip": "",
            "public_dns": "ec2-15-206-54-35.ap-south-1.compute.amazonaws.com",
            "public_ip": "15.206.54.35",
            "public_ipv4_pool": "amazon",
            "tags": {
              "Environment": "worker_node_eip_2",
              "Name": "WORKER_NODE_EIP"
            },
            "timeouts": null
          },
          "sensitive_attributes": []
        }
      ]
    },
    {
      "mode": "managed",
      "type": "ansible_host",
      "name": "kubadm_demo_control_plane_host",
      "provider": "provider[\"registry.terraform.io/ansible/ansible\"]",
      "instances": [
        {
          "schema_version": 0,
          "attributes": {
            "groups": [
              "master"
            ],
            "id": "control_plane",
            "name": "control_plane",
            "variables": {
              "ansible_host": "65.2.126.188",
              "ansible_ssh_private_key_file": "./private-key.pem",
              "ansible_user": "ubuntu",
              "node_hostname": "master"
            }
          },
          "sensitive_attributes": [],
          "private": "bnVsbA==",
          "dependencies": [
            "aws_instance.kubeadm_demo_control_plane",
            "aws_key_pair.kubeadm_demo_key_pair",
            "aws_security_group.db-sg",
            "aws_security_group.kubadm_demo_sg_common",
            "aws_security_group.kubeadm_demo_sg_control_plane",
            "aws_security_group.kubeadm_demo_sg_flannel",
            "aws_subnet.kubeadm_demo_subnet",
            "aws_vpc.kubeadm_demo_vpc",
            "data.aws_ami.latest_ubuntu",
            "data.aws_eip.control_plane_eip",
            "tls_private_key.kubadm_demo_private_key"
          ]
        }
      ]
    },
    {
      "mode": "managed",
      "type": "ansible_host",
      "name": "kubadm_demo_worker_nodes_host",
      "provider": "provider[\"registry.terraform.io/ansible/ansible\"]",
      "instances": [
        {
          "index_key": 0,
          "schema_version": 0,
          "attributes": {
            "groups": [
              "workers"
            ],
            "id": "worker-0",
            "name": "worker-0",
            "variables": {
              "ansible_host": "13.235.13.131",
              "ansible_ssh_private_key_file": "./private-key.pem",
              "ansible_user": "ubuntu",
              "node_hostname": "worker-0"
            }
          },
          "sensitive_attributes": [],
          "private": "bnVsbA==",
          "dependencies": [
            "aws_instance.kubeadm_demo_worker_nodes",
            "aws_key_pair.kubeadm_demo_key_pair",
            "aws_security_group.db-sg",
            "aws_security_group.kubadm_demo_sg_common",
            "aws_security_group.kubeadm_demo_sg_control_plane",
            "aws_security_group.kubeadm_demo_sg_flannel",
            "aws_security_group.kubeadm_demo_sg_worker_nodes",
            "aws_subnet.kubeadm_demo_subnet",
            "aws_subnet.kubeadm_demo_subnet2",
            "aws_vpc.kubeadm_demo_vpc",
            "data.aws_ami.latest_ubuntu",
            "data.aws_eip.worker_node_eips",
            "tls_private_key.kubadm_demo_private_key"
          ]
        },
        {
          "index_key": 1,
          "schema_version": 0,
          "attributes": {
            "groups": [
              "workers"
            ],
            "id": "worker-1",
            "name": "worker-1",
            "variables": {
              "ansible_host": "13.235.91.83",
              "ansible_ssh_private_key_file": "./private-key.pem",
              "ansible_user": "ubuntu",
              "node_hostname": "worker-1"
            }
          },
          "sensitive_attributes": [],
          "private": "bnVsbA==",
          "dependencies": [
            "aws_instance.kubeadm_demo_worker_nodes",
            "aws_key_pair.kubeadm_demo_key_pair",
            "aws_security_group.db-sg",
            "aws_security_group.kubadm_demo_sg_common",
            "aws_security_group.kubeadm_demo_sg_control_plane",
            "aws_security_group.kubeadm_demo_sg_flannel",
            "aws_security_group.kubeadm_demo_sg_worker_nodes",
            "aws_subnet.kubeadm_demo_subnet",
            "aws_subnet.kubeadm_demo_subnet2",
            "aws_vpc.kubeadm_demo_vpc",
            "data.aws_ami.latest_ubuntu",
            "data.aws_eip.worker_node_eips",
            "tls_private_key.kubadm_demo_private_key"
          ]
        }
      ]
    },
    {
      "mode": "managed",
      "type": "aws_db_instance",
      "name": "rds-1",
      "provider": "provider[\"registry.terraform.io/hashicorp/aws\"]",
      "instances": [
        {
          "schema_version": 2,
          "attributes": {
            "address": "terraform-20240427195225061500000004.cvs4iqugy8m9.ap-south-1.rds.amazonaws.com",
            "allocated_storage": 10,
            "allow_major_version_upgrade": null,
            "apply_immediately": false,
            "arn": "arn:aws:rds:ap-south-1:590184017959:db:terraform-20240427195225061500000004",
            "auto_minor_version_upgrade": true,
            "availability_zone": "ap-south-1a",
            "backup_retention_period": 0,
            "backup_window": "23:34-00:04",
            "blue_green_update": [],
            "ca_cert_identifier": "rds-ca-rsa2048-g1",
            "character_set_name": "",
            "copy_tags_to_snapshot": false,
            "custom_iam_instance_profile": "",
            "customer_owned_ip_enabled": false,
            "db_name": "mydb",
            "db_subnet_group_name": "cg-4-db-sub-grp",
            "delete_automated_backups": true,
            "deletion_protection": false,
            "domain": "",
            "domain_iam_role_name": "",
            "enabled_cloudwatch_logs_exports": null,
            "endpoint": "terraform-20240427195225061500000004.cvs4iqugy8m9.ap-south-1.rds.amazonaws.com:3306",
            "engine": "mysql",
            "engine_version": "5.7",
            "engine_version_actual": "5.7.44",
            "final_snapshot_identifier": null,
            "hosted_zone_id": "Z2VFMSZA74J7XZ",
            "iam_database_authentication_enabled": false,
            "id": "db-X4VCZLYRTWZRQCRYLZNIOM26CM",
            "identifier": "terraform-20240427195225061500000004",
            "identifier_prefix": "terraform-",
            "instance_class": "db.t3.micro",
            "iops": 0,
            "kms_key_id": "",
            "latest_restorable_time": "",
            "license_model": "general-public-license",
            "listener_endpoint": [],
            "maintenance_window": "mon:08:58-mon:09:28",
            "manage_master_user_password": null,
            "master_user_secret": [],
            "master_user_secret_kms_key_id": null,
            "max_allocated_storage": 0,
            "monitoring_interval": 0,
            "monitoring_role_arn": "",
            "multi_az": false,
            "nchar_character_set_name": "",
            "network_type": "IPV4",
            "option_group_name": "default:mysql-5-7",
            "parameter_group_name": "default.mysql5.7",
            "password": "admin123",
            "performance_insights_enabled": false,
            "performance_insights_kms_key_id": "",
            "performance_insights_retention_period": 0,
            "port": 3306,
            "publicly_accessible": false,
            "replica_mode": "",
            "replicas": [],
            "replicate_source_db": "",
            "resource_id": "db-X4VCZLYRTWZRQCRYLZNIOM26CM",
            "restore_to_point_in_time": [],
            "s3_import": [],
            "skip_final_snapshot": true,
            "snapshot_identifier": null,
            "status": "available",
            "storage_encrypted": false,
            "storage_throughput": 0,
            "storage_type": "gp2",
            "tags": null,
            "tags_all": {},
            "timeouts": null,
            "timezone": "",
            "username": "admin",
            "vpc_security_group_ids": [
              "sg-03c8a7ffc06e05a24"
            ]
          },
          "sensitive_attributes": [
            [
              {
                "type": "get_attr",
                "value": "password"
              }
            ],
            [
              {
                "type": "get_attr",
                "value": "username"
              }
            ]
          ],
          "private": "eyJlMmJmYjczMC1lY2FhLTExZTYtOGY4OC0zNDM2M2JjN2M0YzAiOnsiY3JlYXRlIjoyNDAwMDAwMDAwMDAwLCJkZWxldGUiOjM2MDAwMDAwMDAwMDAsInVwZGF0ZSI6NDgwMDAwMDAwMDAwMH0sInNjaGVtYV92ZXJzaW9uIjoiMiJ9",
          "dependencies": [
            "aws_db_subnet_group.subnet-grp",
            "aws_security_group.db-sg",
            "aws_security_group.kubadm_demo_sg_common",
            "aws_security_group.kubeadm_demo_sg_control_plane",
            "aws_subnet.kubeadm_demo_subnet",
            "aws_subnet.kubeadm_demo_subnet2",
            "aws_vpc.kubeadm_demo_vpc"
          ]
        }
      ]
    },
    {
      "mode": "managed",
      "type": "aws_db_subnet_group",
      "name": "subnet-grp",
      "provider": "provider[\"registry.terraform.io/hashicorp/aws\"]",
      "instances": [
        {
          "schema_version": 0,
          "attributes": {
            "arn": "arn:aws:rds:ap-south-1:590184017959:subgrp:cg-4-db-sub-grp",
            "description": "Managed by Terraform",
            "id": "cg-4-db-sub-grp",
            "name": "cg-4-db-sub-grp",
            "name_prefix": "",
            "subnet_ids": [
              "subnet-0412a15a3fbe81b5a",
              "subnet-0d4335654fc6783fe"
            ],
            "supported_network_types": [
              "IPV4"
            ],
            "tags": null,
            "tags_all": {},
            "vpc_id": "vpc-0170d1d3b9bbc8423"
          },
          "sensitive_attributes": [],
          "private": "bnVsbA==",
          "dependencies": [
            "aws_subnet.kubeadm_demo_subnet",
            "aws_subnet.kubeadm_demo_subnet2",
            "aws_vpc.kubeadm_demo_vpc"
          ]
        }
      ]
    },
    {
      "mode": "managed",
      "type": "aws_eip_association",
      "name": "control_plane_eip_association",
      "provider": "provider[\"registry.terraform.io/hashicorp/aws\"]",
      "instances": [
        {
          "schema_version": 0,
          "attributes": {
            "allocation_id": "eipalloc-0d9d725cb9e348b86",
            "allow_reassociation": null,
            "id": "eipassoc-08f332128729ce8b0",
            "instance_id": "i-09dbaba6758391cfc",
            "network_interface_id": "eni-0d10434842d0aec8a",
            "private_ip_address": "10.0.1.86",
            "public_ip": "13.202.38.216"
          },
          "sensitive_attributes": [],
          "private": "bnVsbA==",
          "dependencies": [
            "aws_instance.kubeadm_demo_control_plane",
            "aws_key_pair.kubeadm_demo_key_pair",
            "aws_security_group.db-sg",
            "aws_security_group.kubadm_demo_sg_common",
            "aws_security_group.kubeadm_demo_sg_control_plane",
            "aws_security_group.kubeadm_demo_sg_flannel",
            "aws_subnet.kubeadm_demo_subnet",
            "aws_vpc.kubeadm_demo_vpc",
            "data.aws_ami.latest_ubuntu",
            "data.aws_eip.control_plane_eip",
            "tls_private_key.kubadm_demo_private_key"
          ]
        }
      ]
    },
    {
      "mode": "managed",
      "type": "aws_eip_association",
      "name": "worker_nodes_eip_association",
      "provider": "provider[\"registry.terraform.io/hashicorp/aws\"]",
      "instances": [
        {
          "index_key": 0,
          "schema_version": 0,
          "attributes": {
            "allocation_id": "eipalloc-0a54744a07b3f6c62",
            "allow_reassociation": null,
            "id": "eipassoc-0ec2cce42438f7812",
            "instance_id": "i-096a532a754e9489a",
            "network_interface_id": "eni-04376d885e0db3a00",
            "private_ip_address": "10.0.1.161",
            "public_ip": "13.202.8.68"
          },
          "sensitive_attributes": [],
          "private": "bnVsbA==",
          "dependencies": [
            "aws_instance.kubeadm_demo_worker_nodes",
            "aws_key_pair.kubeadm_demo_key_pair",
            "aws_security_group.db-sg",
            "aws_security_group.kubadm_demo_sg_common",
            "aws_security_group.kubeadm_demo_sg_control_plane",
            "aws_security_group.kubeadm_demo_sg_flannel",
            "aws_security_group.kubeadm_demo_sg_worker_nodes",
            "aws_subnet.kubeadm_demo_subnet",
            "aws_subnet.kubeadm_demo_subnet2",
            "aws_vpc.kubeadm_demo_vpc",
            "data.aws_ami.latest_ubuntu",
            "data.aws_eip.worker_node_eips",
            "tls_private_key.kubadm_demo_private_key"
          ]
        },
        {
          "index_key": 1,
          "schema_version": 0,
          "attributes": {
            "allocation_id": "eipalloc-0fff95625905468e1",
            "allow_reassociation": null,
            "id": "eipassoc-0e677254f7da8cbe7",
            "instance_id": "i-0cba8a56d83ffd4c5",
            "network_interface_id": "eni-0477ad0d997321c6f",
            "private_ip_address": "10.0.2.144",
            "public_ip": "15.206.54.35"
          },
          "sensitive_attributes": [],
          "private": "bnVsbA==",
          "dependencies": [
            "aws_instance.kubeadm_demo_worker_nodes",
            "aws_key_pair.kubeadm_demo_key_pair",
            "aws_security_group.db-sg",
            "aws_security_group.kubadm_demo_sg_common",
            "aws_security_group.kubeadm_demo_sg_control_plane",
            "aws_security_group.kubeadm_demo_sg_flannel",
            "aws_security_group.kubeadm_demo_sg_worker_nodes",
            "aws_subnet.kubeadm_demo_subnet",
            "aws_subnet.kubeadm_demo_subnet2",
            "aws_vpc.kubeadm_demo_vpc",
            "data.aws_ami.latest_ubuntu",
            "data.aws_eip.worker_node_eips",
            "tls_private_key.kubadm_demo_private_key"
          ]
        }
      ]
    },
    {
      "mode": "managed",
      "type": "aws_instance",
      "name": "kubeadm_demo_control_plane",
      "provider": "provider[\"registry.terraform.io/hashicorp/aws\"]",
      "instances": [
        {
          "schema_version": 1,
          "attributes": {
            "ami": "ami-05e00961530ae1b55",
            "arn": "arn:aws:ec2:ap-south-1:590184017959:instance/i-09dbaba6758391cfc",
            "associate_public_ip_address": true,
            "availability_zone": "ap-south-1a",
            "capacity_reservation_specification": [
              {
                "capacity_reservation_preference": "open",
                "capacity_reservation_target": []
              }
            ],
            "cpu_core_count": 1,
            "cpu_options": [
              {
                "amd_sev_snp": "",
                "core_count": 1,
                "threads_per_core": 2
              }
            ],
            "cpu_threads_per_core": 2,
            "credit_specification": [
              {
                "cpu_credits": "unlimited"
              }
            ],
            "disable_api_stop": false,
            "disable_api_termination": false,
            "ebs_block_device": [],
            "ebs_optimized": false,
            "enclave_options": [
              {
                "enabled": false
              }
            ],
            "ephemeral_block_device": [],
            "get_password_data": false,
            "hibernation": false,
            "host_id": "",
            "host_resource_group_arn": null,
            "iam_instance_profile": "",
            "id": "i-09dbaba6758391cfc",
            "instance_initiated_shutdown_behavior": "stop",
            "instance_lifecycle": "",
            "instance_market_options": [],
            "instance_state": "running",
            "instance_type": "t3.large",
            "ipv6_address_count": 0,
            "ipv6_addresses": [],
            "key_name": "kubeadm_demo",
            "launch_template": [],
            "maintenance_options": [
              {
                "auto_recovery": "default"
              }
            ],
            "metadata_options": [
              {
                "http_endpoint": "enabled",
                "http_put_response_hop_limit": 1,
                "http_tokens": "optional",
                "instance_metadata_tags": "disabled"
              }
            ],
            "monitoring": false,
            "network_interface": [],
            "outpost_arn": "",
            "password_data": "",
            "placement_group": "",
            "placement_partition_number": 0,
            "primary_network_interface_id": "eni-0d10434842d0aec8a",
            "private_dns": "ip-10-0-1-86.ap-south-1.compute.internal",
            "private_dns_name_options": [
              {
                "enable_resource_name_dns_a_record": false,
                "enable_resource_name_dns_aaaa_record": false,
                "hostname_type": "ip-name"
              }
            ],
            "private_ip": "10.0.1.86",
            "public_dns": "ec2-65-2-126-188.ap-south-1.compute.amazonaws.com",
            "public_ip": "65.2.126.188",
            "root_block_device": [
              {
                "delete_on_termination": true,
                "device_name": "/dev/sda1",
                "encrypted": false,
                "iops": 100,
                "kms_key_id": "",
                "tags": null,
                "throughput": 0,
                "volume_id": "vol-0a065d391da86c9c8",
                "volume_size": 20,
                "volume_type": "gp2"
              }
            ],
            "secondary_private_ips": [],
            "security_groups": [
              "sg-03c8a7ffc06e05a24",
              "sg-05db061a279819b8d",
              "sg-0f405a289ef52b2cc",
              "sg-0f949f496e0496106"
            ],
            "source_dest_check": true,
            "spot_instance_request_id": "",
            "subnet_id": "subnet-0412a15a3fbe81b5a",
            "tags": {
              "Name": "Kubeadm Master",
              "Role": "Control plane node"
            },
            "tags_all": {
              "Name": "Kubeadm Master",
              "Role": "Control plane node"
            },
            "tenancy": "default",
            "timeouts": null,
            "user_data": null,
            "user_data_base64": null,
            "user_data_replace_on_change": false,
            "volume_tags": null,
            "vpc_security_group_ids": [
              "sg-03c8a7ffc06e05a24",
              "sg-05db061a279819b8d",
              "sg-0f405a289ef52b2cc",
              "sg-0f949f496e0496106"
            ]
          },
          "sensitive_attributes": [],
          "private": "eyJlMmJmYjczMC1lY2FhLTExZTYtOGY4OC0zNDM2M2JjN2M0YzAiOnsiY3JlYXRlIjo2MDAwMDAwMDAwMDAsImRlbGV0ZSI6MTIwMDAwMDAwMDAwMCwidXBkYXRlIjo2MDAwMDAwMDAwMDB9LCJzY2hlbWFfdmVyc2lvbiI6IjEifQ==",
          "dependencies": [
            "aws_key_pair.kubeadm_demo_key_pair",
            "aws_security_group.db-sg",
            "aws_security_group.kubadm_demo_sg_common",
            "aws_security_group.kubeadm_demo_sg_control_plane",
            "aws_security_group.kubeadm_demo_sg_flannel",
            "aws_subnet.kubeadm_demo_subnet",
            "aws_vpc.kubeadm_demo_vpc",
            "data.aws_ami.latest_ubuntu",
            "data.aws_eip.control_plane_eip",
            "tls_private_key.kubadm_demo_private_key"
          ]
        }
      ]
    },
    {
      "mode": "managed",
      "type": "aws_instance",
      "name": "kubeadm_demo_worker_nodes",
      "provider": "provider[\"registry.terraform.io/hashicorp/aws\"]",
      "instances": [
        {
          "index_key": 0,
          "schema_version": 1,
          "attributes": {
            "ami": "ami-05e00961530ae1b55",
            "arn": "arn:aws:ec2:ap-south-1:590184017959:instance/i-096a532a754e9489a",
            "associate_public_ip_address": true,
            "availability_zone": "ap-south-1a",
            "capacity_reservation_specification": [
              {
                "capacity_reservation_preference": "open",
                "capacity_reservation_target": []
              }
            ],
            "cpu_core_count": 1,
            "cpu_options": [
              {
                "amd_sev_snp": "",
                "core_count": 1,
                "threads_per_core": 2
              }
            ],
            "cpu_threads_per_core": 2,
            "credit_specification": [
              {
                "cpu_credits": "unlimited"
              }
            ],
            "disable_api_stop": false,
            "disable_api_termination": false,
            "ebs_block_device": [],
            "ebs_optimized": false,
            "enclave_options": [
              {
                "enabled": false
              }
            ],
            "ephemeral_block_device": [],
            "get_password_data": false,
            "hibernation": false,
            "host_id": "",
            "host_resource_group_arn": null,
            "iam_instance_profile": "",
            "id": "i-096a532a754e9489a",
            "instance_initiated_shutdown_behavior": "stop",
            "instance_lifecycle": "",
            "instance_market_options": [],
            "instance_state": "running",
            "instance_type": "t3.large",
            "ipv6_address_count": 0,
            "ipv6_addresses": [],
            "key_name": "kubeadm_demo",
            "launch_template": [],
            "maintenance_options": [
              {
                "auto_recovery": "default"
              }
            ],
            "metadata_options": [
              {
                "http_endpoint": "enabled",
                "http_put_response_hop_limit": 1,
                "http_tokens": "optional",
                "instance_metadata_tags": "disabled"
              }
            ],
            "monitoring": false,
            "network_interface": [],
            "outpost_arn": "",
            "password_data": "",
            "placement_group": "",
            "placement_partition_number": 0,
            "primary_network_interface_id": "eni-04376d885e0db3a00",
            "private_dns": "ip-10-0-1-161.ap-south-1.compute.internal",
            "private_dns_name_options": [
              {
                "enable_resource_name_dns_a_record": false,
                "enable_resource_name_dns_aaaa_record": false,
                "hostname_type": "ip-name"
              }
            ],
            "private_ip": "10.0.1.161",
            "public_dns": "ec2-13-235-13-131.ap-south-1.compute.amazonaws.com",
            "public_ip": "13.235.13.131",
            "root_block_device": [
              {
                "delete_on_termination": true,
                "device_name": "/dev/sda1",
                "encrypted": false,
                "iops": 100,
                "kms_key_id": "",
                "tags": null,
                "throughput": 0,
                "volume_id": "vol-055abfb36e49ba529",
                "volume_size": 20,
                "volume_type": "gp2"
              }
            ],
            "secondary_private_ips": [],
            "security_groups": [
              "sg-03c8a7ffc06e05a24",
              "sg-05db061a279819b8d",
              "sg-07345c7f40b6bc832",
              "sg-0f405a289ef52b2cc"
            ],
            "source_dest_check": true,
            "spot_instance_request_id": "",
            "subnet_id": "subnet-0412a15a3fbe81b5a",
            "tags": {
              "Name": "Kubeadm Worker 0",
              "Role": "Worker node"
            },
            "tags_all": {
              "Name": "Kubeadm Worker 0",
              "Role": "Worker node"
            },
            "tenancy": "default",
            "timeouts": null,
            "user_data": null,
            "user_data_base64": null,
            "user_data_replace_on_change": false,
            "volume_tags": null,
            "vpc_security_group_ids": [
              "sg-03c8a7ffc06e05a24",
              "sg-05db061a279819b8d",
              "sg-07345c7f40b6bc832",
              "sg-0f405a289ef52b2cc"
            ]
          },
          "sensitive_attributes": [],
          "private": "eyJlMmJmYjczMC1lY2FhLTExZTYtOGY4OC0zNDM2M2JjN2M0YzAiOnsiY3JlYXRlIjo2MDAwMDAwMDAwMDAsImRlbGV0ZSI6MTIwMDAwMDAwMDAwMCwidXBkYXRlIjo2MDAwMDAwMDAwMDB9LCJzY2hlbWFfdmVyc2lvbiI6IjEifQ==",
          "dependencies": [
            "aws_key_pair.kubeadm_demo_key_pair",
            "aws_security_group.db-sg",
            "aws_security_group.kubadm_demo_sg_common",
            "aws_security_group.kubeadm_demo_sg_control_plane",
            "aws_security_group.kubeadm_demo_sg_flannel",
            "aws_security_group.kubeadm_demo_sg_worker_nodes",
            "aws_subnet.kubeadm_demo_subnet",
            "aws_subnet.kubeadm_demo_subnet2",
            "aws_vpc.kubeadm_demo_vpc",
            "data.aws_ami.latest_ubuntu",
            "data.aws_eip.worker_node_eips",
            "tls_private_key.kubadm_demo_private_key"
          ]
        },
        {
          "index_key": 1,
          "schema_version": 1,
          "attributes": {
            "ami": "ami-05e00961530ae1b55",
            "arn": "arn:aws:ec2:ap-south-1:590184017959:instance/i-0cba8a56d83ffd4c5",
            "associate_public_ip_address": true,
            "availability_zone": "ap-south-1b",
            "capacity_reservation_specification": [
              {
                "capacity_reservation_preference": "open",
                "capacity_reservation_target": []
              }
            ],
            "cpu_core_count": 1,
            "cpu_options": [
              {
                "amd_sev_snp": "",
                "core_count": 1,
                "threads_per_core": 2
              }
            ],
            "cpu_threads_per_core": 2,
            "credit_specification": [
              {
                "cpu_credits": "unlimited"
              }
            ],
            "disable_api_stop": false,
            "disable_api_termination": false,
            "ebs_block_device": [],
            "ebs_optimized": false,
            "enclave_options": [
              {
                "enabled": false
              }
            ],
            "ephemeral_block_device": [],
            "get_password_data": false,
            "hibernation": false,
            "host_id": "",
            "host_resource_group_arn": null,
            "iam_instance_profile": "",
            "id": "i-0cba8a56d83ffd4c5",
            "instance_initiated_shutdown_behavior": "stop",
            "instance_lifecycle": "",
            "instance_market_options": [],
            "instance_state": "running",
            "instance_type": "t3.large",
            "ipv6_address_count": 0,
            "ipv6_addresses": [],
            "key_name": "kubeadm_demo",
            "launch_template": [],
            "maintenance_options": [
              {
                "auto_recovery": "default"
              }
            ],
            "metadata_options": [
              {
                "http_endpoint": "enabled",
                "http_put_response_hop_limit": 1,
                "http_tokens": "optional",
                "instance_metadata_tags": "disabled"
              }
            ],
            "monitoring": false,
            "network_interface": [],
            "outpost_arn": "",
            "password_data": "",
            "placement_group": "",
            "placement_partition_number": 0,
            "primary_network_interface_id": "eni-0477ad0d997321c6f",
            "private_dns": "ip-10-0-2-144.ap-south-1.compute.internal",
            "private_dns_name_options": [
              {
                "enable_resource_name_dns_a_record": false,
                "enable_resource_name_dns_aaaa_record": false,
                "hostname_type": "ip-name"
              }
            ],
            "private_ip": "10.0.2.144",
            "public_dns": "ec2-13-235-91-83.ap-south-1.compute.amazonaws.com",
            "public_ip": "13.235.91.83",
            "root_block_device": [
              {
                "delete_on_termination": true,
                "device_name": "/dev/sda1",
                "encrypted": false,
                "iops": 100,
                "kms_key_id": "",
                "tags": null,
                "throughput": 0,
                "volume_id": "vol-0fc97c4ecaff3dd9c",
                "volume_size": 20,
                "volume_type": "gp2"
              }
            ],
            "secondary_private_ips": [],
            "security_groups": [
              "sg-03c8a7ffc06e05a24",
              "sg-05db061a279819b8d",
              "sg-07345c7f40b6bc832",
              "sg-0f405a289ef52b2cc"
            ],
            "source_dest_check": true,
            "spot_instance_request_id": "",
            "subnet_id": "subnet-0d4335654fc6783fe",
            "tags": {
              "Name": "Kubeadm Worker 1",
              "Role": "Worker node"
            },
            "tags_all": {
              "Name": "Kubeadm Worker 1",
              "Role": "Worker node"
            },
            "tenancy": "default",
            "timeouts": null,
            "user_data": null,
            "user_data_base64": null,
            "user_data_replace_on_change": false,
            "volume_tags": null,
            "vpc_security_group_ids": [
              "sg-03c8a7ffc06e05a24",
              "sg-05db061a279819b8d",
              "sg-07345c7f40b6bc832",
              "sg-0f405a289ef52b2cc"
            ]
          },
          "sensitive_attributes": [],
          "private": "eyJlMmJmYjczMC1lY2FhLTExZTYtOGY4OC0zNDM2M2JjN2M0YzAiOnsiY3JlYXRlIjo2MDAwMDAwMDAwMDAsImRlbGV0ZSI6MTIwMDAwMDAwMDAwMCwidXBkYXRlIjo2MDAwMDAwMDAwMDB9LCJzY2hlbWFfdmVyc2lvbiI6IjEifQ==",
          "dependencies": [
            "aws_key_pair.kubeadm_demo_key_pair",
            "aws_security_group.db-sg",
            "aws_security_group.kubadm_demo_sg_common",
            "aws_security_group.kubeadm_demo_sg_control_plane",
            "aws_security_group.kubeadm_demo_sg_flannel",
            "aws_security_group.kubeadm_demo_sg_worker_nodes",
            "aws_subnet.kubeadm_demo_subnet",
            "aws_subnet.kubeadm_demo_subnet2",
            "aws_vpc.kubeadm_demo_vpc",
            "data.aws_ami.latest_ubuntu",
            "data.aws_eip.worker_node_eips",
            "tls_private_key.kubadm_demo_private_key"
          ]
        }
      ]
    },
    {
      "mode": "managed",
      "type": "aws_internet_gateway",
      "name": "kubeadm_demo_igw",
      "provider": "provider[\"registry.terraform.io/hashicorp/aws\"]",
      "instances": [
        {
          "schema_version": 0,
          "attributes": {
            "arn": "arn:aws:ec2:ap-south-1:590184017959:internet-gateway/igw-04c77f9fc1fa05aa9",
            "id": "igw-04c77f9fc1fa05aa9",
            "owner_id": "590184017959",
            "tags": {
              "Name": "Kubeadm Demo Internet GW"
            },
            "tags_all": {
              "Name": "Kubeadm Demo Internet GW"
            },
            "timeouts": null,
            "vpc_id": "vpc-0170d1d3b9bbc8423"
          },
          "sensitive_attributes": [],
          "private": "eyJlMmJmYjczMC1lY2FhLTExZTYtOGY4OC0zNDM2M2JjN2M0YzAiOnsiY3JlYXRlIjoxMjAwMDAwMDAwMDAwLCJkZWxldGUiOjEyMDAwMDAwMDAwMDAsInVwZGF0ZSI6MTIwMDAwMDAwMDAwMH19",
          "dependencies": [
            "aws_vpc.kubeadm_demo_vpc"
          ]
        }
      ]
    },
    {
      "mode": "managed",
      "type": "aws_key_pair",
      "name": "kubeadm_demo_key_pair",
      "provider": "provider[\"registry.terraform.io/hashicorp/aws\"]",
      "instances": [
        {
          "schema_version": 1,
          "attributes": {
            "arn": "arn:aws:ec2:ap-south-1:590184017959:key-pair/kubeadm_demo",
            "fingerprint": "94:b4:76:a3:dd:43:88:7f:02:1e:ac:06:1b:b9:7b:7a",
            "id": "kubeadm_demo",
            "key_name": "kubeadm_demo",
            "key_name_prefix": "",
            "key_pair_id": "key-02da84435bafb7a75",
            "key_type": "rsa",
            "public_key": "ssh-rsa AAAAB3NzaC1yc2EAAAADAQABAAACAQDbsWQH7YhNQaDBjYiNMzICDErF7or5X8qRNYduMTHpQ4eD/F2bRxBh+EEnTDLPT9ypQPDpPHfXP7VAXQnlGT3gCt+jhxjseM3DaxCtMOGUpwrPkO+FXJ6QWvhCQeAhakJiBGtJLVsMy+VeVD2w5LOzgnowZ6AC+63nSVbqruMyI3vf/Zx8PyfU2JptxpW0nPD93eQGNPryThRHalpX9e77f1wOb62x1sspjk+2tRRLqA51W36dHeEgmuQp+74ucw13Fq8CcwgNr1DNUvokEwy7ltPdaRNQknk1FmOKz5FwyoCQW8rSh+0v2br2IHlz1rD0D5doFyjaeofBG8n6NvWbpxtB0irRwl1vBooBgA7Iv37jmYG9a0GRAT5A+NhTgINXfAEXGi5qBwYrW3s3bCV4MpZxot63JE+oskoh+VPA5qyaYnFJdeQE/uQUwZJAK97h4hCbbQV2R9ubm6wnGZ6PqVexcEtNjo9KT9le0LAC6bfR6u3LRyYKDLgedO2edzmFhYQIKBWYbiR0Z2bm8VjhGkN8vQTD5uZ5O3Y1MYJYs8lE47m/fMlqAkrWYtPMTISJUOzZZNPFNgeMGk/V/qVRBpjzvBNj/k6PJh1j5HSv3qp+VjbuuiSeDJkgEn+2XAne4s0yNr5w7CXqw353zmbJ/ePilLBmi7K63yMgXdg5qw==",
            "tags": null,
            "tags_all": {}
          },
          "sensitive_attributes": [],
          "private": "eyJzY2hlbWFfdmVyc2lvbiI6IjEifQ==",
          "dependencies": [
            "tls_private_key.kubadm_demo_private_key"
          ]
        }
      ]
    },
    {
      "mode": "managed",
      "type": "aws_route_table",
      "name": "kubeadm_demo_routetable",
      "provider": "provider[\"registry.terraform.io/hashicorp/aws\"]",
      "instances": [
        {
          "schema_version": 0,
          "attributes": {
            "arn": "arn:aws:ec2:ap-south-1:590184017959:route-table/rtb-0dba14d2ae39b1f73",
            "id": "rtb-0dba14d2ae39b1f73",
            "owner_id": "590184017959",
            "propagating_vgws": [],
            "route": [
              {
                "carrier_gateway_id": "",
                "cidr_block": "0.0.0.0/0",
                "core_network_arn": "",
                "destination_prefix_list_id": "",
                "egress_only_gateway_id": "",
                "gateway_id": "igw-04c77f9fc1fa05aa9",
                "ipv6_cidr_block": "",
                "local_gateway_id": "",
                "nat_gateway_id": "",
                "network_interface_id": "",
                "transit_gateway_id": "",
                "vpc_endpoint_id": "",
                "vpc_peering_connection_id": ""
              }
            ],
            "tags": {
              "Name": "kubeadm Demo IGW route table"
            },
            "tags_all": {
              "Name": "kubeadm Demo IGW route table"
            },
            "timeouts": null,
            "vpc_id": "vpc-0170d1d3b9bbc8423"
          },
          "sensitive_attributes": [],
          "private": "eyJlMmJmYjczMC1lY2FhLTExZTYtOGY4OC0zNDM2M2JjN2M0YzAiOnsiY3JlYXRlIjozMDAwMDAwMDAwMDAsImRlbGV0ZSI6MzAwMDAwMDAwMDAwLCJ1cGRhdGUiOjEyMDAwMDAwMDAwMH19",
          "dependencies": [
            "aws_internet_gateway.kubeadm_demo_igw",
            "aws_vpc.kubeadm_demo_vpc"
          ]
        }
      ]
    },
    {
      "mode": "managed",
      "type": "aws_route_table_association",
      "name": "kubeadm_demo_route_association",
      "provider": "provider[\"registry.terraform.io/hashicorp/aws\"]",
      "instances": [
        {
          "schema_version": 0,
          "attributes": {
            "gateway_id": "",
            "id": "rtbassoc-0b73e4aad22b003f0",
            "route_table_id": "rtb-0dba14d2ae39b1f73",
            "subnet_id": "subnet-0412a15a3fbe81b5a",
            "timeouts": null
          },
          "sensitive_attributes": [],
          "private": "eyJlMmJmYjczMC1lY2FhLTExZTYtOGY4OC0zNDM2M2JjN2M0YzAiOnsiY3JlYXRlIjozMDAwMDAwMDAwMDAsImRlbGV0ZSI6MzAwMDAwMDAwMDAwLCJ1cGRhdGUiOjEyMDAwMDAwMDAwMH19",
          "dependencies": [
            "aws_internet_gateway.kubeadm_demo_igw",
            "aws_route_table.kubeadm_demo_routetable",
            "aws_subnet.kubeadm_demo_subnet",
            "aws_vpc.kubeadm_demo_vpc"
          ]
        }
      ]
    },
    {
      "mode": "managed",
      "type": "aws_route_table_association",
      "name": "kubeadm_demo_route_association2",
      "provider": "provider[\"registry.terraform.io/hashicorp/aws\"]",
      "instances": [
        {
          "schema_version": 0,
          "attributes": {
            "gateway_id": "",
            "id": "rtbassoc-0ce1a54c853b62515",
            "route_table_id": "rtb-0dba14d2ae39b1f73",
            "subnet_id": "subnet-0d4335654fc6783fe",
            "timeouts": null
          },
          "sensitive_attributes": [],
          "private": "eyJlMmJmYjczMC1lY2FhLTExZTYtOGY4OC0zNDM2M2JjN2M0YzAiOnsiY3JlYXRlIjozMDAwMDAwMDAwMDAsImRlbGV0ZSI6MzAwMDAwMDAwMDAwLCJ1cGRhdGUiOjEyMDAwMDAwMDAwMH19",
          "dependencies": [
            "aws_internet_gateway.kubeadm_demo_igw",
            "aws_route_table.kubeadm_demo_routetable",
            "aws_subnet.kubeadm_demo_subnet2",
            "aws_vpc.kubeadm_demo_vpc"
          ]
        }
      ]
    },
    {
      "mode": "managed",
      "type": "aws_security_group",
      "name": "db-sg",
      "provider": "provider[\"registry.terraform.io/hashicorp/aws\"]",
      "instances": [
        {
          "schema_version": 1,
          "attributes": {
            "arn": "arn:aws:ec2:ap-south-1:590184017959:security-group/sg-03c8a7ffc06e05a24",
            "description": "Allow tls for inbound traffic",
            "egress": [
              {
                "cidr_blocks": [
                  "0.0.0.0/0"
                ],
                "description": "",
                "from_port": 0,
                "ipv6_cidr_blocks": [
                  "::/0"
                ],
                "prefix_list_ids": [],
                "protocol": "-1",
                "security_groups": [],
                "self": false,
                "to_port": 0
              }
            ],
            "id": "sg-03c8a7ffc06e05a24",
            "ingress": [
              {
                "cidr_blocks": [],
                "description": "",
                "from_port": 3306,
                "ipv6_cidr_blocks": [],
                "prefix_list_ids": [],
                "protocol": "tcp",
                "security_groups": [
                  "sg-05db061a279819b8d",
                  "sg-0f949f496e0496106"
                ],
                "self": false,
                "to_port": 3306
              }
            ],
            "name": "cg-4-db-sg",
            "name_prefix": "",
            "owner_id": "590184017959",
            "revoke_rules_on_delete": false,
            "tags": {
              "Name": "cg-4-db-sg"
            },
            "tags_all": {
              "Name": "cg-4-db-sg"
            },
            "timeouts": null,
            "vpc_id": "vpc-0170d1d3b9bbc8423"
          },
          "sensitive_attributes": [],
          "private": "eyJlMmJmYjczMC1lY2FhLTExZTYtOGY4OC0zNDM2M2JjN2M0YzAiOnsiY3JlYXRlIjo2MDAwMDAwMDAwMDAsImRlbGV0ZSI6OTAwMDAwMDAwMDAwfSwic2NoZW1hX3ZlcnNpb24iOiIxIn0=",
          "dependencies": [
            "aws_security_group.kubadm_demo_sg_common",
            "aws_security_group.kubeadm_demo_sg_control_plane",
            "aws_vpc.kubeadm_demo_vpc"
          ]
        }
      ]
    },
    {
      "mode": "managed",
      "type": "aws_security_group",
      "name": "kubadm_demo_sg_common",
      "provider": "provider[\"registry.terraform.io/hashicorp/aws\"]",
      "instances": [
        {
          "schema_version": 1,
          "attributes": {
            "arn": "arn:aws:ec2:ap-south-1:590184017959:security-group/sg-05db061a279819b8d",
            "description": "Managed by Terraform",
            "egress": [
              {
                "cidr_blocks": [
                  "0.0.0.0/0"
                ],
                "description": "",
                "from_port": 0,
                "ipv6_cidr_blocks": [],
                "prefix_list_ids": [],
                "protocol": "-1",
                "security_groups": [],
                "self": false,
                "to_port": 0
              }
            ],
            "id": "sg-05db061a279819b8d",
            "ingress": [
              {
                "cidr_blocks": [
                  "0.0.0.0/0"
                ],
                "description": "Allow HTTP",
                "from_port": 80,
                "ipv6_cidr_blocks": [],
                "prefix_list_ids": [],
                "protocol": "tcp",
                "security_groups": [],
                "self": false,
                "to_port": 80
              },
              {
                "cidr_blocks": [
                  "0.0.0.0/0"
                ],
                "description": "Allow HTTPS",
                "from_port": 443,
                "ipv6_cidr_blocks": [],
                "prefix_list_ids": [],
                "protocol": "tcp",
                "security_groups": [],
                "self": false,
                "to_port": 443
              },
              {
                "cidr_blocks": [
                  "0.0.0.0/0"
                ],
                "description": "Allow SSH",
                "from_port": 22,
                "ipv6_cidr_blocks": [],
                "prefix_list_ids": [],
                "protocol": "tcp",
                "security_groups": [],
                "self": false,
                "to_port": 22
              }
            ],
            "name": "common-ports",
            "name_prefix": "",
            "owner_id": "590184017959",
            "revoke_rules_on_delete": false,
            "tags": {
              "Name": "common ports"
            },
            "tags_all": {
              "Name": "common ports"
            },
            "timeouts": null,
            "vpc_id": "vpc-0170d1d3b9bbc8423"
          },
          "sensitive_attributes": [],
          "private": "eyJlMmJmYjczMC1lY2FhLTExZTYtOGY4OC0zNDM2M2JjN2M0YzAiOnsiY3JlYXRlIjo2MDAwMDAwMDAwMDAsImRlbGV0ZSI6OTAwMDAwMDAwMDAwfSwic2NoZW1hX3ZlcnNpb24iOiIxIn0=",
          "dependencies": [
            "aws_vpc.kubeadm_demo_vpc"
          ]
        }
      ]
    },
    {
      "mode": "managed",
      "type": "aws_security_group",
      "name": "kubeadm_demo_sg_control_plane",
      "provider": "provider[\"registry.terraform.io/hashicorp/aws\"]",
      "instances": [
        {
          "schema_version": 1,
          "attributes": {
            "arn": "arn:aws:ec2:ap-south-1:590184017959:security-group/sg-0f949f496e0496106",
            "description": "Managed by Terraform",
            "egress": [],
            "id": "sg-0f949f496e0496106",
            "ingress": [
              {
                "cidr_blocks": [
                  "0.0.0.0/0"
                ],
                "description": "API Server",
                "from_port": 6443,
                "ipv6_cidr_blocks": [],
                "prefix_list_ids": [],
                "protocol": "tcp",
                "security_groups": [],
                "self": false,
                "to_port": 6443
              },
              {
                "cidr_blocks": [
                  "0.0.0.0/0"
                ],
                "description": "Kube Contoller Manager",
                "from_port": 10257,
                "ipv6_cidr_blocks": [],
                "prefix_list_ids": [],
                "protocol": "tcp",
                "security_groups": [],
                "self": false,
                "to_port": 10257
              },
              {
                "cidr_blocks": [
                  "0.0.0.0/0"
                ],
                "description": "Kube Scheduler",
                "from_port": 10259,
                "ipv6_cidr_blocks": [],
                "prefix_list_ids": [],
                "protocol": "tcp",
                "security_groups": [],
                "self": false,
                "to_port": 10259
              },
              {
                "cidr_blocks": [
                  "0.0.0.0/0"
                ],
                "description": "Kubelet API",
                "from_port": 2379,
                "ipv6_cidr_blocks": [],
                "prefix_list_ids": [],
                "protocol": "tcp",
                "security_groups": [],
                "self": false,
                "to_port": 2380
              },
              {
                "cidr_blocks": [
                  "0.0.0.0/0"
                ],
                "description": "etcd server client API",
                "from_port": 10250,
                "ipv6_cidr_blocks": [],
                "prefix_list_ids": [],
                "protocol": "tcp",
                "security_groups": [],
                "self": false,
                "to_port": 10250
              }
            ],
            "name": "kubeadm-control-plane security group",
            "name_prefix": "",
            "owner_id": "590184017959",
            "revoke_rules_on_delete": false,
            "tags": {
              "Name": "Control Plane SG"
            },
            "tags_all": {
              "Name": "Control Plane SG"
            },
            "timeouts": null,
            "vpc_id": "vpc-0170d1d3b9bbc8423"
          },
          "sensitive_attributes": [],
          "private": "eyJlMmJmYjczMC1lY2FhLTExZTYtOGY4OC0zNDM2M2JjN2M0YzAiOnsiY3JlYXRlIjo2MDAwMDAwMDAwMDAsImRlbGV0ZSI6OTAwMDAwMDAwMDAwfSwic2NoZW1hX3ZlcnNpb24iOiIxIn0=",
          "dependencies": [
            "aws_vpc.kubeadm_demo_vpc"
          ]
        }
      ]
    },
    {
      "mode": "managed",
      "type": "aws_security_group",
      "name": "kubeadm_demo_sg_flannel",
      "provider": "provider[\"registry.terraform.io/hashicorp/aws\"]",
      "instances": [
        {
          "schema_version": 1,
          "attributes": {
            "arn": "arn:aws:ec2:ap-south-1:590184017959:security-group/sg-0f405a289ef52b2cc",
            "description": "Managed by Terraform",
            "egress": [],
            "id": "sg-0f405a289ef52b2cc",
            "ingress": [
              {
                "cidr_blocks": [
                  "0.0.0.0/0"
                ],
                "description": "flannel overlay backend",
                "from_port": 8285,
                "ipv6_cidr_blocks": [],
                "prefix_list_ids": [],
                "protocol": "udp",
                "security_groups": [],
                "self": false,
                "to_port": 8285
              },
              {
                "cidr_blocks": [
                  "0.0.0.0/0"
                ],
                "description": "flannel vxlan backend",
                "from_port": 8472,
                "ipv6_cidr_blocks": [],
                "prefix_list_ids": [],
                "protocol": "udp",
                "security_groups": [],
                "self": false,
                "to_port": 8472
              }
            ],
            "name": "flannel-overlay-backend",
            "name_prefix": "",
            "owner_id": "590184017959",
            "revoke_rules_on_delete": false,
            "tags": {
              "Name": "Flannel Overlay backend"
            },
            "tags_all": {
              "Name": "Flannel Overlay backend"
            },
            "timeouts": null,
            "vpc_id": "vpc-0170d1d3b9bbc8423"
          },
          "sensitive_attributes": [],
          "private": "eyJlMmJmYjczMC1lY2FhLTExZTYtOGY4OC0zNDM2M2JjN2M0YzAiOnsiY3JlYXRlIjo2MDAwMDAwMDAwMDAsImRlbGV0ZSI6OTAwMDAwMDAwMDAwfSwic2NoZW1hX3ZlcnNpb24iOiIxIn0=",
          "dependencies": [
            "aws_vpc.kubeadm_demo_vpc"
          ]
        }
      ]
    },
    {
      "mode": "managed",
      "type": "aws_security_group",
      "name": "kubeadm_demo_sg_worker_nodes",
      "provider": "provider[\"registry.terraform.io/hashicorp/aws\"]",
      "instances": [
        {
          "schema_version": 1,
          "attributes": {
            "arn": "arn:aws:ec2:ap-south-1:590184017959:security-group/sg-07345c7f40b6bc832",
            "description": "Managed by Terraform",
            "egress": [],
            "id": "sg-07345c7f40b6bc832",
            "ingress": [
              {
                "cidr_blocks": [
                  "0.0.0.0/0"
                ],
                "description": "NodePort services",
                "from_port": 30000,
                "ipv6_cidr_blocks": [],
                "prefix_list_ids": [],
                "protocol": "tcp",
                "security_groups": [],
                "self": false,
                "to_port": 32767
              },
              {
                "cidr_blocks": [
                  "0.0.0.0/0"
                ],
                "description": "kubelet API",
                "from_port": 10250,
                "ipv6_cidr_blocks": [],
                "prefix_list_ids": [],
                "protocol": "tcp",
                "security_groups": [],
                "self": false,
                "to_port": 10250
              }
            ],
            "name": "kubeadm-worker-node security group",
            "name_prefix": "",
            "owner_id": "590184017959",
            "revoke_rules_on_delete": false,
            "tags": {
              "Name": "Worker Nodes SG"
            },
            "tags_all": {
              "Name": "Worker Nodes SG"
            },
            "timeouts": null,
            "vpc_id": "vpc-0170d1d3b9bbc8423"
          },
          "sensitive_attributes": [],
          "private": "eyJlMmJmYjczMC1lY2FhLTExZTYtOGY4OC0zNDM2M2JjN2M0YzAiOnsiY3JlYXRlIjo2MDAwMDAwMDAwMDAsImRlbGV0ZSI6OTAwMDAwMDAwMDAwfSwic2NoZW1hX3ZlcnNpb24iOiIxIn0=",
          "dependencies": [
            "aws_vpc.kubeadm_demo_vpc"
          ]
        }
      ]
    },
    {
      "mode": "managed",
      "type": "aws_subnet",
      "name": "kubeadm_demo_subnet",
      "provider": "provider[\"registry.terraform.io/hashicorp/aws\"]",
      "instances": [
        {
          "schema_version": 1,
          "attributes": {
            "arn": "arn:aws:ec2:ap-south-1:590184017959:subnet/subnet-0412a15a3fbe81b5a",
            "assign_ipv6_address_on_creation": false,
            "availability_zone": "ap-south-1a",
            "availability_zone_id": "aps1-az1",
            "cidr_block": "10.0.1.0/24",
            "customer_owned_ipv4_pool": "",
            "enable_dns64": false,
            "enable_lni_at_device_index": 0,
            "enable_resource_name_dns_a_record_on_launch": false,
            "enable_resource_name_dns_aaaa_record_on_launch": false,
            "id": "subnet-0412a15a3fbe81b5a",
            "ipv6_cidr_block": "",
            "ipv6_cidr_block_association_id": "",
            "ipv6_native": false,
            "map_customer_owned_ip_on_launch": false,
            "map_public_ip_on_launch": true,
            "outpost_arn": "",
            "owner_id": "590184017959",
            "private_dns_hostname_type_on_launch": "ip-name",
            "tags": {
              "Name": "kubadm_demo_public_subnet"
            },
            "tags_all": {
              "Name": "kubadm_demo_public_subnet"
            },
            "timeouts": null,
            "vpc_id": "vpc-0170d1d3b9bbc8423"
          },
          "sensitive_attributes": [],
          "private": "eyJlMmJmYjczMC1lY2FhLTExZTYtOGY4OC0zNDM2M2JjN2M0YzAiOnsiY3JlYXRlIjo2MDAwMDAwMDAwMDAsImRlbGV0ZSI6MTIwMDAwMDAwMDAwMH0sInNjaGVtYV92ZXJzaW9uIjoiMSJ9",
          "dependencies": [
            "aws_vpc.kubeadm_demo_vpc"
          ]
        }
      ]
    },
    {
      "mode": "managed",
      "type": "aws_subnet",
      "name": "kubeadm_demo_subnet2",
      "provider": "provider[\"registry.terraform.io/hashicorp/aws\"]",
      "instances": [
        {
          "schema_version": 1,
          "attributes": {
            "arn": "arn:aws:ec2:ap-south-1:590184017959:subnet/subnet-0d4335654fc6783fe",
            "assign_ipv6_address_on_creation": false,
            "availability_zone": "ap-south-1b",
            "availability_zone_id": "aps1-az3",
            "cidr_block": "10.0.2.0/24",
            "customer_owned_ipv4_pool": "",
            "enable_dns64": false,
            "enable_lni_at_device_index": 0,
            "enable_resource_name_dns_a_record_on_launch": false,
            "enable_resource_name_dns_aaaa_record_on_launch": false,
            "id": "subnet-0d4335654fc6783fe",
            "ipv6_cidr_block": "",
            "ipv6_cidr_block_association_id": "",
            "ipv6_native": false,
            "map_customer_owned_ip_on_launch": false,
            "map_public_ip_on_launch": true,
            "outpost_arn": "",
            "owner_id": "590184017959",
            "private_dns_hostname_type_on_launch": "ip-name",
            "tags": {
              "Name": "Subnet in AZ 2"
            },
            "tags_all": {
              "Name": "Subnet in AZ 2"
            },
            "timeouts": null,
            "vpc_id": "vpc-0170d1d3b9bbc8423"
          },
          "sensitive_attributes": [],
          "private": "eyJlMmJmYjczMC1lY2FhLTExZTYtOGY4OC0zNDM2M2JjN2M0YzAiOnsiY3JlYXRlIjo2MDAwMDAwMDAwMDAsImRlbGV0ZSI6MTIwMDAwMDAwMDAwMH0sInNjaGVtYV92ZXJzaW9uIjoiMSJ9",
          "dependencies": [
            "aws_vpc.kubeadm_demo_vpc"
          ]
        }
      ]
    },
    {
      "mode": "managed",
      "type": "aws_vpc",
      "name": "kubeadm_demo_vpc",
      "provider": "provider[\"registry.terraform.io/hashicorp/aws\"]",
      "instances": [
        {
          "schema_version": 1,
          "attributes": {
            "arn": "arn:aws:ec2:ap-south-1:590184017959:vpc/vpc-0170d1d3b9bbc8423",
            "assign_generated_ipv6_cidr_block": false,
            "cidr_block": "10.0.0.0/16",
            "default_network_acl_id": "acl-0333bea6be60c492f",
            "default_route_table_id": "rtb-0592860836680dedc",
            "default_security_group_id": "sg-036c0642cca112fba",
            "dhcp_options_id": "dopt-08800c99d978870e7",
            "enable_dns_hostnames": true,
            "enable_dns_support": true,
            "enable_network_address_usage_metrics": false,
            "id": "vpc-0170d1d3b9bbc8423",
            "instance_tenancy": "default",
            "ipv4_ipam_pool_id": null,
            "ipv4_netmask_length": null,
            "ipv6_association_id": "",
            "ipv6_cidr_block": "",
            "ipv6_cidr_block_network_border_group": "",
            "ipv6_ipam_pool_id": "",
            "ipv6_netmask_length": 0,
            "main_route_table_id": "rtb-0592860836680dedc",
            "owner_id": "590184017959",
            "tags": {
              "Name": "kubeadm_demo_vpc",
              "kubernetes.io/cluster/kubernetes": "owned"
            },
            "tags_all": {
              "Name": "kubeadm_demo_vpc",
              "kubernetes.io/cluster/kubernetes": "owned"
            }
          },
          "sensitive_attributes": [],
          "private": "eyJzY2hlbWFfdmVyc2lvbiI6IjEifQ=="
        }
      ]
    },
    {
      "mode": "managed",
      "type": "tls_private_key",
      "name": "kubadm_demo_private_key",
      "provider": "provider[\"registry.terraform.io/hashicorp/tls\"]",
      "instances": [
        {
          "schema_version": 1,
          "attributes": {
            "algorithm": "RSA",
            "ecdsa_curve": "P224",
            "id": "f6281fb88bd5d408f997c25fea7edec2d2ca3bc5",
            "private_key_openssh": "-----BEGIN OPENSSH PRIVATE KEY-----\nb3BlbnNzaC1rZXktdjEAAAAABG5vbmUAAAAEbm9uZQAAAAAAAAABAAACFwAAAAdz\nc2gtcnNhAAAAAwEAAQAAAgEA27FkB+2ITUGgwY2IjTMyAgxKxe6K+V/KkTWHbjEx\n6UOHg/xdm0cQYfhBJ0wyz0/cqUDw6Tx31z+1QF0J5Rk94Arfo4cY7HjNw2sQrTDh\nlKcKz5DvhVyekFr4QkHgIWpCYgRrSS1bDMvlXlQ9sOSzs4J6MGegAvut50lW6q7j\nMiN73/2cfD8n1NiabcaVtJzw/d3kBjT68k4UR2paV/Xu+39cDm+tsdbLKY5PtrUU\nS6gOdVt+nR3hIJrkKfu+LnMNdxavAnMIDa9QzVL6JBMMu5bT3WkTUJJ5NRZjis+R\ncMqAkFvK0oftL9m69iB5c9aw9A+XaBco2nqHwRvJ+jb1m6cbQdIq0cJdbwaKAYAO\nyL9+45mBvWtBkQE+QPjYU4CDV3wBFxouagcGK1t7N2wleDKWcaLetyRPqLJKIflT\nwOasmmJxSXXkBP7kFMGSQCve4eIQm20Fdkfbm5usJxmej6lXsXBLTY6PSk/ZXtCw\nAum30erty0cmCgy4HnTtnnc5hYWECCgVmG4kdGdm5vFY4RpDfL0Ew+bmeTt2NTGC\nWLPJROO5v3zJagJK1mLTzEyEiVDs2WTTxTYHjBpP1f6lUQaY87wTY/5OjyYdY+R0\nr96qflY27rokngyZIBJ/tlwJ3uLNMja+cOwl6sN+d85myf3j4pSwZouyut8jIF3Y\nOasAAAc458Iw7efCMO0AAAAHc3NoLXJzYQAAAgEA27FkB+2ITUGgwY2IjTMyAgxK\nxe6K+V/KkTWHbjEx6UOHg/xdm0cQYfhBJ0wyz0/cqUDw6Tx31z+1QF0J5Rk94Arf\no4cY7HjNw2sQrTDhlKcKz5DvhVyekFr4QkHgIWpCYgRrSS1bDMvlXlQ9sOSzs4J6\nMGegAvut50lW6q7jMiN73/2cfD8n1NiabcaVtJzw/d3kBjT68k4UR2paV/Xu+39c\nDm+tsdbLKY5PtrUUS6gOdVt+nR3hIJrkKfu+LnMNdxavAnMIDa9QzVL6JBMMu5bT\n3WkTUJJ5NRZjis+RcMqAkFvK0oftL9m69iB5c9aw9A+XaBco2nqHwRvJ+jb1m6cb\nQdIq0cJdbwaKAYAOyL9+45mBvWtBkQE+QPjYU4CDV3wBFxouagcGK1t7N2wleDKW\ncaLetyRPqLJKIflTwOasmmJxSXXkBP7kFMGSQCve4eIQm20Fdkfbm5usJxmej6lX\nsXBLTY6PSk/ZXtCwAum30erty0cmCgy4HnTtnnc5hYWECCgVmG4kdGdm5vFY4RpD\nfL0Ew+bmeTt2NTGCWLPJROO5v3zJagJK1mLTzEyEiVDs2WTTxTYHjBpP1f6lUQaY\n87wTY/5OjyYdY+R0r96qflY27rokngyZIBJ/tlwJ3uLNMja+cOwl6sN+d85myf3j\n4pSwZouyut8jIF3YOasAAAADAQABAAACAEAqFkIugQG3akE9miVLT47Dkk8u9Y4S\nCTLSBIUNfztWysykt54zajiC7lyQ58Ie3B7e5b3pOEM4yzJKOiqcbbLy2hCD06a1\nPbuWmJ9MyIXHJ+Qpu5siyvj0aM/JN7HqvAquqbsMsSwSnSIozn/MvCNwt0lN6rEU\nWt1TUTxn6dlp/bMU+lBbjcGfpbLsLis7LzOmTAP4E1cTsN6O1GYeYTc5ImTg/0US\nq/GuK9/8ETprkhV6rIctA+Sm+H6+lPQyDDu8905q1G5SxvHBC2ff3HcpfSWMm+SL\nczUrHdWb/CmKK3R+KsXEh2TTXcSnBXHswW/24cy3/umYoe+nsx0OUjsiJ82uUIWb\nWn2xRAaUQBLzZJwAedi2iwBlHD+tUSU3fdIE3DNWZuZi9pdzmpj01a2/7sK2K1bg\nU/mfGPgoS0KG+ipivdyIGZ5gFlyQyIVODda8UvzzHNW0B7l326XQ56a97nqDg4im\nI6vBpmy8i3mqNL4HRLWk8z21WYeDHSEO+JARnKGyh95M3RDXlSqzjqsBonLPwIll\n4heaoeP6ys1ScjF+PHZNvS/nO53/7NQ6pe2D0AxdxSR9q/sSe32aaSZYbvN6iMMq\nhSV07x3yG8zHT5gCHrmPMzEht4IK0r66Rwxg/9ZySpid5DhE2wnV3mAyExBWbWtq\nNkp16vhXO5HxAAABAQC+BJSXAfPB9daK9WpRNQDQsh0UEXM1SsIGYxqIo68DxGBD\nKqXpzHakVSeJfBzTEQVVUgQtQVHlMDBd5dbxIoiADKk6LOwo3JFI5PRYGamZCpGJ\n0HUYqXi0yXvFR/K1zUH+2vwlh9yAYWjSjPgYIif4kwP8hxAyHyfVJlnyc+3SHv/6\nrr2Xmni4EKkGMmcDsmzQ8ZyNzQr7h4oPnQUgMIAhag6rQk54cYyFx0lelDr/v80R\n+zaWwvxTgWn7YWfdLv9ERqm06egr5vRq5uayutGEwEVlNAE7zweBU/cBaaOZQQ4W\nbjweS4M275Nb7E5CPiH/vZsgYAEz0IqcpHd+1bGcAAABAQDhw9keVGNcjCaHkw16\nrAaKs8bVR0IUubaoQFeca9t31uFMNE2G+gR4W+Kvk49romgyRg54KQIDduzMRY2d\nE7HGPjJGK2oIr33IQYkCpwWan+FLbI9khv67n22IXVnSE7dtL8XNAPEOyYG1+6qL\nUj5vw1Gr7Fs7caCirf5RK5i+XBKZtaEkTWb2eNvEpCfVMjAi5XPOA//EG+ysmbn0\na0ARHBJIAiO4mnDJeCpE1H9bBcjwEHFLy11lgx9Buet0ssaTkCLES5guK5Dzsp8y\nIlMHFpsipUha2VhXQw3H6znHbTTEHcQU4ac82a5XQNuxXIdSpNFVNB4buRYmmblw\ne4BjAAABAQD5HV2733kxS3ishZEdCVIz1hnSsDAI5Vq6MEhTRykTes8XQUM/Xt0F\nAJ+n/EyD3fzJkM2rGolpZ6dhk4x+H0EGBVh9h0v8w6sZ1+NEIIZTagfZPF1gCFVF\nW7XRb+vcAXQvumeXmb/xQBgblQyRwhmD6eDnKnVOcdaioxBjrdn1q5anv26pq7+B\n7HB9jY13v2gIDXKuu/Pj8C2d3FpUEgaaeJw4bRDGzF5d/zTBqZha+ie536d7TSWI\nh6AGF1278cFG12Kz3KM0WN2P79Gc/i986E16f0OrgT8/7Uk3N3k1uS70PsxToM4C\n9QF+erHqPbzddsDEeIAGxpxpm8L+e5AZAAAAAAEC\n-----END OPENSSH PRIVATE KEY-----\n",
            "private_key_pem": "-----BEGIN RSA PRIVATE KEY-----\nMIIJKQIBAAKCAgEA27FkB+2ITUGgwY2IjTMyAgxKxe6K+V/KkTWHbjEx6UOHg/xd\nm0cQYfhBJ0wyz0/cqUDw6Tx31z+1QF0J5Rk94Arfo4cY7HjNw2sQrTDhlKcKz5Dv\nhVyekFr4QkHgIWpCYgRrSS1bDMvlXlQ9sOSzs4J6MGegAvut50lW6q7jMiN73/2c\nfD8n1NiabcaVtJzw/d3kBjT68k4UR2paV/Xu+39cDm+tsdbLKY5PtrUUS6gOdVt+\nnR3hIJrkKfu+LnMNdxavAnMIDa9QzVL6JBMMu5bT3WkTUJJ5NRZjis+RcMqAkFvK\n0oftL9m69iB5c9aw9A+XaBco2nqHwRvJ+jb1m6cbQdIq0cJdbwaKAYAOyL9+45mB\nvWtBkQE+QPjYU4CDV3wBFxouagcGK1t7N2wleDKWcaLetyRPqLJKIflTwOasmmJx\nSXXkBP7kFMGSQCve4eIQm20Fdkfbm5usJxmej6lXsXBLTY6PSk/ZXtCwAum30ert\ny0cmCgy4HnTtnnc5hYWECCgVmG4kdGdm5vFY4RpDfL0Ew+bmeTt2NTGCWLPJROO5\nv3zJagJK1mLTzEyEiVDs2WTTxTYHjBpP1f6lUQaY87wTY/5OjyYdY+R0r96qflY2\n7rokngyZIBJ/tlwJ3uLNMja+cOwl6sN+d85myf3j4pSwZouyut8jIF3YOasCAwEA\nAQKCAgBAKhZCLoEBt2pBPZolS0+Ow5JPLvWOEgky0gSFDX87VsrMpLeeM2o4gu5c\nkOfCHtwe3uW96ThDOMsySjoqnG2y8toQg9OmtT27lpifTMiFxyfkKbubIsr49GjP\nyTex6rwKrqm7DLEsEp0iKM5/zLwjcLdJTeqxFFrdU1E8Z+nZaf2zFPpQW43Bn6Wy\n7C4rOy8zpkwD+BNXE7DejtRmHmE3OSJk4P9FEqvxrivf/BE6a5IVeqyHLQPkpvh+\nvpT0Mgw7vPdOatRuUsbxwQtn39x3KX0ljJvki3M1Kx3Vm/wpiit0firFxIdk013E\npwVx7MFv9uHMt/7pmKHvp7MdDlI7IifNrlCFm1p9sUQGlEAS82ScAHnYtosAZRw/\nrVElN33SBNwzVmbmYvaXc5qY9NWtv+7CtitW4FP5nxj4KEtChvoqYr3ciBmeYBZc\nkMiFTg3WvFL88xzVtAe5d9ul0Oemve56g4OIpiOrwaZsvIt5qjS+B0S1pPM9tVmH\ngx0hDviQEZyhsofeTN0Q15Uqs46rAaJyz8CJZeIXmqHj+srNUnIxfjx2Tb0v5zud\n/+zUOqXtg9AMXcUkfav7Ent9mmkmWG7zeojDKoUldO8d8hvMx0+YAh65jzMxIbeC\nCtK+ukcMYP/WckqYneQ4RNsJ1d5gMhMQVm1rajZKder4VzuR8QKCAQEA4cPZHlRj\nXIwmh5MNeqwGirPG1UdCFLm2qEBXnGvbd9bhTDRNhvoEeFvir5OPa6JoMkYOeCkC\nA3bszEWNnROxxj4yRitqCK99yEGJAqcFmp/hS2yPZIb+u59tiF1Z0hO3bS/FzQDx\nDsmBtfuqi1I+b8NRq+xbO3Ggoq3+USuYvlwSmbWhJE1m9njbxKQn1TIwIuVzzgP/\nxBvsrJm59GtAERwSSAIjuJpwyXgqRNR/WwXI8BBxS8tdZYMfQbnrdLLGk5AixEuY\nLiuQ87KfMiJTBxabIqVIWtlYV0MNx+s5x200xB3EFOGnPNmuV0DbsVyHUqTRVTQe\nG7kWJpm5cHuAYwKCAQEA+R1du995MUt4rIWRHQlSM9YZ0rAwCOVaujBIU0cpE3rP\nF0FDP17dBQCfp/xMg938yZDNqxqJaWenYZOMfh9BBgVYfYdL/MOrGdfjRCCGU2oH\n2TxdYAhVRVu10W/r3AF0L7pnl5m/8UAYG5UMkcIZg+ng5yp1TnHWoqMQY63Z9auW\np79uqau/gexwfY2Nd79oCA1yrrvz4/AtndxaVBIGmnicOG0QxsxeXf80wamYWvon\nud+ne00liIegBhddu/HBRtdis9yjNFjdj+/RnP4vfOhNen9Dq4E/P+1JNzd5Nbku\n9D7MU6DOAvUBfnqx6j283XbAxHiABsacaZvC/nuQGQKCAQBNkG/jz7JjdXM3WPpk\njv2gYauKUvUNEdEDdTekchnwzk6RU9be7L7kaw0yrUu0+xM5UoBeIBilABLTC4Jf\n2QhWx7+WBAxl94ULbBiaZK+0NAG/XAjXzNlvtJJ5KzlUx5lZVfRrPkuTfP+nelNZ\nkmQJGd3RZ17gyWUa/xRE5umPXSq2zIQUaNNbEqLOqGdXA+st0g87VHxm8AEcO6R7\nqO1V84MEYlfLcKQXU8WR6D/pEc+7SqriE3h/C9GNT0bpzRIUWIzZS+94zVb7ov62\nxrwnz0h1WrvFGq8TK+JsMRCkx4w9ZMydL/m5GkCfkZTpFpUXe7C/ySwe8jP+BwqC\n7qtpAoIBAQD06xNJ77dmaK4W6Ca4pn5kKl4vDzvasyvVHD0vayoOVdKfKXHlLu4b\nyfYuIVZU23556dzbGXb544fj3j3ljfLO6ZiLqeZidzmUafWt+FA4WGmpAblH/klf\nrIAAjooUPnWtqxXILchRd1N8Yrj94RhW4i1U+SBl5HRCaBFn/vfomi+/cu1o8UuS\ngBREzFPG5K9yI06aTn3Fn1AqAQfp2eMWIfhtXYV9/lXVEmEa+hOpdoJyM1qlVj7N\nkZIaCwUED/aXIJGRBh6LC8ehiQXL1Ph5VKdABTlRt/uobTFrkSWhVRS927PlkJaa\nv6kdYaHkC5jRH7z8LQCqKMCE8DfxHSiZAoIBAQC+BJSXAfPB9daK9WpRNQDQsh0U\nEXM1SsIGYxqIo68DxGBDKqXpzHakVSeJfBzTEQVVUgQtQVHlMDBd5dbxIoiADKk6\nLOwo3JFI5PRYGamZCpGJ0HUYqXi0yXvFR/K1zUH+2vwlh9yAYWjSjPgYIif4kwP8\nhxAyHyfVJlnyc+3SHv/6rr2Xmni4EKkGMmcDsmzQ8ZyNzQr7h4oPnQUgMIAhag6r\nQk54cYyFx0lelDr/v80R+zaWwvxTgWn7YWfdLv9ERqm06egr5vRq5uayutGEwEVl\nNAE7zweBU/cBaaOZQQ4WbjweS4M275Nb7E5CPiH/vZsgYAEz0IqcpHd+1bGc\n-----END RSA PRIVATE KEY-----\n",
            "private_key_pem_pkcs8": "-----BEGIN PRIVATE KEY-----\nMIIJQwIBADANBgkqhkiG9w0BAQEFAASCCS0wggkpAgEAAoICAQDbsWQH7YhNQaDB\njYiNMzICDErF7or5X8qRNYduMTHpQ4eD/F2bRxBh+EEnTDLPT9ypQPDpPHfXP7VA\nXQnlGT3gCt+jhxjseM3DaxCtMOGUpwrPkO+FXJ6QWvhCQeAhakJiBGtJLVsMy+Ve\nVD2w5LOzgnowZ6AC+63nSVbqruMyI3vf/Zx8PyfU2JptxpW0nPD93eQGNPryThRH\nalpX9e77f1wOb62x1sspjk+2tRRLqA51W36dHeEgmuQp+74ucw13Fq8CcwgNr1DN\nUvokEwy7ltPdaRNQknk1FmOKz5FwyoCQW8rSh+0v2br2IHlz1rD0D5doFyjaeofB\nG8n6NvWbpxtB0irRwl1vBooBgA7Iv37jmYG9a0GRAT5A+NhTgINXfAEXGi5qBwYr\nW3s3bCV4MpZxot63JE+oskoh+VPA5qyaYnFJdeQE/uQUwZJAK97h4hCbbQV2R9ub\nm6wnGZ6PqVexcEtNjo9KT9le0LAC6bfR6u3LRyYKDLgedO2edzmFhYQIKBWYbiR0\nZ2bm8VjhGkN8vQTD5uZ5O3Y1MYJYs8lE47m/fMlqAkrWYtPMTISJUOzZZNPFNgeM\nGk/V/qVRBpjzvBNj/k6PJh1j5HSv3qp+VjbuuiSeDJkgEn+2XAne4s0yNr5w7CXq\nw353zmbJ/ePilLBmi7K63yMgXdg5qwIDAQABAoICAEAqFkIugQG3akE9miVLT47D\nkk8u9Y4SCTLSBIUNfztWysykt54zajiC7lyQ58Ie3B7e5b3pOEM4yzJKOiqcbbLy\n2hCD06a1PbuWmJ9MyIXHJ+Qpu5siyvj0aM/JN7HqvAquqbsMsSwSnSIozn/MvCNw\nt0lN6rEUWt1TUTxn6dlp/bMU+lBbjcGfpbLsLis7LzOmTAP4E1cTsN6O1GYeYTc5\nImTg/0USq/GuK9/8ETprkhV6rIctA+Sm+H6+lPQyDDu8905q1G5SxvHBC2ff3Hcp\nfSWMm+SLczUrHdWb/CmKK3R+KsXEh2TTXcSnBXHswW/24cy3/umYoe+nsx0OUjsi\nJ82uUIWbWn2xRAaUQBLzZJwAedi2iwBlHD+tUSU3fdIE3DNWZuZi9pdzmpj01a2/\n7sK2K1bgU/mfGPgoS0KG+ipivdyIGZ5gFlyQyIVODda8UvzzHNW0B7l326XQ56a9\n7nqDg4imI6vBpmy8i3mqNL4HRLWk8z21WYeDHSEO+JARnKGyh95M3RDXlSqzjqsB\nonLPwIll4heaoeP6ys1ScjF+PHZNvS/nO53/7NQ6pe2D0AxdxSR9q/sSe32aaSZY\nbvN6iMMqhSV07x3yG8zHT5gCHrmPMzEht4IK0r66Rwxg/9ZySpid5DhE2wnV3mAy\nExBWbWtqNkp16vhXO5HxAoIBAQDhw9keVGNcjCaHkw16rAaKs8bVR0IUubaoQFec\na9t31uFMNE2G+gR4W+Kvk49romgyRg54KQIDduzMRY2dE7HGPjJGK2oIr33IQYkC\npwWan+FLbI9khv67n22IXVnSE7dtL8XNAPEOyYG1+6qLUj5vw1Gr7Fs7caCirf5R\nK5i+XBKZtaEkTWb2eNvEpCfVMjAi5XPOA//EG+ysmbn0a0ARHBJIAiO4mnDJeCpE\n1H9bBcjwEHFLy11lgx9Buet0ssaTkCLES5guK5Dzsp8yIlMHFpsipUha2VhXQw3H\n6znHbTTEHcQU4ac82a5XQNuxXIdSpNFVNB4buRYmmblwe4BjAoIBAQD5HV2733kx\nS3ishZEdCVIz1hnSsDAI5Vq6MEhTRykTes8XQUM/Xt0FAJ+n/EyD3fzJkM2rGolp\nZ6dhk4x+H0EGBVh9h0v8w6sZ1+NEIIZTagfZPF1gCFVFW7XRb+vcAXQvumeXmb/x\nQBgblQyRwhmD6eDnKnVOcdaioxBjrdn1q5anv26pq7+B7HB9jY13v2gIDXKuu/Pj\n8C2d3FpUEgaaeJw4bRDGzF5d/zTBqZha+ie536d7TSWIh6AGF1278cFG12Kz3KM0\nWN2P79Gc/i986E16f0OrgT8/7Uk3N3k1uS70PsxToM4C9QF+erHqPbzddsDEeIAG\nxpxpm8L+e5AZAoIBAE2Qb+PPsmN1czdY+mSO/aBhq4pS9Q0R0QN1N6RyGfDOTpFT\n1t7svuRrDTKtS7T7EzlSgF4gGKUAEtMLgl/ZCFbHv5YEDGX3hQtsGJpkr7Q0Ab9c\nCNfM2W+0knkrOVTHmVlV9Gs+S5N8/6d6U1mSZAkZ3dFnXuDJZRr/FETm6Y9dKrbM\nhBRo01sSos6oZ1cD6y3SDztUfGbwARw7pHuo7VXzgwRiV8twpBdTxZHoP+kRz7tK\nquITeH8L0Y1PRunNEhRYjNlL73jNVvui/rbGvCfPSHVau8UarxMr4mwxEKTHjD1k\nzJ0v+bkaQJ+RlOkWlRd7sL/JLB7yM/4HCoLuq2kCggEBAPTrE0nvt2ZorhboJrim\nfmQqXi8PO9qzK9UcPS9rKg5V0p8pceUu7hvJ9i4hVlTbfnnp3NsZdvnjh+PePeWN\n8s7pmIup5mJ3OZRp9a34UDhYaakBuUf+SV+sgACOihQ+da2rFcgtyFF3U3xiuP3h\nGFbiLVT5IGXkdEJoEWf+9+iaL79y7WjxS5KAFETMU8bkr3IjTppOfcWfUCoBB+nZ\n4xYh+G1dhX3+VdUSYRr6E6l2gnIzWqVWPs2RkhoLBQQP9pcgkZEGHosLx6GJBcvU\n+HlUp0AFOVG3+6htMWuRJaFVFL3bs+WQlpq/qR1hoeQLmNEfvPwtAKoowITwN/Ed\nKJkCggEBAL4ElJcB88H11or1alE1ANCyHRQRczVKwgZjGoijrwPEYEMqpenMdqRV\nJ4l8HNMRBVVSBC1BUeUwMF3l1vEiiIAMqTos7CjckUjk9FgZqZkKkYnQdRipeLTJ\ne8VH8rXNQf7a/CWH3IBhaNKM+BgiJ/iTA/yHEDIfJ9UmWfJz7dIe//quvZeaeLgQ\nqQYyZwOybNDxnI3NCvuHig+dBSAwgCFqDqtCTnhxjIXHSV6UOv+/zRH7NpbC/FOB\nafthZ90u/0RGqbTp6Cvm9Grm5rK60YTARWU0ATvPB4FT9wFpo5lBDhZuPB5Lgzbv\nk1vsTkI+If+9myBgATPQipykd37VsZw=\n-----END PRIVATE KEY-----\n",
            "public_key_fingerprint_md5": "82:6c:d3:14:7b:cc:07:92:16:ad:8e:c9:27:ab:d8:98",
            "public_key_fingerprint_sha256": "SHA256:oD42jyuRaD6bVaYtr4ewtgudr4jPp1m8T8olDCwnNCs",
            "public_key_openssh": "ssh-rsa AAAAB3NzaC1yc2EAAAADAQABAAACAQDbsWQH7YhNQaDBjYiNMzICDErF7or5X8qRNYduMTHpQ4eD/F2bRxBh+EEnTDLPT9ypQPDpPHfXP7VAXQnlGT3gCt+jhxjseM3DaxCtMOGUpwrPkO+FXJ6QWvhCQeAhakJiBGtJLVsMy+VeVD2w5LOzgnowZ6AC+63nSVbqruMyI3vf/Zx8PyfU2JptxpW0nPD93eQGNPryThRHalpX9e77f1wOb62x1sspjk+2tRRLqA51W36dHeEgmuQp+74ucw13Fq8CcwgNr1DNUvokEwy7ltPdaRNQknk1FmOKz5FwyoCQW8rSh+0v2br2IHlz1rD0D5doFyjaeofBG8n6NvWbpxtB0irRwl1vBooBgA7Iv37jmYG9a0GRAT5A+NhTgINXfAEXGi5qBwYrW3s3bCV4MpZxot63JE+oskoh+VPA5qyaYnFJdeQE/uQUwZJAK97h4hCbbQV2R9ubm6wnGZ6PqVexcEtNjo9KT9le0LAC6bfR6u3LRyYKDLgedO2edzmFhYQIKBWYbiR0Z2bm8VjhGkN8vQTD5uZ5O3Y1MYJYs8lE47m/fMlqAkrWYtPMTISJUOzZZNPFNgeMGk/V/qVRBpjzvBNj/k6PJh1j5HSv3qp+VjbuuiSeDJkgEn+2XAne4s0yNr5w7CXqw353zmbJ/ePilLBmi7K63yMgXdg5qw==\n",
            "public_key_pem": "-----BEGIN PUBLIC KEY-----\nMIICIjANBgkqhkiG9w0BAQEFAAOCAg8AMIICCgKCAgEA27FkB+2ITUGgwY2IjTMy\nAgxKxe6K+V/KkTWHbjEx6UOHg/xdm0cQYfhBJ0wyz0/cqUDw6Tx31z+1QF0J5Rk9\n4Arfo4cY7HjNw2sQrTDhlKcKz5DvhVyekFr4QkHgIWpCYgRrSS1bDMvlXlQ9sOSz\ns4J6MGegAvut50lW6q7jMiN73/2cfD8n1NiabcaVtJzw/d3kBjT68k4UR2paV/Xu\n+39cDm+tsdbLKY5PtrUUS6gOdVt+nR3hIJrkKfu+LnMNdxavAnMIDa9QzVL6JBMM\nu5bT3WkTUJJ5NRZjis+RcMqAkFvK0oftL9m69iB5c9aw9A+XaBco2nqHwRvJ+jb1\nm6cbQdIq0cJdbwaKAYAOyL9+45mBvWtBkQE+QPjYU4CDV3wBFxouagcGK1t7N2wl\neDKWcaLetyRPqLJKIflTwOasmmJxSXXkBP7kFMGSQCve4eIQm20Fdkfbm5usJxme\nj6lXsXBLTY6PSk/ZXtCwAum30erty0cmCgy4HnTtnnc5hYWECCgVmG4kdGdm5vFY\n4RpDfL0Ew+bmeTt2NTGCWLPJROO5v3zJagJK1mLTzEyEiVDs2WTTxTYHjBpP1f6l\nUQaY87wTY/5OjyYdY+R0r96qflY27rokngyZIBJ/tlwJ3uLNMja+cOwl6sN+d85m\nyf3j4pSwZouyut8jIF3YOasCAwEAAQ==\n-----END PUBLIC KEY-----\n",
            "rsa_bits": 4096
          },
          "sensitive_attributes": []
        }
      ]
    }
  ],
  "check_results": null
}
