{
  "version": 4,
  "terraform_version": "1.7.5",
  "serial": 186,
  "lineage": "04abd3c5-3bd8-4554-0b42-7748ac35e5a4",
  "outputs": {
    "control_plane_ip": {
      "value": "43.204.131.107",
      "type": "string"
    },
    "worker_nodes_ip": {
      "value": "13.234.100.5765.1.9.254",
      "type": "string"
    }
  },
  "resources": [
    {
      "mode": "managed",
      "type": "ansible_host",
      "name": "kubadm_demo_control_plane_host",
      "provider": "provider[\"registry.terraform.io/ansible/ansible\"]",
      "instances": [
        {
          "schema_version": 0,
          "attributes": {
            "groups": [
              "master"
            ],
            "id": "control_plane",
            "name": "control_plane",
            "variables": {
              "ansible_host": "43.204.131.107",
              "ansible_ssh_private_key_file": "./private-key.pem",
              "ansible_user": "ubuntu",
              "node_hostname": "master"
            }
          },
          "sensitive_attributes": [],
          "private": "bnVsbA==",
          "dependencies": [
            "aws_instance.kubeadm_demo_control_plane",
            "aws_key_pair.kubeadm_demo_key_pair",
            "aws_security_group.kubadm_demo_sg_common",
            "aws_security_group.kubeadm_demo_sg_control_plane",
            "aws_security_group.kubeadm_demo_sg_flannel",
            "tls_private_key.kubadm_demo_private_key"
          ]
        }
      ]
    },
    {
      "mode": "managed",
      "type": "ansible_host",
      "name": "kubadm_demo_worker_nodes_host",
      "provider": "provider[\"registry.terraform.io/ansible/ansible\"]",
      "instances": [
        {
          "index_key": 0,
          "schema_version": 0,
          "attributes": {
            "groups": [
              "workers"
            ],
            "id": "worker-0",
            "name": "worker-0",
            "variables": {
              "ansible_host": "13.234.100.57",
              "ansible_ssh_private_key_file": "./private-key.pem",
              "ansible_user": "ubuntu",
              "node_hostname": "worker-0"
            }
          },
          "sensitive_attributes": [],
          "private": "bnVsbA==",
          "dependencies": [
            "aws_instance.kubeadm_demo_worker_nodes",
            "aws_key_pair.kubeadm_demo_key_pair",
            "aws_security_group.kubadm_demo_sg_common",
            "aws_security_group.kubeadm_demo_sg_flannel",
            "aws_security_group.kubeadm_demo_sg_worker_nodes",
            "tls_private_key.kubadm_demo_private_key"
          ]
        },
        {
          "index_key": 1,
          "schema_version": 0,
          "attributes": {
            "groups": [
              "workers"
            ],
            "id": "worker-1",
            "name": "worker-1",
            "variables": {
              "ansible_host": "65.1.9.254",
              "ansible_ssh_private_key_file": "./private-key.pem",
              "ansible_user": "ubuntu",
              "node_hostname": "worker-1"
            }
          },
          "sensitive_attributes": [],
          "private": "bnVsbA==",
          "dependencies": [
            "aws_instance.kubeadm_demo_worker_nodes",
            "aws_key_pair.kubeadm_demo_key_pair",
            "aws_security_group.kubadm_demo_sg_common",
            "aws_security_group.kubeadm_demo_sg_flannel",
            "aws_security_group.kubeadm_demo_sg_worker_nodes",
            "tls_private_key.kubadm_demo_private_key"
          ]
        }
      ]
    },
    {
      "mode": "managed",
      "type": "aws_instance",
      "name": "kubeadm_demo_control_plane",
      "provider": "provider[\"registry.terraform.io/hashicorp/aws\"]",
      "instances": [
        {
          "schema_version": 1,
          "attributes": {
            "ami": "ami-007020fd9c84e18c7",
            "arn": "arn:aws:ec2:ap-south-1:590184017959:instance/i-0eda8db31c1db4eec",
            "associate_public_ip_address": true,
            "availability_zone": "ap-south-1a",
            "capacity_reservation_specification": [
              {
                "capacity_reservation_preference": "open",
                "capacity_reservation_target": []
              }
            ],
            "cpu_core_count": 1,
            "cpu_options": [
              {
                "amd_sev_snp": "",
                "core_count": 1,
                "threads_per_core": 2
              }
            ],
            "cpu_threads_per_core": 2,
            "credit_specification": [
              {
                "cpu_credits": "unlimited"
              }
            ],
            "disable_api_stop": false,
            "disable_api_termination": false,
            "ebs_block_device": [],
            "ebs_optimized": false,
            "enclave_options": [
              {
                "enabled": false
              }
            ],
            "ephemeral_block_device": [],
            "get_password_data": false,
            "hibernation": false,
            "host_id": "",
            "host_resource_group_arn": null,
            "iam_instance_profile": "",
            "id": "i-0eda8db31c1db4eec",
            "instance_initiated_shutdown_behavior": "stop",
            "instance_lifecycle": "",
            "instance_market_options": [],
            "instance_state": "running",
            "instance_type": "t3.large",
            "ipv6_address_count": 0,
            "ipv6_addresses": [],
            "key_name": "kubeadm_demo",
            "launch_template": [],
            "maintenance_options": [
              {
                "auto_recovery": "default"
              }
            ],
            "metadata_options": [
              {
                "http_endpoint": "enabled",
                "http_put_response_hop_limit": 1,
                "http_tokens": "optional",
                "instance_metadata_tags": "disabled"
              }
            ],
            "monitoring": false,
            "network_interface": [],
            "outpost_arn": "",
            "password_data": "",
            "placement_group": "",
            "placement_partition_number": 0,
            "primary_network_interface_id": "eni-0bd00e94ef295fc0b",
            "private_dns": "ip-172-31-39-57.ap-south-1.compute.internal",
            "private_dns_name_options": [
              {
                "enable_resource_name_dns_a_record": false,
                "enable_resource_name_dns_aaaa_record": false,
                "hostname_type": "ip-name"
              }
            ],
            "private_ip": "172.31.39.57",
            "public_dns": "ec2-43-204-131-107.ap-south-1.compute.amazonaws.com",
            "public_ip": "43.204.131.107",
            "root_block_device": [
              {
                "delete_on_termination": true,
                "device_name": "/dev/sda1",
                "encrypted": false,
                "iops": 100,
                "kms_key_id": "",
                "tags": {},
                "throughput": 0,
                "volume_id": "vol-06727d7231449715b",
                "volume_size": 20,
                "volume_type": "gp2"
              }
            ],
            "secondary_private_ips": [],
            "security_groups": [
              "common-ports",
              "flannel-overlay-backend",
              "kubeadm-control-plane security group"
            ],
            "source_dest_check": true,
            "spot_instance_request_id": "",
            "subnet_id": "subnet-0a7842021f69c06b3",
            "tags": {
              "Name": "Kubeadm Master",
              "Role": "Control plane node"
            },
            "tags_all": {
              "Name": "Kubeadm Master",
              "Role": "Control plane node"
            },
            "tenancy": "default",
            "timeouts": null,
            "user_data": null,
            "user_data_base64": null,
            "user_data_replace_on_change": false,
            "volume_tags": null,
            "vpc_security_group_ids": [
              "sg-057cf65b6e484c59f",
              "sg-07312511690dd14fe",
              "sg-0ac07782dc36eabcc"
            ]
          },
          "sensitive_attributes": [],
          "private": "eyJlMmJmYjczMC1lY2FhLTExZTYtOGY4OC0zNDM2M2JjN2M0YzAiOnsiY3JlYXRlIjo2MDAwMDAwMDAwMDAsImRlbGV0ZSI6MTIwMDAwMDAwMDAwMCwidXBkYXRlIjo2MDAwMDAwMDAwMDB9LCJzY2hlbWFfdmVyc2lvbiI6IjEifQ==",
          "dependencies": [
            "aws_key_pair.kubeadm_demo_key_pair",
            "aws_security_group.kubadm_demo_sg_common",
            "aws_security_group.kubeadm_demo_sg_control_plane",
            "aws_security_group.kubeadm_demo_sg_flannel",
            "tls_private_key.kubadm_demo_private_key"
          ]
        }
      ]
    },
    {
      "mode": "managed",
      "type": "aws_instance",
      "name": "kubeadm_demo_worker_nodes",
      "provider": "provider[\"registry.terraform.io/hashicorp/aws\"]",
      "instances": [
        {
          "index_key": 0,
          "schema_version": 1,
          "attributes": {
            "ami": "ami-007020fd9c84e18c7",
            "arn": "arn:aws:ec2:ap-south-1:590184017959:instance/i-0ba85935bfe7ec49e",
            "associate_public_ip_address": true,
            "availability_zone": "ap-south-1b",
            "capacity_reservation_specification": [
              {
                "capacity_reservation_preference": "open",
                "capacity_reservation_target": []
              }
            ],
            "cpu_core_count": 1,
            "cpu_options": [
              {
                "amd_sev_snp": "",
                "core_count": 1,
                "threads_per_core": 2
              }
            ],
            "cpu_threads_per_core": 2,
            "credit_specification": [
              {
                "cpu_credits": "unlimited"
              }
            ],
            "disable_api_stop": false,
            "disable_api_termination": false,
            "ebs_block_device": [],
            "ebs_optimized": false,
            "enclave_options": [
              {
                "enabled": false
              }
            ],
            "ephemeral_block_device": [],
            "get_password_data": false,
            "hibernation": false,
            "host_id": "",
            "host_resource_group_arn": null,
            "iam_instance_profile": "",
            "id": "i-0ba85935bfe7ec49e",
            "instance_initiated_shutdown_behavior": "stop",
            "instance_lifecycle": "",
            "instance_market_options": [],
            "instance_state": "running",
            "instance_type": "t3.large",
            "ipv6_address_count": 0,
            "ipv6_addresses": [],
            "key_name": "kubeadm_demo",
            "launch_template": [],
            "maintenance_options": [
              {
                "auto_recovery": "default"
              }
            ],
            "metadata_options": [
              {
                "http_endpoint": "enabled",
                "http_put_response_hop_limit": 1,
                "http_tokens": "optional",
                "instance_metadata_tags": "disabled"
              }
            ],
            "monitoring": false,
            "network_interface": [],
            "outpost_arn": "",
            "password_data": "",
            "placement_group": "",
            "placement_partition_number": 0,
            "primary_network_interface_id": "eni-0c3f954ccbeae9249",
            "private_dns": "ip-172-31-4-103.ap-south-1.compute.internal",
            "private_dns_name_options": [
              {
                "enable_resource_name_dns_a_record": false,
                "enable_resource_name_dns_aaaa_record": false,
                "hostname_type": "ip-name"
              }
            ],
            "private_ip": "172.31.4.103",
            "public_dns": "ec2-13-234-100-57.ap-south-1.compute.amazonaws.com",
            "public_ip": "13.234.100.57",
            "root_block_device": [
              {
                "delete_on_termination": true,
                "device_name": "/dev/sda1",
                "encrypted": false,
                "iops": 100,
                "kms_key_id": "",
                "tags": {},
                "throughput": 0,
                "volume_id": "vol-092e8daafad983fe7",
                "volume_size": 20,
                "volume_type": "gp2"
              }
            ],
            "secondary_private_ips": [],
            "security_groups": [
              "common-ports",
              "flannel-overlay-backend",
              "kubeadm-worker-node security group"
            ],
            "source_dest_check": true,
            "spot_instance_request_id": "",
            "subnet_id": "subnet-05b38440b21db9017",
            "tags": {
              "Name": "Kubeadm Worker 0",
              "Role": "Worker node"
            },
            "tags_all": {
              "Name": "Kubeadm Worker 0",
              "Role": "Worker node"
            },
            "tenancy": "default",
            "timeouts": null,
            "user_data": null,
            "user_data_base64": null,
            "user_data_replace_on_change": false,
            "volume_tags": null,
            "vpc_security_group_ids": [
              "sg-02adc438e47a6711f",
              "sg-057cf65b6e484c59f",
              "sg-0ac07782dc36eabcc"
            ]
          },
          "sensitive_attributes": [],
          "private": "eyJlMmJmYjczMC1lY2FhLTExZTYtOGY4OC0zNDM2M2JjN2M0YzAiOnsiY3JlYXRlIjo2MDAwMDAwMDAwMDAsImRlbGV0ZSI6MTIwMDAwMDAwMDAwMCwidXBkYXRlIjo2MDAwMDAwMDAwMDB9LCJzY2hlbWFfdmVyc2lvbiI6IjEifQ==",
          "dependencies": [
            "aws_key_pair.kubeadm_demo_key_pair",
            "aws_security_group.kubadm_demo_sg_common",
            "aws_security_group.kubeadm_demo_sg_flannel",
            "aws_security_group.kubeadm_demo_sg_worker_nodes",
            "tls_private_key.kubadm_demo_private_key"
          ]
        },
        {
          "index_key": 1,
          "schema_version": 1,
          "attributes": {
            "ami": "ami-007020fd9c84e18c7",
            "arn": "arn:aws:ec2:ap-south-1:590184017959:instance/i-0fb5ab937ff1b04bc",
            "associate_public_ip_address": true,
            "availability_zone": "ap-south-1b",
            "capacity_reservation_specification": [
              {
                "capacity_reservation_preference": "open",
                "capacity_reservation_target": []
              }
            ],
            "cpu_core_count": 1,
            "cpu_options": [
              {
                "amd_sev_snp": "",
                "core_count": 1,
                "threads_per_core": 2
              }
            ],
            "cpu_threads_per_core": 2,
            "credit_specification": [
              {
                "cpu_credits": "unlimited"
              }
            ],
            "disable_api_stop": false,
            "disable_api_termination": false,
            "ebs_block_device": [],
            "ebs_optimized": false,
            "enclave_options": [
              {
                "enabled": false
              }
            ],
            "ephemeral_block_device": [],
            "get_password_data": false,
            "hibernation": false,
            "host_id": "",
            "host_resource_group_arn": null,
            "iam_instance_profile": "",
            "id": "i-0fb5ab937ff1b04bc",
            "instance_initiated_shutdown_behavior": "stop",
            "instance_lifecycle": "",
            "instance_market_options": [],
            "instance_state": "running",
            "instance_type": "t3.large",
            "ipv6_address_count": 0,
            "ipv6_addresses": [],
            "key_name": "kubeadm_demo",
            "launch_template": [],
            "maintenance_options": [
              {
                "auto_recovery": "default"
              }
            ],
            "metadata_options": [
              {
                "http_endpoint": "enabled",
                "http_put_response_hop_limit": 1,
                "http_tokens": "optional",
                "instance_metadata_tags": "disabled"
              }
            ],
            "monitoring": false,
            "network_interface": [],
            "outpost_arn": "",
            "password_data": "",
            "placement_group": "",
            "placement_partition_number": 0,
            "primary_network_interface_id": "eni-05d498aa982496230",
            "private_dns": "ip-172-31-5-88.ap-south-1.compute.internal",
            "private_dns_name_options": [
              {
                "enable_resource_name_dns_a_record": false,
                "enable_resource_name_dns_aaaa_record": false,
                "hostname_type": "ip-name"
              }
            ],
            "private_ip": "172.31.5.88",
            "public_dns": "ec2-65-1-9-254.ap-south-1.compute.amazonaws.com",
            "public_ip": "65.1.9.254",
            "root_block_device": [
              {
                "delete_on_termination": true,
                "device_name": "/dev/sda1",
                "encrypted": false,
                "iops": 100,
                "kms_key_id": "",
                "tags": {},
                "throughput": 0,
                "volume_id": "vol-0abe1a2b8cbad1d61",
                "volume_size": 20,
                "volume_type": "gp2"
              }
            ],
            "secondary_private_ips": [],
            "security_groups": [
              "common-ports",
              "flannel-overlay-backend",
              "kubeadm-worker-node security group"
            ],
            "source_dest_check": true,
            "spot_instance_request_id": "",
            "subnet_id": "subnet-05b38440b21db9017",
            "tags": {
              "Name": "Kubeadm Worker 1",
              "Role": "Worker node"
            },
            "tags_all": {
              "Name": "Kubeadm Worker 1",
              "Role": "Worker node"
            },
            "tenancy": "default",
            "timeouts": null,
            "user_data": null,
            "user_data_base64": null,
            "user_data_replace_on_change": false,
            "volume_tags": null,
            "vpc_security_group_ids": [
              "sg-02adc438e47a6711f",
              "sg-057cf65b6e484c59f",
              "sg-0ac07782dc36eabcc"
            ]
          },
          "sensitive_attributes": [],
          "private": "eyJlMmJmYjczMC1lY2FhLTExZTYtOGY4OC0zNDM2M2JjN2M0YzAiOnsiY3JlYXRlIjo2MDAwMDAwMDAwMDAsImRlbGV0ZSI6MTIwMDAwMDAwMDAwMCwidXBkYXRlIjo2MDAwMDAwMDAwMDB9LCJzY2hlbWFfdmVyc2lvbiI6IjEifQ==",
          "dependencies": [
            "aws_key_pair.kubeadm_demo_key_pair",
            "aws_security_group.kubadm_demo_sg_common",
            "aws_security_group.kubeadm_demo_sg_flannel",
            "aws_security_group.kubeadm_demo_sg_worker_nodes",
            "tls_private_key.kubadm_demo_private_key"
          ]
        }
      ]
    },
    {
      "mode": "managed",
      "type": "aws_internet_gateway",
      "name": "kubeadm_demo_igw",
      "provider": "provider[\"registry.terraform.io/hashicorp/aws\"]",
      "instances": [
        {
          "schema_version": 0,
          "attributes": {
            "arn": "arn:aws:ec2:ap-south-1:590184017959:internet-gateway/igw-0e3e622d2a10dce5d",
            "id": "igw-0e3e622d2a10dce5d",
            "owner_id": "590184017959",
            "tags": {
              "Name": "Kubeadm Demo Internet GW"
            },
            "tags_all": {
              "Name": "Kubeadm Demo Internet GW"
            },
            "timeouts": null,
            "vpc_id": "vpc-0328161bc9c2240b8"
          },
          "sensitive_attributes": [],
          "private": "eyJlMmJmYjczMC1lY2FhLTExZTYtOGY4OC0zNDM2M2JjN2M0YzAiOnsiY3JlYXRlIjoxMjAwMDAwMDAwMDAwLCJkZWxldGUiOjEyMDAwMDAwMDAwMDAsInVwZGF0ZSI6MTIwMDAwMDAwMDAwMH19",
          "dependencies": [
            "aws_vpc.kubeadm_demo_vpc"
          ]
        }
      ]
    },
    {
      "mode": "managed",
      "type": "aws_key_pair",
      "name": "kubeadm_demo_key_pair",
      "provider": "provider[\"registry.terraform.io/hashicorp/aws\"]",
      "instances": [
        {
          "schema_version": 1,
          "attributes": {
            "arn": "arn:aws:ec2:ap-south-1:590184017959:key-pair/kubeadm_demo",
            "fingerprint": "b8:d6:35:72:00:3f:b8:b9:5f:80:82:9b:56:b6:83:e9",
            "id": "kubeadm_demo",
            "key_name": "kubeadm_demo",
            "key_name_prefix": "",
            "key_pair_id": "key-0c03024da6fecac72",
            "key_type": "rsa",
            "public_key": "ssh-rsa AAAAB3NzaC1yc2EAAAADAQABAAACAQDF873jy1Cq4AnowQwpT7qCzn2C1egcYOfrmHK8zcrGzTtb292tMltsHl+kQd8oucU2Vu14n6LRQi29VciHzgESx0pznwU6bdbW9bpZ79NGy5Y1Vbhc56aShyk0zGdD6iefIdq9wWsJPYJhkhlnhCQOsMQCl4qXx/376j8DZH+vJp8Cg1flxldnZQe2AoS6I7R6GCIX9/nvi90s4ad/wW8KxMyS//Hzdg5kU2nOdfjxsq0RvzjkSwJQzo2xF2fExK24S/V1EJk7I68k41OoiTNhfkI5tm6f0TOVaDrQmF+nd8YeYmEEzxEmQyZK2ZBp/D6DP9137bNO5TMRB74/TwrKstIanxPZOY743qBfoNgFsSXGaqzVdQ2TUhe1q6bxI2My24LCFyjL3IwmyTpxdrrpTtFQwhzWQVpYwM3ingi4Kyff+uEARhgT+2blJ1nRWtnLc5p4F87vVpmKv6cRv0b7B8t2ksjhBvy429/KBq1Mawn4SAprDW5GiReHMbUGDErftuvq5eTxFT8Gi87omX8U5oWkbIbQrZ+S8I3u4Cv7dGdPxK7qk4g6PcpYMrs3/fXEMGHyCVBsyG1SxvsO7GMI8BAmSpOfkIAV2oj9spKumEku7eRk3Z9krVsIXtPMknqasyxYXI0r+Wf+jK8EnCfoluZ7lycV6bycACXTRFEiew==",
            "tags": {},
            "tags_all": {}
          },
          "sensitive_attributes": [],
          "private": "eyJzY2hlbWFfdmVyc2lvbiI6IjEifQ==",
          "dependencies": [
            "tls_private_key.kubadm_demo_private_key"
          ]
        }
      ]
    },
    {
      "mode": "managed",
      "type": "aws_route_table",
      "name": "kubeadm_demo_routetable",
      "provider": "provider[\"registry.terraform.io/hashicorp/aws\"]",
      "instances": [
        {
          "schema_version": 0,
          "attributes": {
            "arn": "arn:aws:ec2:ap-south-1:590184017959:route-table/rtb-0a61a4d2f5a9e99e8",
            "id": "rtb-0a61a4d2f5a9e99e8",
            "owner_id": "590184017959",
            "propagating_vgws": [],
            "route": [
              {
                "carrier_gateway_id": "",
                "cidr_block": "0.0.0.0/0",
                "core_network_arn": "",
                "destination_prefix_list_id": "",
                "egress_only_gateway_id": "",
                "gateway_id": "igw-0e3e622d2a10dce5d",
                "ipv6_cidr_block": "",
                "local_gateway_id": "",
                "nat_gateway_id": "",
                "network_interface_id": "",
                "transit_gateway_id": "",
                "vpc_endpoint_id": "",
                "vpc_peering_connection_id": ""
              }
            ],
            "tags": {
              "Name": "kubeadm Demo IGW route table"
            },
            "tags_all": {
              "Name": "kubeadm Demo IGW route table"
            },
            "timeouts": null,
            "vpc_id": "vpc-0328161bc9c2240b8"
          },
          "sensitive_attributes": [],
          "private": "eyJlMmJmYjczMC1lY2FhLTExZTYtOGY4OC0zNDM2M2JjN2M0YzAiOnsiY3JlYXRlIjozMDAwMDAwMDAwMDAsImRlbGV0ZSI6MzAwMDAwMDAwMDAwLCJ1cGRhdGUiOjEyMDAwMDAwMDAwMH19",
          "dependencies": [
            "aws_internet_gateway.kubeadm_demo_igw",
            "aws_vpc.kubeadm_demo_vpc"
          ]
        }
      ]
    },
    {
      "mode": "managed",
      "type": "aws_route_table_association",
      "name": "kubeadm_demo_route_association",
      "provider": "provider[\"registry.terraform.io/hashicorp/aws\"]",
      "instances": [
        {
          "schema_version": 0,
          "attributes": {
            "gateway_id": "",
            "id": "rtbassoc-0b704802af149d527",
            "route_table_id": "rtb-0a61a4d2f5a9e99e8",
            "subnet_id": "subnet-02c612ea61034fb79",
            "timeouts": null
          },
          "sensitive_attributes": [],
          "private": "eyJlMmJmYjczMC1lY2FhLTExZTYtOGY4OC0zNDM2M2JjN2M0YzAiOnsiY3JlYXRlIjozMDAwMDAwMDAwMDAsImRlbGV0ZSI6MzAwMDAwMDAwMDAwLCJ1cGRhdGUiOjEyMDAwMDAwMDAwMH19",
          "dependencies": [
            "aws_internet_gateway.kubeadm_demo_igw",
            "aws_route_table.kubeadm_demo_routetable",
            "aws_subnet.kubeadm_demo_subnet",
            "aws_vpc.kubeadm_demo_vpc"
          ]
        }
      ]
    },
    {
      "mode": "managed",
      "type": "aws_security_group",
      "name": "kubadm_demo_sg_common",
      "provider": "provider[\"registry.terraform.io/hashicorp/aws\"]",
      "instances": [
        {
          "schema_version": 1,
          "attributes": {
            "arn": "arn:aws:ec2:ap-south-1:590184017959:security-group/sg-0ac07782dc36eabcc",
            "description": "Managed by Terraform",
            "egress": [
              {
                "cidr_blocks": [
                  "0.0.0.0/0"
                ],
                "description": "",
                "from_port": 0,
                "ipv6_cidr_blocks": [],
                "prefix_list_ids": [],
                "protocol": "-1",
                "security_groups": [],
                "self": false,
                "to_port": 0
              }
            ],
            "id": "sg-0ac07782dc36eabcc",
            "ingress": [
              {
                "cidr_blocks": [
                  "0.0.0.0/0"
                ],
                "description": "Allow HTTP",
                "from_port": 80,
                "ipv6_cidr_blocks": [],
                "prefix_list_ids": [],
                "protocol": "tcp",
                "security_groups": [],
                "self": false,
                "to_port": 80
              },
              {
                "cidr_blocks": [
                  "0.0.0.0/0"
                ],
                "description": "Allow HTTPS",
                "from_port": 443,
                "ipv6_cidr_blocks": [],
                "prefix_list_ids": [],
                "protocol": "tcp",
                "security_groups": [],
                "self": false,
                "to_port": 443
              },
              {
                "cidr_blocks": [
                  "0.0.0.0/0"
                ],
                "description": "Allow SSH",
                "from_port": 22,
                "ipv6_cidr_blocks": [],
                "prefix_list_ids": [],
                "protocol": "tcp",
                "security_groups": [],
                "self": false,
                "to_port": 22
              }
            ],
            "name": "common-ports",
            "name_prefix": "",
            "owner_id": "590184017959",
            "revoke_rules_on_delete": false,
            "tags": {
              "Name": "common ports"
            },
            "tags_all": {
              "Name": "common ports"
            },
            "timeouts": null,
            "vpc_id": "vpc-02e4d44f63a9d2bd2"
          },
          "sensitive_attributes": [],
          "private": "eyJlMmJmYjczMC1lY2FhLTExZTYtOGY4OC0zNDM2M2JjN2M0YzAiOnsiY3JlYXRlIjo2MDAwMDAwMDAwMDAsImRlbGV0ZSI6OTAwMDAwMDAwMDAwfSwic2NoZW1hX3ZlcnNpb24iOiIxIn0="
        }
      ]
    },
    {
      "mode": "managed",
      "type": "aws_security_group",
      "name": "kubeadm_demo_sg_control_plane",
      "provider": "provider[\"registry.terraform.io/hashicorp/aws\"]",
      "instances": [
        {
          "schema_version": 1,
          "attributes": {
            "arn": "arn:aws:ec2:ap-south-1:590184017959:security-group/sg-07312511690dd14fe",
            "description": "Managed by Terraform",
            "egress": [
              {
                "cidr_blocks": [
                  "0.0.0.0/0"
                ],
                "description": "",
                "from_port": 0,
                "ipv6_cidr_blocks": [],
                "prefix_list_ids": [],
                "protocol": "-1",
                "security_groups": [],
                "self": false,
                "to_port": 0
              }
            ],
            "id": "sg-07312511690dd14fe",
            "ingress": [
              {
                "cidr_blocks": [
                  "0.0.0.0/0"
                ],
                "description": "API Server",
                "from_port": 6443,
                "ipv6_cidr_blocks": [],
                "prefix_list_ids": [],
                "protocol": "tcp",
                "security_groups": [],
                "self": false,
                "to_port": 6443
              },
              {
                "cidr_blocks": [
                  "0.0.0.0/0"
                ],
                "description": "Kube Contoller Manager",
                "from_port": 10257,
                "ipv6_cidr_blocks": [],
                "prefix_list_ids": [],
                "protocol": "tcp",
                "security_groups": [],
                "self": false,
                "to_port": 10257
              },
              {
                "cidr_blocks": [
                  "0.0.0.0/0"
                ],
                "description": "Kube Scheduler",
                "from_port": 10259,
                "ipv6_cidr_blocks": [],
                "prefix_list_ids": [],
                "protocol": "tcp",
                "security_groups": [],
                "self": false,
                "to_port": 10259
              },
              {
                "cidr_blocks": [
                  "0.0.0.0/0"
                ],
                "description": "Kubelet API",
                "from_port": 2379,
                "ipv6_cidr_blocks": [],
                "prefix_list_ids": [],
                "protocol": "tcp",
                "security_groups": [],
                "self": false,
                "to_port": 2380
              },
              {
                "cidr_blocks": [
                  "0.0.0.0/0"
                ],
                "description": "etcd server client API",
                "from_port": 10250,
                "ipv6_cidr_blocks": [],
                "prefix_list_ids": [],
                "protocol": "tcp",
                "security_groups": [],
                "self": false,
                "to_port": 10250
              }
            ],
            "name": "kubeadm-control-plane security group",
            "name_prefix": "",
            "owner_id": "590184017959",
            "revoke_rules_on_delete": false,
            "tags": {
              "Name": "Control Plane SG"
            },
            "tags_all": {
              "Name": "Control Plane SG"
            },
            "timeouts": null,
            "vpc_id": "vpc-02e4d44f63a9d2bd2"
          },
          "sensitive_attributes": [],
          "private": "eyJlMmJmYjczMC1lY2FhLTExZTYtOGY4OC0zNDM2M2JjN2M0YzAiOnsiY3JlYXRlIjo2MDAwMDAwMDAwMDAsImRlbGV0ZSI6OTAwMDAwMDAwMDAwfSwic2NoZW1hX3ZlcnNpb24iOiIxIn0="
        }
      ]
    },
    {
      "mode": "managed",
      "type": "aws_security_group",
      "name": "kubeadm_demo_sg_flannel",
      "provider": "provider[\"registry.terraform.io/hashicorp/aws\"]",
      "instances": [
        {
          "schema_version": 1,
          "attributes": {
            "arn": "arn:aws:ec2:ap-south-1:590184017959:security-group/sg-057cf65b6e484c59f",
            "description": "Managed by Terraform",
            "egress": [
              {
                "cidr_blocks": [
                  "0.0.0.0/0"
                ],
                "description": "",
                "from_port": 0,
                "ipv6_cidr_blocks": [],
                "prefix_list_ids": [],
                "protocol": "-1",
                "security_groups": [],
                "self": false,
                "to_port": 0
              }
            ],
            "id": "sg-057cf65b6e484c59f",
            "ingress": [
              {
                "cidr_blocks": [
                  "0.0.0.0/0"
                ],
                "description": "flannel overlay backend",
                "from_port": 8285,
                "ipv6_cidr_blocks": [],
                "prefix_list_ids": [],
                "protocol": "udp",
                "security_groups": [],
                "self": false,
                "to_port": 8285
              },
              {
                "cidr_blocks": [
                  "0.0.0.0/0"
                ],
                "description": "flannel vxlan backend",
                "from_port": 8472,
                "ipv6_cidr_blocks": [],
                "prefix_list_ids": [],
                "protocol": "udp",
                "security_groups": [],
                "self": false,
                "to_port": 8472
              }
            ],
            "name": "flannel-overlay-backend",
            "name_prefix": "",
            "owner_id": "590184017959",
            "revoke_rules_on_delete": false,
            "tags": {
              "Name": "Flannel Overlay backend"
            },
            "tags_all": {
              "Name": "Flannel Overlay backend"
            },
            "timeouts": null,
            "vpc_id": "vpc-02e4d44f63a9d2bd2"
          },
          "sensitive_attributes": [],
          "private": "eyJlMmJmYjczMC1lY2FhLTExZTYtOGY4OC0zNDM2M2JjN2M0YzAiOnsiY3JlYXRlIjo2MDAwMDAwMDAwMDAsImRlbGV0ZSI6OTAwMDAwMDAwMDAwfSwic2NoZW1hX3ZlcnNpb24iOiIxIn0="
        }
      ]
    },
    {
      "mode": "managed",
      "type": "aws_security_group",
      "name": "kubeadm_demo_sg_worker_nodes",
      "provider": "provider[\"registry.terraform.io/hashicorp/aws\"]",
      "instances": [
        {
          "schema_version": 1,
          "attributes": {
            "arn": "arn:aws:ec2:ap-south-1:590184017959:security-group/sg-02adc438e47a6711f",
            "description": "Managed by Terraform",
            "egress": [
              {
                "cidr_blocks": [
                  "0.0.0.0/0"
                ],
                "description": "",
                "from_port": 0,
                "ipv6_cidr_blocks": [],
                "prefix_list_ids": [],
                "protocol": "-1",
                "security_groups": [],
                "self": false,
                "to_port": 0
              }
            ],
            "id": "sg-02adc438e47a6711f",
            "ingress": [
              {
                "cidr_blocks": [
                  "0.0.0.0/0"
                ],
                "description": "NodePort services",
                "from_port": 30000,
                "ipv6_cidr_blocks": [],
                "prefix_list_ids": [],
                "protocol": "tcp",
                "security_groups": [],
                "self": false,
                "to_port": 32767
              },
              {
                "cidr_blocks": [
                  "0.0.0.0/0"
                ],
                "description": "kubelet API",
                "from_port": 10250,
                "ipv6_cidr_blocks": [],
                "prefix_list_ids": [],
                "protocol": "tcp",
                "security_groups": [],
                "self": false,
                "to_port": 10250
              }
            ],
            "name": "kubeadm-worker-node security group",
            "name_prefix": "",
            "owner_id": "590184017959",
            "revoke_rules_on_delete": false,
            "tags": {
              "Name": "Worker Nodes SG"
            },
            "tags_all": {
              "Name": "Worker Nodes SG"
            },
            "timeouts": null,
            "vpc_id": "vpc-02e4d44f63a9d2bd2"
          },
          "sensitive_attributes": [],
          "private": "eyJlMmJmYjczMC1lY2FhLTExZTYtOGY4OC0zNDM2M2JjN2M0YzAiOnsiY3JlYXRlIjo2MDAwMDAwMDAwMDAsImRlbGV0ZSI6OTAwMDAwMDAwMDAwfSwic2NoZW1hX3ZlcnNpb24iOiIxIn0="
        }
      ]
    },
    {
      "mode": "managed",
      "type": "aws_subnet",
      "name": "kubeadm_demo_subnet",
      "provider": "provider[\"registry.terraform.io/hashicorp/aws\"]",
      "instances": [
        {
          "schema_version": 1,
          "attributes": {
            "arn": "arn:aws:ec2:ap-south-1:590184017959:subnet/subnet-02c612ea61034fb79",
            "assign_ipv6_address_on_creation": false,
            "availability_zone": "ap-south-1b",
            "availability_zone_id": "aps1-az3",
            "cidr_block": "10.0.1.0/24",
            "customer_owned_ipv4_pool": "",
            "enable_dns64": false,
            "enable_lni_at_device_index": 0,
            "enable_resource_name_dns_a_record_on_launch": false,
            "enable_resource_name_dns_aaaa_record_on_launch": false,
            "id": "subnet-02c612ea61034fb79",
            "ipv6_cidr_block": "",
            "ipv6_cidr_block_association_id": "",
            "ipv6_native": false,
            "map_customer_owned_ip_on_launch": false,
            "map_public_ip_on_launch": true,
            "outpost_arn": "",
            "owner_id": "590184017959",
            "private_dns_hostname_type_on_launch": "ip-name",
            "tags": {
              "Name": "kubadm_demo_public_subnet"
            },
            "tags_all": {
              "Name": "kubadm_demo_public_subnet"
            },
            "timeouts": null,
            "vpc_id": "vpc-0328161bc9c2240b8"
          },
          "sensitive_attributes": [],
          "private": "eyJlMmJmYjczMC1lY2FhLTExZTYtOGY4OC0zNDM2M2JjN2M0YzAiOnsiY3JlYXRlIjo2MDAwMDAwMDAwMDAsImRlbGV0ZSI6MTIwMDAwMDAwMDAwMH0sInNjaGVtYV92ZXJzaW9uIjoiMSJ9",
          "dependencies": [
            "aws_vpc.kubeadm_demo_vpc"
          ]
        }
      ]
    },
    {
      "mode": "managed",
      "type": "aws_vpc",
      "name": "kubeadm_demo_vpc",
      "provider": "provider[\"registry.terraform.io/hashicorp/aws\"]",
      "instances": [
        {
          "schema_version": 1,
          "attributes": {
            "arn": "arn:aws:ec2:ap-south-1:590184017959:vpc/vpc-0328161bc9c2240b8",
            "assign_generated_ipv6_cidr_block": false,
            "cidr_block": "10.0.0.0/16",
            "default_network_acl_id": "acl-0334d39b3f3e90206",
            "default_route_table_id": "rtb-0ee43b60eda9d4102",
            "default_security_group_id": "sg-072eec3455d075056",
            "dhcp_options_id": "dopt-08800c99d978870e7",
            "enable_dns_hostnames": true,
            "enable_dns_support": true,
            "enable_network_address_usage_metrics": false,
            "id": "vpc-0328161bc9c2240b8",
            "instance_tenancy": "default",
            "ipv4_ipam_pool_id": null,
            "ipv4_netmask_length": null,
            "ipv6_association_id": "",
            "ipv6_cidr_block": "",
            "ipv6_cidr_block_network_border_group": "",
            "ipv6_ipam_pool_id": "",
            "ipv6_netmask_length": 0,
            "main_route_table_id": "rtb-0ee43b60eda9d4102",
            "owner_id": "590184017959",
            "tags": {
              "Name": "kubeadm_demo_vpc",
              "kubernetes.io/cluster/kubernetes": "owned"
            },
            "tags_all": {
              "Name": "kubeadm_demo_vpc",
              "kubernetes.io/cluster/kubernetes": "owned"
            }
          },
          "sensitive_attributes": [],
          "private": "eyJzY2hlbWFfdmVyc2lvbiI6IjEifQ=="
        }
      ]
    },
    {
      "mode": "managed",
      "type": "tls_private_key",
      "name": "kubadm_demo_private_key",
      "provider": "provider[\"registry.terraform.io/hashicorp/tls\"]",
      "instances": [
        {
          "schema_version": 1,
          "attributes": {
            "algorithm": "RSA",
            "ecdsa_curve": "P224",
            "id": "36541763efa20e0d4124ebaa41adc40837880694",
            "private_key_openssh": "-----BEGIN OPENSSH PRIVATE KEY-----\nb3BlbnNzaC1rZXktdjEAAAAABG5vbmUAAAAEbm9uZQAAAAAAAAABAAACFwAAAAdz\nc2gtcnNhAAAAAwEAAQAAAgEAxfO948tQquAJ6MEMKU+6gs59gtXoHGDn65hyvM3K\nxs07W9vdrTJbbB5fpEHfKLnFNlbteJ+i0UItvVXIh84BEsdKc58FOm3W1vW6We/T\nRsuWNVW4XOemkocpNMxnQ+onnyHavcFrCT2CYZIZZ4QkDrDEApeKl8f9++o/A2R/\nryafAoNX5cZXZ2UHtgKEuiO0ehgiF/f574vdLOGnf8FvCsTMkv/x83YOZFNpznX4\n8bKtEb845EsCUM6NsRdnxMStuEv1dRCZOyOvJONTqIkzYX5CObZun9EzlWg60Jhf\np3fGHmJhBM8RJkMmStmQafw+gz/dd+2zTuUzEQe+P08KyrLSGp8T2TmO+N6gX6DY\nBbElxmqs1XUNk1IXtaum8SNjMtuCwhcoy9yMJsk6cXa66U7RUMIc1kFaWMDN4p4I\nuCsn3/rhAEYYE/tm5SdZ0VrZy3OaeBfO71aZir+nEb9G+wfLdpLI4Qb8uNvfygat\nTGsJ+EgKaw1uRokXhzG1BgxK37br6uXk8RU/BovO6Jl/FOaFpGyG0K2fkvCN7uAr\n+3RnT8Su6pOIOj3KWDK7N/31xDBh8glQbMhtUsb7DuxjCPAQJkqTn5CAFdqI/bKS\nrphJLu3kZN2fZK1bCF7TzJJ6mrMsWFyNK/ln/oyvBJwn6Jbme5cnFem8nAAl00RR\nInsAAAc47yho/+8oaP8AAAAHc3NoLXJzYQAAAgEAxfO948tQquAJ6MEMKU+6gs59\ngtXoHGDn65hyvM3Kxs07W9vdrTJbbB5fpEHfKLnFNlbteJ+i0UItvVXIh84BEsdK\nc58FOm3W1vW6We/TRsuWNVW4XOemkocpNMxnQ+onnyHavcFrCT2CYZIZZ4QkDrDE\nApeKl8f9++o/A2R/ryafAoNX5cZXZ2UHtgKEuiO0ehgiF/f574vdLOGnf8FvCsTM\nkv/x83YOZFNpznX48bKtEb845EsCUM6NsRdnxMStuEv1dRCZOyOvJONTqIkzYX5C\nObZun9EzlWg60Jhfp3fGHmJhBM8RJkMmStmQafw+gz/dd+2zTuUzEQe+P08KyrLS\nGp8T2TmO+N6gX6DYBbElxmqs1XUNk1IXtaum8SNjMtuCwhcoy9yMJsk6cXa66U7R\nUMIc1kFaWMDN4p4IuCsn3/rhAEYYE/tm5SdZ0VrZy3OaeBfO71aZir+nEb9G+wfL\ndpLI4Qb8uNvfygatTGsJ+EgKaw1uRokXhzG1BgxK37br6uXk8RU/BovO6Jl/FOaF\npGyG0K2fkvCN7uAr+3RnT8Su6pOIOj3KWDK7N/31xDBh8glQbMhtUsb7DuxjCPAQ\nJkqTn5CAFdqI/bKSrphJLu3kZN2fZK1bCF7TzJJ6mrMsWFyNK/ln/oyvBJwn6Jbm\ne5cnFem8nAAl00RRInsAAAADAQABAAACAGn9t7hH/fpwmX2yGCPql9BAZj3u8Sh4\nztV8PDtR6XiHHXhzAoAhTYhXvxhBWQ8CYVFWPDLxLwni6IDPdN8ac8KtSPUduXvu\nojFZQ52yZysqCVSngF7mfm9IxcyKgeSAdRSk2O3vqbM55xz9UHL38yKWjW1h3Qim\nQh1n8LONVTzgbhW3ZBIZIGWxV+6h7JWKVrFlSKQS2BXmitfkP36NgTp/45X2S4Pz\nu4MGksnEqzYnWLn+7KR4cVX5My8WfC6ErQvYSCaVa6aZ1cbnnbzJMeTK6QTj5NnX\n90nRlGRqohUWcdOFE7Oyd9lH7TH4ynWlZYd7Y8c6VF8zJCPDRJ+7X+f1ljMl+e+W\nt1iIsucHPFd9hSqLpcrZWnwqfGtVEN0DBsPJN74Ol3H6zPGECT2kaYmawetV5KPk\nuC3FKzVlc422gyAC/ciqqsEoSuvcNwx63jpARThAVG/JE6LufGVdjwTjz1aktdrd\na9MJoWRFgx4h8eZNRKBMIIpJF2W2VWxXsLelVhuJm5EYyo8Jar4PYJsJHecmmBYv\nHdHtWSjA89EmGnKXb+2tQl9N7viXcmduDPi+hir0QcrTc88ZrgW3UxRBvaPAN3w7\nIHEjS1lfzoxIzgfRq+TL9kwx8wbbVNvmVOmHqw+bO/k9lUVH74+QYOTjIFdD7Xha\nj6krqeiSip2BAAABAQCmFLq/AcO3LFtsyFfziWXoqdgXGnmlkxR9f+P3VxnDmVzz\nyYb2Tld1ycOkJxPAL2Ow/FxcH+6euI54TnytMl9+DXwxn+5LRF2IqavXrhbObOYB\n9BHLObzdj/7NNv2H/l9pfa93B6aZPjswvbmUbtcWDsLewtJs7U4+06z0Dm8rREuO\n52yNKDA9awU92qba7tUokLxKtqGl7QzWwduHV/OQvDN5DbWlTgX/NJ1NHIWo2T2C\nmy25Xq4Ha4fnE55fkKw0gOo6OufytF0kARbhsQL6l7keJtl6C6caE4mUtQz9DA99\nLay5HjLI4Di5lQk5HslUi0R+R/Wk4VibTh2g+7mXAAABAQDYp+vP7CjXjAt4446H\n4qKf3mPn8kX2YnacaVC7nb1RuQ8upi3aKd3kbg/S3CRcHjqtDGnbX94az7G+Lsdq\nv5SXWH1+URG4UxGw4hWPLn7Fzd61a42Ooz0OQVX9lGOCFppk1muPh5n91HmBJD44\npV24JzHdjBbDxZYfJmflR30LVJtbk/cmsNVfhb3t55zmCWB3E8dsg+67FAWE4stg\nZzp+qXZiDiFK9eLrWxZC3oOgFfSo5tgsM664b4NyWbGNEQTX59gUdI/9Lilw5bZk\nIW93U/SuE/56vFzDKCZ16YlZzpusYa+RmOl/F3oSIy4YpRxs6thVsjyTOub1ul96\n66NBAAABAQDp5k1F7fMhWKGC3VWBqmDm2+yeo19UfeJ6ioZH75DsMwXUiXngum/c\nTRG5eAT/41KVsQsd3JxWG0dLCtMlnzcZY3fy0//p0Z3Vj0dRHuw6wSs1hiC8bC3L\nvqd4Ai4Ak6CD/oQuJ7Xi2C9wpQTVt6hG0BFs25ELgQdctASi2ONc3FRn91zwrfxp\nC5GdKxSP56Pcxdox7JFegi14qSzsgElU9ok3xYZPo/SGzkDci03mkE7K3G6CGQVu\nR18w0RSdFYL9jVtOu+grQxF7abau0kYOhTXuwCZdFhyQ6sMqLHzf+C6laNACoLXR\n65Z3qm5M8EihF4oZdyb5dkq+3I6jMmK7AAAAAAEC\n-----END OPENSSH PRIVATE KEY-----\n",
            "private_key_pem": "-----BEGIN RSA PRIVATE KEY-----\nMIIJKQIBAAKCAgEAxfO948tQquAJ6MEMKU+6gs59gtXoHGDn65hyvM3Kxs07W9vd\nrTJbbB5fpEHfKLnFNlbteJ+i0UItvVXIh84BEsdKc58FOm3W1vW6We/TRsuWNVW4\nXOemkocpNMxnQ+onnyHavcFrCT2CYZIZZ4QkDrDEApeKl8f9++o/A2R/ryafAoNX\n5cZXZ2UHtgKEuiO0ehgiF/f574vdLOGnf8FvCsTMkv/x83YOZFNpznX48bKtEb84\n5EsCUM6NsRdnxMStuEv1dRCZOyOvJONTqIkzYX5CObZun9EzlWg60Jhfp3fGHmJh\nBM8RJkMmStmQafw+gz/dd+2zTuUzEQe+P08KyrLSGp8T2TmO+N6gX6DYBbElxmqs\n1XUNk1IXtaum8SNjMtuCwhcoy9yMJsk6cXa66U7RUMIc1kFaWMDN4p4IuCsn3/rh\nAEYYE/tm5SdZ0VrZy3OaeBfO71aZir+nEb9G+wfLdpLI4Qb8uNvfygatTGsJ+EgK\naw1uRokXhzG1BgxK37br6uXk8RU/BovO6Jl/FOaFpGyG0K2fkvCN7uAr+3RnT8Su\n6pOIOj3KWDK7N/31xDBh8glQbMhtUsb7DuxjCPAQJkqTn5CAFdqI/bKSrphJLu3k\nZN2fZK1bCF7TzJJ6mrMsWFyNK/ln/oyvBJwn6Jbme5cnFem8nAAl00RRInsCAwEA\nAQKCAgBp/be4R/36cJl9shgj6pfQQGY97vEoeM7VfDw7Uel4hx14cwKAIU2IV78Y\nQVkPAmFRVjwy8S8J4uiAz3TfGnPCrUj1Hbl77qIxWUOdsmcrKglUp4Be5n5vSMXM\nioHkgHUUpNjt76mzOecc/VBy9/Milo1tYd0IpkIdZ/CzjVU84G4Vt2QSGSBlsVfu\noeyVilaxZUikEtgV5orX5D9+jYE6f+OV9kuD87uDBpLJxKs2J1i5/uykeHFV+TMv\nFnwuhK0L2EgmlWummdXG5528yTHkyukE4+TZ1/dJ0ZRkaqIVFnHThROzsnfZR+0x\n+Mp1pWWHe2PHOlRfMyQjw0Sfu1/n9ZYzJfnvlrdYiLLnBzxXfYUqi6XK2Vp8Knxr\nVRDdAwbDyTe+Dpdx+szxhAk9pGmJmsHrVeSj5LgtxSs1ZXONtoMgAv3IqqrBKErr\n3DcMet46QEU4QFRvyROi7nxlXY8E489WpLXa3WvTCaFkRYMeIfHmTUSgTCCKSRdl\ntlVsV7C3pVYbiZuRGMqPCWq+D2CbCR3nJpgWLx3R7VkowPPRJhpyl2/trUJfTe74\nl3Jnbgz4voYq9EHK03PPGa4Ft1MUQb2jwDd8OyBxI0tZX86MSM4H0avky/ZMMfMG\n21Tb5lTph6sPmzv5PZVFR++PkGDk4yBXQ+14Wo+pK6nokoqdgQKCAQEA2Kfrz+wo\n14wLeOOOh+Kin95j5/JF9mJ2nGlQu529UbkPLqYt2ind5G4P0twkXB46rQxp21/e\nGs+xvi7Har+Ul1h9flERuFMRsOIVjy5+xc3etWuNjqM9DkFV/ZRjghaaZNZrj4eZ\n/dR5gSQ+OKVduCcx3YwWw8WWHyZn5Ud9C1SbW5P3JrDVX4W97eec5glgdxPHbIPu\nuxQFhOLLYGc6fql2Yg4hSvXi61sWQt6DoBX0qObYLDOuuG+DclmxjREE1+fYFHSP\n/S4pcOW2ZCFvd1P0rhP+erxcwygmdemJWc6brGGvkZjpfxd6EiMuGKUcbOrYVbI8\nkzrm9bpfeuujQQKCAQEA6eZNRe3zIVihgt1Vgapg5tvsnqNfVH3ieoqGR++Q7DMF\n1Il54Lpv3E0RuXgE/+NSlbELHdycVhtHSwrTJZ83GWN38tP/6dGd1Y9HUR7sOsEr\nNYYgvGwty76neAIuAJOgg/6ELie14tgvcKUE1beoRtARbNuRC4EHXLQEotjjXNxU\nZ/dc8K38aQuRnSsUj+ej3MXaMeyRXoIteKks7IBJVPaJN8WGT6P0hs5A3ItN5pBO\nytxughkFbkdfMNEUnRWC/Y1bTrvoK0MRe2m2rtJGDoU17sAmXRYckOrDKix83/gu\npWjQAqC10euWd6puTPBIoReKGXcm+XZKvtyOozJiuwKCAQEAtAsn3gwFDMrmpbmF\nMstWFcC8CX6+QTgmFWk3nBJDx+wf/8Y9iHUOXsxP/gzPcnX0kOYl+hY6/tDmhoNd\nWQqIMxVohFZegW0W4IWhIPGkjEC++Mi+RHDHRldpXGe6IdsixvWhQQ+RGu09Y+J4\nip5xuZ1oxRGrwVkrngtOf6ze71GKIZpe4xpE1zLPWSsGqevU7F/VdApXk8PZqkrG\ndACVDblKFcZkSGT6BFgXsc40WA6m2M2ti14PrlmNRLPg5rfj7IBQgv8ywVVhPt7G\nqYNXnDR6u0cGTXzHIa719zrx113o5GHxgu8t613ZJcVygyyC6Mhoqx6JVFi4ojAV\nNJMpgQKCAQB15qPu6vnSRkXrnDv8x3BfDl6gvINSKL5fvLHhUu3/UdzPfJjV4cR/\nDM4xakFC50h6siqDW+/mK4vtVMCIR1BT2OLeoWRvbT0dKELvriGvoC1ypnCb6f/P\nowPxp0+e9MtFnabtSRETDpwjMNtWC2SkhT8zWx4q6VhXr1pi5+b7qQhW+8Z6f4kr\nPiyhR9TukPn1UDojTjccp4vaNZSyhhvw2vDiDwwb2u5ogVEKmqGi5f0BnsmJhKlL\nJGjkR5AXen9z5awv7OIj5IPMbMYsK0wrB5TfCzaLV5kAp4XHHXO4xfZlZIbtvCrK\nbPGE0oEVAU3q/d2b5obb2nfk63Ju6vf/AoIBAQCmFLq/AcO3LFtsyFfziWXoqdgX\nGnmlkxR9f+P3VxnDmVzzyYb2Tld1ycOkJxPAL2Ow/FxcH+6euI54TnytMl9+DXwx\nn+5LRF2IqavXrhbObOYB9BHLObzdj/7NNv2H/l9pfa93B6aZPjswvbmUbtcWDsLe\nwtJs7U4+06z0Dm8rREuO52yNKDA9awU92qba7tUokLxKtqGl7QzWwduHV/OQvDN5\nDbWlTgX/NJ1NHIWo2T2Cmy25Xq4Ha4fnE55fkKw0gOo6OufytF0kARbhsQL6l7ke\nJtl6C6caE4mUtQz9DA99Lay5HjLI4Di5lQk5HslUi0R+R/Wk4VibTh2g+7mX\n-----END RSA PRIVATE KEY-----\n",
            "private_key_pem_pkcs8": "-----BEGIN PRIVATE KEY-----\nMIIJQwIBADANBgkqhkiG9w0BAQEFAASCCS0wggkpAgEAAoICAQDF873jy1Cq4Ano\nwQwpT7qCzn2C1egcYOfrmHK8zcrGzTtb292tMltsHl+kQd8oucU2Vu14n6LRQi29\nVciHzgESx0pznwU6bdbW9bpZ79NGy5Y1Vbhc56aShyk0zGdD6iefIdq9wWsJPYJh\nkhlnhCQOsMQCl4qXx/376j8DZH+vJp8Cg1flxldnZQe2AoS6I7R6GCIX9/nvi90s\n4ad/wW8KxMyS//Hzdg5kU2nOdfjxsq0RvzjkSwJQzo2xF2fExK24S/V1EJk7I68k\n41OoiTNhfkI5tm6f0TOVaDrQmF+nd8YeYmEEzxEmQyZK2ZBp/D6DP9137bNO5TMR\nB74/TwrKstIanxPZOY743qBfoNgFsSXGaqzVdQ2TUhe1q6bxI2My24LCFyjL3Iwm\nyTpxdrrpTtFQwhzWQVpYwM3ingi4Kyff+uEARhgT+2blJ1nRWtnLc5p4F87vVpmK\nv6cRv0b7B8t2ksjhBvy429/KBq1Mawn4SAprDW5GiReHMbUGDErftuvq5eTxFT8G\ni87omX8U5oWkbIbQrZ+S8I3u4Cv7dGdPxK7qk4g6PcpYMrs3/fXEMGHyCVBsyG1S\nxvsO7GMI8BAmSpOfkIAV2oj9spKumEku7eRk3Z9krVsIXtPMknqasyxYXI0r+Wf+\njK8EnCfoluZ7lycV6bycACXTRFEiewIDAQABAoICAGn9t7hH/fpwmX2yGCPql9BA\nZj3u8Sh4ztV8PDtR6XiHHXhzAoAhTYhXvxhBWQ8CYVFWPDLxLwni6IDPdN8ac8Kt\nSPUduXvuojFZQ52yZysqCVSngF7mfm9IxcyKgeSAdRSk2O3vqbM55xz9UHL38yKW\njW1h3QimQh1n8LONVTzgbhW3ZBIZIGWxV+6h7JWKVrFlSKQS2BXmitfkP36NgTp/\n45X2S4Pzu4MGksnEqzYnWLn+7KR4cVX5My8WfC6ErQvYSCaVa6aZ1cbnnbzJMeTK\n6QTj5NnX90nRlGRqohUWcdOFE7Oyd9lH7TH4ynWlZYd7Y8c6VF8zJCPDRJ+7X+f1\nljMl+e+Wt1iIsucHPFd9hSqLpcrZWnwqfGtVEN0DBsPJN74Ol3H6zPGECT2kaYma\nwetV5KPkuC3FKzVlc422gyAC/ciqqsEoSuvcNwx63jpARThAVG/JE6LufGVdjwTj\nz1aktdrda9MJoWRFgx4h8eZNRKBMIIpJF2W2VWxXsLelVhuJm5EYyo8Jar4PYJsJ\nHecmmBYvHdHtWSjA89EmGnKXb+2tQl9N7viXcmduDPi+hir0QcrTc88ZrgW3UxRB\nvaPAN3w7IHEjS1lfzoxIzgfRq+TL9kwx8wbbVNvmVOmHqw+bO/k9lUVH74+QYOTj\nIFdD7Xhaj6krqeiSip2BAoIBAQDYp+vP7CjXjAt4446H4qKf3mPn8kX2YnacaVC7\nnb1RuQ8upi3aKd3kbg/S3CRcHjqtDGnbX94az7G+Lsdqv5SXWH1+URG4UxGw4hWP\nLn7Fzd61a42Ooz0OQVX9lGOCFppk1muPh5n91HmBJD44pV24JzHdjBbDxZYfJmfl\nR30LVJtbk/cmsNVfhb3t55zmCWB3E8dsg+67FAWE4stgZzp+qXZiDiFK9eLrWxZC\n3oOgFfSo5tgsM664b4NyWbGNEQTX59gUdI/9Lilw5bZkIW93U/SuE/56vFzDKCZ1\n6YlZzpusYa+RmOl/F3oSIy4YpRxs6thVsjyTOub1ul9666NBAoIBAQDp5k1F7fMh\nWKGC3VWBqmDm2+yeo19UfeJ6ioZH75DsMwXUiXngum/cTRG5eAT/41KVsQsd3JxW\nG0dLCtMlnzcZY3fy0//p0Z3Vj0dRHuw6wSs1hiC8bC3Lvqd4Ai4Ak6CD/oQuJ7Xi\n2C9wpQTVt6hG0BFs25ELgQdctASi2ONc3FRn91zwrfxpC5GdKxSP56Pcxdox7JFe\ngi14qSzsgElU9ok3xYZPo/SGzkDci03mkE7K3G6CGQVuR18w0RSdFYL9jVtOu+gr\nQxF7abau0kYOhTXuwCZdFhyQ6sMqLHzf+C6laNACoLXR65Z3qm5M8EihF4oZdyb5\ndkq+3I6jMmK7AoIBAQC0CyfeDAUMyualuYUyy1YVwLwJfr5BOCYVaTecEkPH7B//\nxj2IdQ5ezE/+DM9ydfSQ5iX6Fjr+0OaGg11ZCogzFWiEVl6BbRbghaEg8aSMQL74\nyL5EcMdGV2lcZ7oh2yLG9aFBD5Ea7T1j4niKnnG5nWjFEavBWSueC05/rN7vUYoh\nml7jGkTXMs9ZKwap69TsX9V0CleTw9mqSsZ0AJUNuUoVxmRIZPoEWBexzjRYDqbY\nza2LXg+uWY1Es+Dmt+PsgFCC/zLBVWE+3sapg1ecNHq7RwZNfMchrvX3OvHXXejk\nYfGC7y3rXdklxXKDLILoyGirHolUWLiiMBU0kymBAoIBAHXmo+7q+dJGReucO/zH\ncF8OXqC8g1Iovl+8seFS7f9R3M98mNXhxH8MzjFqQULnSHqyKoNb7+Yri+1UwIhH\nUFPY4t6hZG9tPR0oQu+uIa+gLXKmcJvp/8+jA/GnT570y0Wdpu1JERMOnCMw21YL\nZKSFPzNbHirpWFevWmLn5vupCFb7xnp/iSs+LKFH1O6Q+fVQOiNONxyni9o1lLKG\nG/Da8OIPDBva7miBUQqaoaLl/QGeyYmEqUskaORHkBd6f3PlrC/s4iPkg8xsxiwr\nTCsHlN8LNotXmQCnhccdc7jF9mVkhu28Ksps8YTSgRUBTer93Zvmhtvad+Trcm7q\n9/8CggEBAKYUur8Bw7csW2zIV/OJZeip2BcaeaWTFH1/4/dXGcOZXPPJhvZOV3XJ\nw6QnE8AvY7D8XFwf7p64jnhOfK0yX34NfDGf7ktEXYipq9euFs5s5gH0Ecs5vN2P\n/s02/Yf+X2l9r3cHppk+OzC9uZRu1xYOwt7C0mztTj7TrPQObytES47nbI0oMD1r\nBT3aptru1SiQvEq2oaXtDNbB24dX85C8M3kNtaVOBf80nU0chajZPYKbLblergdr\nh+cTnl+QrDSA6jo65/K0XSQBFuGxAvqXuR4m2XoLpxoTiZS1DP0MD30trLkeMsjg\nOLmVCTkeyVSLRH5H9aThWJtOHaD7uZc=\n-----END PRIVATE KEY-----\n",
            "public_key_fingerprint_md5": "09:89:fa:5f:56:4a:9c:3e:25:1c:22:f0:ac:fc:48:5d",
            "public_key_fingerprint_sha256": "SHA256:m6lfLIA5yJ7JEBLrBSiqbI7bdym5h8eR8NoZE/PBagw",
            "public_key_openssh": "ssh-rsa AAAAB3NzaC1yc2EAAAADAQABAAACAQDF873jy1Cq4AnowQwpT7qCzn2C1egcYOfrmHK8zcrGzTtb292tMltsHl+kQd8oucU2Vu14n6LRQi29VciHzgESx0pznwU6bdbW9bpZ79NGy5Y1Vbhc56aShyk0zGdD6iefIdq9wWsJPYJhkhlnhCQOsMQCl4qXx/376j8DZH+vJp8Cg1flxldnZQe2AoS6I7R6GCIX9/nvi90s4ad/wW8KxMyS//Hzdg5kU2nOdfjxsq0RvzjkSwJQzo2xF2fExK24S/V1EJk7I68k41OoiTNhfkI5tm6f0TOVaDrQmF+nd8YeYmEEzxEmQyZK2ZBp/D6DP9137bNO5TMRB74/TwrKstIanxPZOY743qBfoNgFsSXGaqzVdQ2TUhe1q6bxI2My24LCFyjL3IwmyTpxdrrpTtFQwhzWQVpYwM3ingi4Kyff+uEARhgT+2blJ1nRWtnLc5p4F87vVpmKv6cRv0b7B8t2ksjhBvy429/KBq1Mawn4SAprDW5GiReHMbUGDErftuvq5eTxFT8Gi87omX8U5oWkbIbQrZ+S8I3u4Cv7dGdPxK7qk4g6PcpYMrs3/fXEMGHyCVBsyG1SxvsO7GMI8BAmSpOfkIAV2oj9spKumEku7eRk3Z9krVsIXtPMknqasyxYXI0r+Wf+jK8EnCfoluZ7lycV6bycACXTRFEiew==\n",
            "public_key_pem": "-----BEGIN PUBLIC KEY-----\nMIICIjANBgkqhkiG9w0BAQEFAAOCAg8AMIICCgKCAgEAxfO948tQquAJ6MEMKU+6\ngs59gtXoHGDn65hyvM3Kxs07W9vdrTJbbB5fpEHfKLnFNlbteJ+i0UItvVXIh84B\nEsdKc58FOm3W1vW6We/TRsuWNVW4XOemkocpNMxnQ+onnyHavcFrCT2CYZIZZ4Qk\nDrDEApeKl8f9++o/A2R/ryafAoNX5cZXZ2UHtgKEuiO0ehgiF/f574vdLOGnf8Fv\nCsTMkv/x83YOZFNpznX48bKtEb845EsCUM6NsRdnxMStuEv1dRCZOyOvJONTqIkz\nYX5CObZun9EzlWg60Jhfp3fGHmJhBM8RJkMmStmQafw+gz/dd+2zTuUzEQe+P08K\nyrLSGp8T2TmO+N6gX6DYBbElxmqs1XUNk1IXtaum8SNjMtuCwhcoy9yMJsk6cXa6\n6U7RUMIc1kFaWMDN4p4IuCsn3/rhAEYYE/tm5SdZ0VrZy3OaeBfO71aZir+nEb9G\n+wfLdpLI4Qb8uNvfygatTGsJ+EgKaw1uRokXhzG1BgxK37br6uXk8RU/BovO6Jl/\nFOaFpGyG0K2fkvCN7uAr+3RnT8Su6pOIOj3KWDK7N/31xDBh8glQbMhtUsb7Duxj\nCPAQJkqTn5CAFdqI/bKSrphJLu3kZN2fZK1bCF7TzJJ6mrMsWFyNK/ln/oyvBJwn\n6Jbme5cnFem8nAAl00RRInsCAwEAAQ==\n-----END PUBLIC KEY-----\n",
            "rsa_bits": 4096
          },
          "sensitive_attributes": []
        }
      ]
    }
  ],
  "check_results": null
}
